{
  "pins" : [
    {
      "identity" : "maplibre-gl-native-distribution",
      "kind" : "remoteSourceControl",
      "location" : "https://github.com/maplibre/maplibre-gl-native-distribution.git",
      "state" : {
        "revision" : "92505cfbad5c5ed6a93e0f3cd70872aaa98a12ac",
        "version" : "6.2.0"
      }
    },
    {
      "identity" : "maplibre-swift-macros",
      "kind" : "remoteSourceControl",
      "location" : "https://github.com/stadiamaps/maplibre-swift-macros.git",
      "state" : {
        "branch" : "main",
        "revision" : "b8deecb8adc3b911de311ead5a13b98fbf2d7824"
      }
    },
    {
      "identity" : "maplibre-swiftui-dsl-playground",
      "kind" : "remoteSourceControl",
      "location" : "https://github.com/hactar/maplibre-swiftui-dsl-playground.git",
      "state" : {
        "branch" : "enhancement/camera-bounding-box",
        "revision" : "9c78e13710f8d32b13ea533fbe7491b5790aedd6"
      }
    },
    {
      "identity" : "mockable",
      "kind" : "remoteSourceControl",
      "location" : "https://github.com/Kolos65/Mockable.git",
      "state" : {
        "revision" : "7af00c08880d375f2742ca55705abd69837fe6c3",
        "version" : "0.0.2"
      }
    },
    {
      "identity" : "sfsafesymbols",
      "kind" : "remoteSourceControl",
      "location" : "https://github.com/SFSafeSymbols/SFSafeSymbols.git",
      "state" : {
        "revision" : "7cca2d60925876b5953a2cf7341cd80fbeac983c",
        "version" : "4.1.1"
      }
    },
    {
      "identity" : "swift-syntax",
      "kind" : "remoteSourceControl",
      "location" : "https://github.com/apple/swift-syntax.git",
      "state" : {
        "revision" : "6ad4ea24b01559dde0773e3d091f1b9e36175036",
        "version" : "509.0.2"
      }
    },
    {
      "identity" : "swiftlintplugin",
      "kind" : "remoteSourceControl",
      "location" : "https://github.com/lukepistrol/SwiftLintPlugin.git",
      "state" : {
        "branch" : "main",
        "revision" : "e5dcdd16e3aaefd5945cfc2fd84a0bd802802d0e"
      }
    },
    {
      "identity" : "swiftlocation",
      "kind" : "remoteSourceControl",
      "location" : "https://github.com/hactar/SwiftLocation.git",
      "state" : {
        "branch" : "master",
        "revision" : "8ecfda131311c4019e7e0bed0ef91297ad81994b"
      }
    }
  ],
  "version" : 2
}
