// !$*UTF8*$!
{
	archiveVersion = 1;
	classes = {
	};
	objectVersion = 60;
	objects = {

/* Begin PBXBuildFile section */
		01CE15C8D3AE81FF4982F21C /* SearchSheet.swift in Sources */ = {isa = PBXBuildFile; fileRef = DF6A440B8E1A4D088A7F38BF /* SearchSheet.swift */; };
		1BB69DF95208C542E1B687DF /* ProviderButton.swift in Sources */ = {isa = PBXBuildFile; fileRef = 6E825A251C71AF6F93DF0C29 /* ProviderButton.swift */; };
		33589DA0974EBF761082DF6B /* POIDetailSheet.swift in Sources */ = {isa = PBXBuildFile; fileRef = 007CF1E6E5E752BA06003788 /* POIDetailSheet.swift */; };
		81DBA484103DCC5F3F5BF435 /* CaseIterable.swift in Sources */ = {isa = PBXBuildFile; fileRef = 399B3BCB097127A460F4081C /* CaseIterable.swift */; };
		90CBC0422B832390009ADD79 /* DirectionsSummaryView.swift in Sources */ = {isa = PBXBuildFile; fileRef = 90CBC0412B83238F009ADD79 /* DirectionsSummaryView.swift */; };
		90CBC0492B8362E3009ADD79 /* DirectionPreviewData.swift in Sources */ = {isa = PBXBuildFile; fileRef = 90CBC0482B8362E3009ADD79 /* DirectionPreviewData.swift */; };
		A5AF982C0CAE3C5501EF2358 /* LocationStatus.swift in Sources */ = {isa = PBXBuildFile; fileRef = C0A695DB7604A3A9FCAEA3C8 /* LocationStatus.swift */; };
		CB396FF62B7C134500CF9D59 /* CategoriesBannerView.swift in Sources */ = {isa = PBXBuildFile; fileRef = CB396FF52B7C134500CF9D59 /* CategoriesBannerView.swift */; };
		CB396FF82B7C1A4900CF9D59 /* CatagoryBannerData.swift in Sources */ = {isa = PBXBuildFile; fileRef = CB396FF72B7C1A4900CF9D59 /* CatagoryBannerData.swift */; };
		CB396FFD2B7C1C6D00CF9D59 /* ButtonsStyle.swift in Sources */ = {isa = PBXBuildFile; fileRef = CB396FFC2B7C1C6D00CF9D59 /* ButtonsStyle.swift */; };
		CB3970062B81F4C300CF9D59 /* MapLayersView.swift in Sources */ = {isa = PBXBuildFile; fileRef = CB3970052B81F4C300CF9D59 /* MapLayersView.swift */; };
		CB39700B2B81F52C00CF9D59 /* MapLayersData.swift in Sources */ = {isa = PBXBuildFile; fileRef = CB39700A2B81F52C00CF9D59 /* MapLayersData.swift */; };
		CB3970112B83429200CF9D59 /* MainLayersView.swift in Sources */ = {isa = PBXBuildFile; fileRef = CB3970102B83429200CF9D59 /* MainLayersView.swift */; };
		CB3970382B85E87300CF9D59 /* PoiTileView.swift in Sources */ = {isa = PBXBuildFile; fileRef = CB3970372B85E87300CF9D59 /* PoiTileView.swift */; };
		CB39703C2B85E8B100CF9D59 /* PoiTileData.swift in Sources */ = {isa = PBXBuildFile; fileRef = CB39703B2B85E8B100CF9D59 /* PoiTileData.swift */; };
		CB3970412B85EE8300CF9D59 /* PoiTileGridView.swift in Sources */ = {isa = PBXBuildFile; fileRef = CB3970402B85EE8300CF9D59 /* PoiTileGridView.swift */; };
		CD59BD4A2B762CB7002C14F6 /* SearchResultItem.swift in Sources */ = {isa = PBXBuildFile; fileRef = CD59BD492B762CB7002C14F6 /* SearchResultItem.swift */; };
		CD59BD4C2B768FAB002C14F6 /* DictionaryView.swift in Sources */ = {isa = PBXBuildFile; fileRef = CD59BD4B2B768FAB002C14F6 /* DictionaryView.swift */; };
		CD59BD712B7CD967002C14F6 /* SFSafeSymbols in Frameworks */ = {isa = PBXBuildFile; productRef = CD59BD702B7CD967002C14F6 /* SFSafeSymbols */; };
		CDAE05482B681261003E5196 /* HudHudApp.swift in Sources */ = {isa = PBXBuildFile; fileRef = CDAE05472B681261003E5196 /* HudHudApp.swift */; };
		CDAE054A2B681261003E5196 /* ContentView.swift in Sources */ = {isa = PBXBuildFile; fileRef = CDAE05492B681261003E5196 /* ContentView.swift */; };
		CDAE054C2B681263003E5196 /* Assets.xcassets in Resources */ = {isa = PBXBuildFile; fileRef = CDAE054B2B681263003E5196 /* Assets.xcassets */; };
		CDAE054F2B681263003E5196 /* Preview Assets.xcassets in Resources */ = {isa = PBXBuildFile; fileRef = CDAE054E2B681263003E5196 /* Preview Assets.xcassets */; };
		CDAE05592B681263003E5196 /* HudHudTests.swift in Sources */ = {isa = PBXBuildFile; fileRef = CDAE05582B681263003E5196 /* HudHudTests.swift */; };
		CDAE05632B681263003E5196 /* HudHudUITests.swift in Sources */ = {isa = PBXBuildFile; fileRef = CDAE05622B681263003E5196 /* HudHudUITests.swift */; };
		CDAE05A82B69358E003E5196 /* Terrain.json in Resources */ = {isa = PBXBuildFile; fileRef = CDAE05A72B69358E003E5196 /* Terrain.json */; };
		CDAE05EC2B6A87B4003E5196 /* SwiftLocation in Frameworks */ = {isa = PBXBuildFile; productRef = CDAE05EB2B6A87B4003E5196 /* SwiftLocation */; };
		CDAE05F02B6A8AED003E5196 /* Riyadh.gpx in Resources */ = {isa = PBXBuildFile; fileRef = CDAE05EF2B6A8AED003E5196 /* Riyadh.gpx */; };
		CDAE05F32B6AC131003E5196 /* MapLibreSwiftDSL in Frameworks */ = {isa = PBXBuildFile; productRef = CDAE05F22B6AC131003E5196 /* MapLibreSwiftDSL */; };
		CDAE05F52B6AC131003E5196 /* MapLibreSwiftUI in Frameworks */ = {isa = PBXBuildFile; productRef = CDAE05F42B6AC131003E5196 /* MapLibreSwiftUI */; };
		CDAE06002B6BDC5A003E5196 /* ApplePOI in Frameworks */ = {isa = PBXBuildFile; productRef = CDAE05FF2B6BDC5A003E5196 /* ApplePOI */; };
		CDAE06022B6BDC5A003E5196 /* POIService in Frameworks */ = {isa = PBXBuildFile; productRef = CDAE06012B6BDC5A003E5196 /* POIService */; };
		CDAE06042B6BDC5A003E5196 /* ToursprungPOI in Frameworks */ = {isa = PBXBuildFile; productRef = CDAE06032B6BDC5A003E5196 /* ToursprungPOI */; };
		D92570A76E49CBBBE8888854 /* CurrentLocationButton.swift in Sources */ = {isa = PBXBuildFile; fileRef = 47261C3992C3EF31C3C8615D /* CurrentLocationButton.swift */; };
		FB007D5D865AD359A22A793A /* SearchViewStore.swift in Sources */ = {isa = PBXBuildFile; fileRef = 4B15EB5A88EA360C3403F58C /* SearchViewStore.swift */; };
/* End PBXBuildFile section */

/* Begin PBXContainerItemProxy section */
		CDAE05552B681263003E5196 /* PBXContainerItemProxy */ = {
			isa = PBXContainerItemProxy;
			containerPortal = CDAE053C2B681261003E5196 /* Project object */;
			proxyType = 1;
			remoteGlobalIDString = CDAE05432B681261003E5196;
			remoteInfo = HudHud;
		};
		CDAE055F2B681263003E5196 /* PBXContainerItemProxy */ = {
			isa = PBXContainerItemProxy;
			containerPortal = CDAE053C2B681261003E5196 /* Project object */;
			proxyType = 1;
			remoteGlobalIDString = CDAE05432B681261003E5196;
			remoteInfo = HudHud;
		};
/* End PBXContainerItemProxy section */

/* Begin PBXFileReference section */
		007CF1E6E5E752BA06003788 /* POIDetailSheet.swift */ = {isa = PBXFileReference; fileEncoding = 4; lastKnownFileType = sourcecode.swift; path = POIDetailSheet.swift; sourceTree = "<group>"; };
		399B3BCB097127A460F4081C /* CaseIterable.swift */ = {isa = PBXFileReference; lastKnownFileType = sourcecode.swift; path = CaseIterable.swift; sourceTree = "<group>"; };
		47261C3992C3EF31C3C8615D /* CurrentLocationButton.swift */ = {isa = PBXFileReference; fileEncoding = 4; lastKnownFileType = sourcecode.swift; path = CurrentLocationButton.swift; sourceTree = "<group>"; };
		4B15EB5A88EA360C3403F58C /* SearchViewStore.swift */ = {isa = PBXFileReference; fileEncoding = 4; lastKnownFileType = sourcecode.swift; path = SearchViewStore.swift; sourceTree = "<group>"; };
		6E825A251C71AF6F93DF0C29 /* ProviderButton.swift */ = {isa = PBXFileReference; lastKnownFileType = sourcecode.swift; path = ProviderButton.swift; sourceTree = "<group>"; };
		759B7FEF0394ACDE7E904B12 /* HudHud.xctestplan */ = {isa = PBXFileReference; lastKnownFileType = text; path = HudHud.xctestplan; sourceTree = "<group>"; };
		90CBC0412B83238F009ADD79 /* DirectionsSummaryView.swift */ = {isa = PBXFileReference; fileEncoding = 4; lastKnownFileType = sourcecode.swift; path = DirectionsSummaryView.swift; sourceTree = "<group>"; };
		90CBC0482B8362E3009ADD79 /* DirectionPreviewData.swift */ = {isa = PBXFileReference; fileEncoding = 4; lastKnownFileType = sourcecode.swift; path = DirectionPreviewData.swift; sourceTree = "<group>"; };
		912B1ACD8511E9B4FB445AD7 /* Info.plist */ = {isa = PBXFileReference; lastKnownFileType = text.plist; path = Info.plist; sourceTree = "<group>"; };
		C0A695DB7604A3A9FCAEA3C8 /* LocationStatus.swift */ = {isa = PBXFileReference; lastKnownFileType = sourcecode.swift; path = LocationStatus.swift; sourceTree = "<group>"; };
		CB396FF52B7C134500CF9D59 /* CategoriesBannerView.swift */ = {isa = PBXFileReference; fileEncoding = 4; lastKnownFileType = sourcecode.swift; path = CategoriesBannerView.swift; sourceTree = "<group>"; };
		CB396FF72B7C1A4900CF9D59 /* CatagoryBannerData.swift */ = {isa = PBXFileReference; fileEncoding = 4; lastKnownFileType = sourcecode.swift; path = CatagoryBannerData.swift; sourceTree = "<group>"; };
		CB396FFC2B7C1C6D00CF9D59 /* ButtonsStyle.swift */ = {isa = PBXFileReference; fileEncoding = 4; lastKnownFileType = sourcecode.swift; path = ButtonsStyle.swift; sourceTree = "<group>"; };
		CB3970052B81F4C300CF9D59 /* MapLayersView.swift */ = {isa = PBXFileReference; fileEncoding = 4; lastKnownFileType = sourcecode.swift; path = MapLayersView.swift; sourceTree = "<group>"; };
		CB39700A2B81F52C00CF9D59 /* MapLayersData.swift */ = {isa = PBXFileReference; fileEncoding = 4; lastKnownFileType = sourcecode.swift; path = MapLayersData.swift; sourceTree = "<group>"; };
		CB3970102B83429200CF9D59 /* MainLayersView.swift */ = {isa = PBXFileReference; fileEncoding = 4; lastKnownFileType = sourcecode.swift; path = MainLayersView.swift; sourceTree = "<group>"; };
		CB3970372B85E87300CF9D59 /* PoiTileView.swift */ = {isa = PBXFileReference; lastKnownFileType = sourcecode.swift; path = PoiTileView.swift; sourceTree = "<group>"; };
		CB39703B2B85E8B100CF9D59 /* PoiTileData.swift */ = {isa = PBXFileReference; lastKnownFileType = sourcecode.swift; path = PoiTileData.swift; sourceTree = "<group>"; };
		CB3970402B85EE8300CF9D59 /* PoiTileGridView.swift */ = {isa = PBXFileReference; lastKnownFileType = sourcecode.swift; path = PoiTileGridView.swift; sourceTree = "<group>"; };
		CD59BD492B762CB7002C14F6 /* SearchResultItem.swift */ = {isa = PBXFileReference; fileEncoding = 4; lastKnownFileType = sourcecode.swift; path = SearchResultItem.swift; sourceTree = "<group>"; };
		CD59BD4B2B768FAB002C14F6 /* DictionaryView.swift */ = {isa = PBXFileReference; fileEncoding = 4; lastKnownFileType = sourcecode.swift; path = DictionaryView.swift; sourceTree = "<group>"; };
		CDAE05442B681261003E5196 /* HudHud.app */ = {isa = PBXFileReference; explicitFileType = wrapper.application; includeInIndex = 0; path = HudHud.app; sourceTree = BUILT_PRODUCTS_DIR; };
		CDAE05472B681261003E5196 /* HudHudApp.swift */ = {isa = PBXFileReference; fileEncoding = 4; lastKnownFileType = sourcecode.swift; path = HudHudApp.swift; sourceTree = "<group>"; };
		CDAE05492B681261003E5196 /* ContentView.swift */ = {isa = PBXFileReference; fileEncoding = 4; lastKnownFileType = sourcecode.swift; path = ContentView.swift; sourceTree = "<group>"; };
		CDAE054B2B681263003E5196 /* Assets.xcassets */ = {isa = PBXFileReference; lastKnownFileType = folder.assetcatalog; path = Assets.xcassets; sourceTree = "<group>"; };
		CDAE054E2B681263003E5196 /* Preview Assets.xcassets */ = {isa = PBXFileReference; lastKnownFileType = folder.assetcatalog; path = "Preview Assets.xcassets"; sourceTree = "<group>"; };
		CDAE05542B681263003E5196 /* HudHudTests.xctest */ = {isa = PBXFileReference; explicitFileType = wrapper.cfbundle; includeInIndex = 0; path = HudHudTests.xctest; sourceTree = BUILT_PRODUCTS_DIR; };
		CDAE05582B681263003E5196 /* HudHudTests.swift */ = {isa = PBXFileReference; lastKnownFileType = sourcecode.swift; path = HudHudTests.swift; sourceTree = "<group>"; };
		CDAE055E2B681263003E5196 /* HudHudUITests.xctest */ = {isa = PBXFileReference; explicitFileType = wrapper.cfbundle; includeInIndex = 0; path = HudHudUITests.xctest; sourceTree = BUILT_PRODUCTS_DIR; };
		CDAE05622B681263003E5196 /* HudHudUITests.swift */ = {isa = PBXFileReference; lastKnownFileType = sourcecode.swift; path = HudHudUITests.swift; sourceTree = "<group>"; };
		CDAE05A72B69358E003E5196 /* Terrain.json */ = {isa = PBXFileReference; fileEncoding = 4; lastKnownFileType = text.json; path = Terrain.json; sourceTree = "<group>"; };
		CDAE05EF2B6A8AED003E5196 /* Riyadh.gpx */ = {isa = PBXFileReference; fileEncoding = 4; lastKnownFileType = text.xml; path = Riyadh.gpx; sourceTree = "<group>"; };
		CDF4A6CE2B7E3D98001B3CD7 /* POIService */ = {isa = PBXFileReference; lastKnownFileType = wrapper; path = POIService; sourceTree = "<group>"; };
		DF6A440B8E1A4D088A7F38BF /* SearchSheet.swift */ = {isa = PBXFileReference; fileEncoding = 4; lastKnownFileType = sourcecode.swift; path = SearchSheet.swift; sourceTree = "<group>"; };
/* End PBXFileReference section */

/* Begin PBXFrameworksBuildPhase section */
		CDAE05412B681261003E5196 /* Frameworks */ = {
			isa = PBXFrameworksBuildPhase;
			buildActionMask = 2147483647;
			files = (
				CDAE05F32B6AC131003E5196 /* MapLibreSwiftDSL in Frameworks */,
				CDAE06022B6BDC5A003E5196 /* POIService in Frameworks */,
				CDAE06002B6BDC5A003E5196 /* ApplePOI in Frameworks */,
				CDAE05F52B6AC131003E5196 /* MapLibreSwiftUI in Frameworks */,
				CDAE05EC2B6A87B4003E5196 /* SwiftLocation in Frameworks */,
				CD59BD712B7CD967002C14F6 /* SFSafeSymbols in Frameworks */,
				CDAE06042B6BDC5A003E5196 /* ToursprungPOI in Frameworks */,
			);
			runOnlyForDeploymentPostprocessing = 0;
		};
		CDAE05512B681263003E5196 /* Frameworks */ = {
			isa = PBXFrameworksBuildPhase;
			buildActionMask = 2147483647;
			files = (
			);
			runOnlyForDeploymentPostprocessing = 0;
		};
		CDAE055B2B681263003E5196 /* Frameworks */ = {
			isa = PBXFrameworksBuildPhase;
			buildActionMask = 2147483647;
			files = (
			);
			runOnlyForDeploymentPostprocessing = 0;
		};
/* End PBXFrameworksBuildPhase section */

/* Begin PBXGroup section */
		14EB9DF8741B47192AE67646 /* CategoriesBanner */ = {
			isa = PBXGroup;
			children = (
				CB396FF72B7C1A4900CF9D59 /* CatagoryBannerData.swift */,
				CB396FF52B7C134500CF9D59 /* CategoriesBannerView.swift */,
			);
			path = CategoriesBanner;
			sourceTree = "<group>";
		};
		AA1E80A95AFCDC7507E3B613 /* Navigation */ = {
			isa = PBXGroup;
			children = (
				90CBC0412B83238F009ADD79 /* DirectionsSummaryView.swift */,
				90CBC0482B8362E3009ADD79 /* DirectionPreviewData.swift */,
			);
			path = Navigation;
			sourceTree = "<group>";
		};
		AC313C27FE655AA88C1E9F69 /* Model */ = {
			isa = PBXGroup;
			children = (
				4B15EB5A88EA360C3403F58C /* SearchViewStore.swift */,
			);
			path = Model;
			sourceTree = "<group>";
		};
		CB396FFE2B7C1C7300CF9D59 /* UIStyle */ = {
			isa = PBXGroup;
			children = (
				CB396FFC2B7C1C6D00CF9D59 /* ButtonsStyle.swift */,
			);
			path = UIStyle;
			sourceTree = "<group>";
		};
		CB3970392B85E87700CF9D59 /* PoiTile */ = {
			isa = PBXGroup;
			children = (
				CB3970372B85E87300CF9D59 /* PoiTileView.swift */,
				CB3970402B85EE8300CF9D59 /* PoiTileGridView.swift */,
				CB39703B2B85E8B100CF9D59 /* PoiTileData.swift */,
			);
			path = PoiTile;
			sourceTree = "<group>";
		};
		CDAE053B2B681261003E5196 = {
			isa = PBXGroup;
			children = (
				CDF4A6CE2B7E3D98001B3CD7 /* POIService */,
				CDAE05462B681261003E5196 /* HudHud */,
				CDAE05572B681263003E5196 /* HudHudTests */,
				CDAE05612B681263003E5196 /* HudHudUITests */,
				CDAE05452B681261003E5196 /* Products */,
				CDAE05832B691564003E5196 /* Frameworks */,
				759B7FEF0394ACDE7E904B12 /* HudHud.xctestplan */,
			);
			sourceTree = "<group>";
			usesTabs = 1;
		};
		CDAE05452B681261003E5196 /* Products */ = {
			isa = PBXGroup;
			children = (
				CDAE05442B681261003E5196 /* HudHud.app */,
				CDAE05542B681263003E5196 /* HudHudTests.xctest */,
				CDAE055E2B681263003E5196 /* HudHudUITests.xctest */,
			);
			name = Products;
			sourceTree = "<group>";
		};
		CDAE05462B681261003E5196 /* HudHud */ = {
			isa = PBXGroup;
			children = (
				CB3970392B85E87700CF9D59 /* PoiTile */,
				CB396FFE2B7C1C7300CF9D59 /* UIStyle */,
				CDAE054D2B681263003E5196 /* Preview Content */,
				E7744EF283A09BCBB542C54E /* Extensions */,
				D14C3F8A5C428C7F0A18A65A /* Views */,
				AC313C27FE655AA88C1E9F69 /* Model */,
				FB53CF8783EC95AF1ECE21DD /* Supporting Files */,
				912B1ACD8511E9B4FB445AD7 /* Info.plist */,
			);
			path = HudHud;
			sourceTree = "<group>";
		};
		CDAE054D2B681263003E5196 /* Preview Content */ = {
			isa = PBXGroup;
			children = (
				CDAE05EF2B6A8AED003E5196 /* Riyadh.gpx */,
				CDAE054E2B681263003E5196 /* Preview Assets.xcassets */,
			);
			path = "Preview Content";
			sourceTree = "<group>";
		};
		CDAE05572B681263003E5196 /* HudHudTests */ = {
			isa = PBXGroup;
			children = (
				CDAE05582B681263003E5196 /* HudHudTests.swift */,
			);
			path = HudHudTests;
			sourceTree = "<group>";
		};
		CDAE05612B681263003E5196 /* HudHudUITests */ = {
			isa = PBXGroup;
			children = (
				CDAE05622B681263003E5196 /* HudHudUITests.swift */,
			);
			path = HudHudUITests;
			sourceTree = "<group>";
		};
		CDAE05832B691564003E5196 /* Frameworks */ = {
			isa = PBXGroup;
			children = (
			);
			name = Frameworks;
			sourceTree = "<group>";
		};
		D14C3F8A5C428C7F0A18A65A /* Views */ = {
			isa = PBXGroup;
			children = (
				14EB9DF8741B47192AE67646 /* CategoriesBanner */,
				EA1DDF0CC8C6FE9D396004B2 /* MapLayers */,
				AA1E80A95AFCDC7507E3B613 /* Navigation */,
				CDAE05472B681261003E5196 /* HudHudApp.swift */,
				CDAE05492B681261003E5196 /* ContentView.swift */,
				47261C3992C3EF31C3C8615D /* CurrentLocationButton.swift */,
				CD59BD4B2B768FAB002C14F6 /* DictionaryView.swift */,
				007CF1E6E5E752BA06003788 /* POIDetailSheet.swift */,
				CD59BD492B762CB7002C14F6 /* SearchResultItem.swift */,
				DF6A440B8E1A4D088A7F38BF /* SearchSheet.swift */,
				6E825A251C71AF6F93DF0C29 /* ProviderButton.swift */,
			);
			path = Views;
			sourceTree = "<group>";
		};
		E7744EF283A09BCBB542C54E /* Extensions */ = {
			isa = PBXGroup;
			children = (
				399B3BCB097127A460F4081C /* CaseIterable.swift */,
				C0A695DB7604A3A9FCAEA3C8 /* LocationStatus.swift */,
			);
			path = Extensions;
			sourceTree = "<group>";
		};
		EA1DDF0CC8C6FE9D396004B2 /* MapLayers */ = {
			isa = PBXGroup;
			children = (
				CB3970052B81F4C300CF9D59 /* MapLayersView.swift */,
				CB39700A2B81F52C00CF9D59 /* MapLayersData.swift */,
				CB3970102B83429200CF9D59 /* MainLayersView.swift */,
			);
			path = MapLayers;
			sourceTree = "<group>";
		};
		FB53CF8783EC95AF1ECE21DD /* Supporting Files */ = {
			isa = PBXGroup;
			children = (
				CDAE054B2B681263003E5196 /* Assets.xcassets */,
				CDAE05A72B69358E003E5196 /* Terrain.json */,
			);
			path = "Supporting Files";
			sourceTree = "<group>";
		};
/* End PBXGroup section */

/* Begin PBXNativeTarget section */
		CDAE05432B681261003E5196 /* HudHud */ = {
			isa = PBXNativeTarget;
			buildConfigurationList = CDAE05682B681263003E5196 /* Build configuration list for PBXNativeTarget "HudHud" */;
			buildPhases = (
				CDAE05402B681261003E5196 /* Sources */,
				CDAE05412B681261003E5196 /* Frameworks */,
				CDAE05422B681261003E5196 /* Resources */,
			);
			buildRules = (
			);
			dependencies = (
				CD7C78472B8DFD06004BC148 /* PBXTargetDependency */,
			);
			name = HudHud;
			packageProductDependencies = (
				CDAE05EB2B6A87B4003E5196 /* SwiftLocation */,
				CDAE05F22B6AC131003E5196 /* MapLibreSwiftDSL */,
				CDAE05F42B6AC131003E5196 /* MapLibreSwiftUI */,
				CDAE05FF2B6BDC5A003E5196 /* ApplePOI */,
				CDAE06012B6BDC5A003E5196 /* POIService */,
				CDAE06032B6BDC5A003E5196 /* ToursprungPOI */,
				CD59BD702B7CD967002C14F6 /* SFSafeSymbols */,
			);
			productName = HudHud;
			productReference = CDAE05442B681261003E5196 /* HudHud.app */;
			productType = "com.apple.product-type.application";
		};
		CDAE05532B681263003E5196 /* HudHudTests */ = {
			isa = PBXNativeTarget;
			buildConfigurationList = CDAE056B2B681263003E5196 /* Build configuration list for PBXNativeTarget "HudHudTests" */;
			buildPhases = (
				CDAE05502B681263003E5196 /* Sources */,
				CDAE05512B681263003E5196 /* Frameworks */,
				CDAE05522B681263003E5196 /* Resources */,
			);
			buildRules = (
			);
			dependencies = (
				CDAE05562B681263003E5196 /* PBXTargetDependency */,
			);
			name = HudHudTests;
			productName = HudHudTests;
			productReference = CDAE05542B681263003E5196 /* HudHudTests.xctest */;
			productType = "com.apple.product-type.bundle.unit-test";
		};
		CDAE055D2B681263003E5196 /* HudHudUITests */ = {
			isa = PBXNativeTarget;
			buildConfigurationList = CDAE056E2B681263003E5196 /* Build configuration list for PBXNativeTarget "HudHudUITests" */;
			buildPhases = (
				CDAE055A2B681263003E5196 /* Sources */,
				CDAE055B2B681263003E5196 /* Frameworks */,
				CDAE055C2B681263003E5196 /* Resources */,
			);
			buildRules = (
			);
			dependencies = (
				CDAE05602B681263003E5196 /* PBXTargetDependency */,
			);
			name = HudHudUITests;
			productName = HudHudUITests;
			productReference = CDAE055E2B681263003E5196 /* HudHudUITests.xctest */;
			productType = "com.apple.product-type.bundle.ui-testing";
		};
/* End PBXNativeTarget section */

/* Begin PBXProject section */
		CDAE053C2B681261003E5196 /* Project object */ = {
			isa = PBXProject;
			attributes = {
				BuildIndependentTargetsInParallel = 1;
				LastSwiftUpdateCheck = 1520;
				LastUpgradeCheck = 1520;
				ORGANIZATIONNAME = HudHud;
				TargetAttributes = {
					CDAE05432B681261003E5196 = {
						CreatedOnToolsVersion = 15.2;
						LastSwiftMigration = 1520;
					};
					CDAE05532B681263003E5196 = {
						CreatedOnToolsVersion = 15.2;
						TestTargetID = CDAE05432B681261003E5196;
					};
					CDAE055D2B681263003E5196 = {
						CreatedOnToolsVersion = 15.2;
						TestTargetID = CDAE05432B681261003E5196;
					};
				};
			};
			buildConfigurationList = CDAE053F2B681261003E5196 /* Build configuration list for PBXProject "HudHud" */;
			compatibilityVersion = "Xcode 14.0";
			developmentRegion = en;
			hasScannedForEncodings = 0;
			knownRegions = (
				en,
				Base,
			);
			mainGroup = CDAE053B2B681261003E5196;
			packageReferences = (
				CDAE05EA2B6A87B4003E5196 /* XCRemoteSwiftPackageReference "SwiftLocation" */,
				CDAE05F12B6AC131003E5196 /* XCRemoteSwiftPackageReference "maplibre-swiftui-dsl-playground" */,
				CDAE05FE2B6BDC5A003E5196 /* XCLocalSwiftPackageReference "POIService" */,
				CD59BD6F2B7CD967002C14F6 /* XCRemoteSwiftPackageReference "SFSafeSymbols" */,
				47CE7903F25ADE4DA8C73F7F /* XCRemoteSwiftPackageReference "SwiftLint" */,
			);
			productRefGroup = CDAE05452B681261003E5196 /* Products */;
			projectDirPath = "";
			projectRoot = "";
			targets = (
				CDAE05432B681261003E5196 /* HudHud */,
				CDAE05532B681263003E5196 /* HudHudTests */,
				CDAE055D2B681263003E5196 /* HudHudUITests */,
			);
		};
/* End PBXProject section */

/* Begin PBXResourcesBuildPhase section */
		CDAE05422B681261003E5196 /* Resources */ = {
			isa = PBXResourcesBuildPhase;
			buildActionMask = 2147483647;
			files = (
				CDAE05F02B6A8AED003E5196 /* Riyadh.gpx in Resources */,
				CDAE05A82B69358E003E5196 /* Terrain.json in Resources */,
				CDAE054F2B681263003E5196 /* Preview Assets.xcassets in Resources */,
				CDAE054C2B681263003E5196 /* Assets.xcassets in Resources */,
			);
			runOnlyForDeploymentPostprocessing = 0;
		};
		CDAE05522B681263003E5196 /* Resources */ = {
			isa = PBXResourcesBuildPhase;
			buildActionMask = 2147483647;
			files = (
			);
			runOnlyForDeploymentPostprocessing = 0;
		};
		CDAE055C2B681263003E5196 /* Resources */ = {
			isa = PBXResourcesBuildPhase;
			buildActionMask = 2147483647;
			files = (
			);
			runOnlyForDeploymentPostprocessing = 0;
		};
/* End PBXResourcesBuildPhase section */

/* Begin PBXSourcesBuildPhase section */
		CDAE05402B681261003E5196 /* Sources */ = {
			isa = PBXSourcesBuildPhase;
			buildActionMask = 2147483647;
			files = (
				90CBC0422B832390009ADD79 /* DirectionsSummaryView.swift in Sources */,
				CB3970382B85E87300CF9D59 /* PoiTileView.swift in Sources */,
				CD59BD4C2B768FAB002C14F6 /* DictionaryView.swift in Sources */,
				CB3970412B85EE8300CF9D59 /* PoiTileGridView.swift in Sources */,
				CB396FF82B7C1A4900CF9D59 /* CatagoryBannerData.swift in Sources */,
				CB39700B2B81F52C00CF9D59 /* MapLayersData.swift in Sources */,
				CB39703C2B85E8B100CF9D59 /* PoiTileData.swift in Sources */,
				CB3970062B81F4C300CF9D59 /* MapLayersView.swift in Sources */,
				90CBC0492B8362E3009ADD79 /* DirectionPreviewData.swift in Sources */,
				CB3970112B83429200CF9D59 /* MainLayersView.swift in Sources */,
				CD59BD4A2B762CB7002C14F6 /* SearchResultItem.swift in Sources */,
				CB396FF62B7C134500CF9D59 /* CategoriesBannerView.swift in Sources */,
				CDAE054A2B681261003E5196 /* ContentView.swift in Sources */,
				CDAE05482B681261003E5196 /* HudHudApp.swift in Sources */,
				CB396FFD2B7C1C6D00CF9D59 /* ButtonsStyle.swift in Sources */,
				A5AF982C0CAE3C5501EF2358 /* LocationStatus.swift in Sources */,
				FB007D5D865AD359A22A793A /* SearchViewStore.swift in Sources */,
				81DBA484103DCC5F3F5BF435 /* CaseIterable.swift in Sources */,
				D92570A76E49CBBBE8888854 /* CurrentLocationButton.swift in Sources */,
				33589DA0974EBF761082DF6B /* POIDetailSheet.swift in Sources */,
				01CE15C8D3AE81FF4982F21C /* SearchSheet.swift in Sources */,
				1BB69DF95208C542E1B687DF /* ProviderButton.swift in Sources */,
			);
			runOnlyForDeploymentPostprocessing = 0;
		};
		CDAE05502B681263003E5196 /* Sources */ = {
			isa = PBXSourcesBuildPhase;
			buildActionMask = 2147483647;
			files = (
				CDAE05592B681263003E5196 /* HudHudTests.swift in Sources */,
			);
			runOnlyForDeploymentPostprocessing = 0;
		};
		CDAE055A2B681263003E5196 /* Sources */ = {
			isa = PBXSourcesBuildPhase;
			buildActionMask = 2147483647;
			files = (
				CDAE05632B681263003E5196 /* HudHudUITests.swift in Sources */,
			);
			runOnlyForDeploymentPostprocessing = 0;
		};
/* End PBXSourcesBuildPhase section */

/* Begin PBXTargetDependency section */
		CD7C78472B8DFD06004BC148 /* PBXTargetDependency */ = {
			isa = PBXTargetDependency;
			productRef = CD7C78462B8DFD06004BC148 /* SwiftLintPlugin */;
		};
		CDAE05562B681263003E5196 /* PBXTargetDependency */ = {
			isa = PBXTargetDependency;
			target = CDAE05432B681261003E5196 /* HudHud */;
			targetProxy = CDAE05552B681263003E5196 /* PBXContainerItemProxy */;
		};
		CDAE05602B681263003E5196 /* PBXTargetDependency */ = {
			isa = PBXTargetDependency;
			target = CDAE05432B681261003E5196 /* HudHud */;
			targetProxy = CDAE055F2B681263003E5196 /* PBXContainerItemProxy */;
		};
/* End PBXTargetDependency section */

/* Begin XCBuildConfiguration section */
		CDAE05662B681263003E5196 /* Debug */ = {
			isa = XCBuildConfiguration;
			buildSettings = {
				ALWAYS_SEARCH_USER_PATHS = NO;
				ASSETCATALOG_COMPILER_GENERATE_SWIFT_ASSET_SYMBOL_EXTENSIONS = YES;
				CLANG_ANALYZER_NONNULL = YES;
				CLANG_ANALYZER_NUMBER_OBJECT_CONVERSION = YES_AGGRESSIVE;
				CLANG_CXX_LANGUAGE_STANDARD = "gnu++20";
				CLANG_ENABLE_MODULES = YES;
				CLANG_ENABLE_OBJC_ARC = YES;
				CLANG_ENABLE_OBJC_WEAK = YES;
				CLANG_WARN_BLOCK_CAPTURE_AUTORELEASING = YES;
				CLANG_WARN_BOOL_CONVERSION = YES;
				CLANG_WARN_COMMA = YES;
				CLANG_WARN_CONSTANT_CONVERSION = YES;
				CLANG_WARN_DEPRECATED_OBJC_IMPLEMENTATIONS = YES;
				CLANG_WARN_DIRECT_OBJC_ISA_USAGE = YES_ERROR;
				CLANG_WARN_DOCUMENTATION_COMMENTS = YES;
				CLANG_WARN_EMPTY_BODY = YES;
				CLANG_WARN_ENUM_CONVERSION = YES;
				CLANG_WARN_INFINITE_RECURSION = YES;
				CLANG_WARN_INT_CONVERSION = YES;
				CLANG_WARN_NON_LITERAL_NULL_CONVERSION = YES;
				CLANG_WARN_OBJC_IMPLICIT_RETAIN_SELF = YES;
				CLANG_WARN_OBJC_LITERAL_CONVERSION = YES;
				CLANG_WARN_OBJC_ROOT_CLASS = YES_ERROR;
				CLANG_WARN_QUOTED_INCLUDE_IN_FRAMEWORK_HEADER = YES;
				CLANG_WARN_RANGE_LOOP_ANALYSIS = YES;
				CLANG_WARN_STRICT_PROTOTYPES = YES;
				CLANG_WARN_SUSPICIOUS_MOVE = YES;
				CLANG_WARN_UNGUARDED_AVAILABILITY = YES_AGGRESSIVE;
				CLANG_WARN_UNREACHABLE_CODE = YES;
				CLANG_WARN__DUPLICATE_METHOD_MATCH = YES;
				COPY_PHASE_STRIP = NO;
				CURRENT_PROJECT_VERSION = 1;
				DEBUG_INFORMATION_FORMAT = dwarf;
				ENABLE_STRICT_OBJC_MSGSEND = YES;
				ENABLE_TESTABILITY = YES;
				ENABLE_USER_SCRIPT_SANDBOXING = YES;
				GCC_C_LANGUAGE_STANDARD = gnu17;
				GCC_DYNAMIC_NO_PIC = NO;
				GCC_NO_COMMON_BLOCKS = YES;
				GCC_OPTIMIZATION_LEVEL = 0;
				GCC_PREPROCESSOR_DEFINITIONS = (
					"DEBUG=1",
					"$(inherited)",
				);
				GCC_WARN_64_TO_32_BIT_CONVERSION = YES;
				GCC_WARN_ABOUT_RETURN_TYPE = YES_ERROR;
				GCC_WARN_UNDECLARED_SELECTOR = YES;
				GCC_WARN_UNINITIALIZED_AUTOS = YES_AGGRESSIVE;
				GCC_WARN_UNUSED_FUNCTION = YES;
				GCC_WARN_UNUSED_VARIABLE = YES;
				GENERATE_INFOPLIST_FILE = YES;
				IPHONEOS_DEPLOYMENT_TARGET = 16.6;
				LOCALIZATION_PREFERS_STRING_CATALOGS = YES;
				MARKETING_VERSION = 1.0;
				MTL_ENABLE_DEBUG_INFO = INCLUDE_SOURCE;
				MTL_FAST_MATH = YES;
				ONLY_ACTIVE_ARCH = YES;
				SDKROOT = iphoneos;
				SWIFT_ACTIVE_COMPILATION_CONDITIONS = "DEBUG $(inherited)";
				SWIFT_OPTIMIZATION_LEVEL = "-Onone";
			};
			name = Debug;
		};
		CDAE05672B681263003E5196 /* Release */ = {
			isa = XCBuildConfiguration;
			buildSettings = {
				ALWAYS_SEARCH_USER_PATHS = NO;
				ASSETCATALOG_COMPILER_GENERATE_SWIFT_ASSET_SYMBOL_EXTENSIONS = YES;
				CLANG_ANALYZER_NONNULL = YES;
				CLANG_ANALYZER_NUMBER_OBJECT_CONVERSION = YES_AGGRESSIVE;
				CLANG_CXX_LANGUAGE_STANDARD = "gnu++20";
				CLANG_ENABLE_MODULES = YES;
				CLANG_ENABLE_OBJC_ARC = YES;
				CLANG_ENABLE_OBJC_WEAK = YES;
				CLANG_WARN_BLOCK_CAPTURE_AUTORELEASING = YES;
				CLANG_WARN_BOOL_CONVERSION = YES;
				CLANG_WARN_COMMA = YES;
				CLANG_WARN_CONSTANT_CONVERSION = YES;
				CLANG_WARN_DEPRECATED_OBJC_IMPLEMENTATIONS = YES;
				CLANG_WARN_DIRECT_OBJC_ISA_USAGE = YES_ERROR;
				CLANG_WARN_DOCUMENTATION_COMMENTS = YES;
				CLANG_WARN_EMPTY_BODY = YES;
				CLANG_WARN_ENUM_CONVERSION = YES;
				CLANG_WARN_INFINITE_RECURSION = YES;
				CLANG_WARN_INT_CONVERSION = YES;
				CLANG_WARN_NON_LITERAL_NULL_CONVERSION = YES;
				CLANG_WARN_OBJC_IMPLICIT_RETAIN_SELF = YES;
				CLANG_WARN_OBJC_LITERAL_CONVERSION = YES;
				CLANG_WARN_OBJC_ROOT_CLASS = YES_ERROR;
				CLANG_WARN_QUOTED_INCLUDE_IN_FRAMEWORK_HEADER = YES;
				CLANG_WARN_RANGE_LOOP_ANALYSIS = YES;
				CLANG_WARN_STRICT_PROTOTYPES = YES;
				CLANG_WARN_SUSPICIOUS_MOVE = YES;
				CLANG_WARN_UNGUARDED_AVAILABILITY = YES_AGGRESSIVE;
				CLANG_WARN_UNREACHABLE_CODE = YES;
				CLANG_WARN__DUPLICATE_METHOD_MATCH = YES;
				COPY_PHASE_STRIP = NO;
				CURRENT_PROJECT_VERSION = 1;
				DEBUG_INFORMATION_FORMAT = "dwarf-with-dsym";
				ENABLE_NS_ASSERTIONS = NO;
				ENABLE_STRICT_OBJC_MSGSEND = YES;
				ENABLE_USER_SCRIPT_SANDBOXING = YES;
				GCC_C_LANGUAGE_STANDARD = gnu17;
				GCC_NO_COMMON_BLOCKS = YES;
				GCC_WARN_64_TO_32_BIT_CONVERSION = YES;
				GCC_WARN_ABOUT_RETURN_TYPE = YES_ERROR;
				GCC_WARN_UNDECLARED_SELECTOR = YES;
				GCC_WARN_UNINITIALIZED_AUTOS = YES_AGGRESSIVE;
				GCC_WARN_UNUSED_FUNCTION = YES;
				GCC_WARN_UNUSED_VARIABLE = YES;
				GENERATE_INFOPLIST_FILE = YES;
				IPHONEOS_DEPLOYMENT_TARGET = 16.6;
				LOCALIZATION_PREFERS_STRING_CATALOGS = YES;
				MARKETING_VERSION = 1.0;
				MTL_ENABLE_DEBUG_INFO = NO;
				MTL_FAST_MATH = YES;
				SDKROOT = iphoneos;
				SWIFT_COMPILATION_MODE = wholemodule;
				VALIDATE_PRODUCT = YES;
			};
			name = Release;
		};
		CDAE05692B681263003E5196 /* Debug */ = {
			isa = XCBuildConfiguration;
			buildSettings = {
				ASSETCATALOG_COMPILER_APPICON_NAME = AppIcon;
				ASSETCATALOG_COMPILER_GLOBAL_ACCENT_COLOR_NAME = AccentColor;
				CLANG_ENABLE_MODULES = YES;
				CODE_SIGN_IDENTITY = "Apple Development";
				CODE_SIGN_STYLE = Automatic;
				DEVELOPMENT_ASSET_PATHS = "\"HudHud/Preview Content\"";
				DEVELOPMENT_TEAM = YN76B7J2LN;
				ENABLE_PREVIEWS = YES;
				INFOPLIST_FILE = HudHud/Info.plist;
				INFOPLIST_KEY_NSLocationAlwaysAndWhenInUseUsageDescription = "Allows HudHud to show your location on the map";
				INFOPLIST_KEY_NSLocationWhenInUseUsageDescription = "Allows HudHud to show your location on the map";
				INFOPLIST_KEY_UIApplicationSceneManifest_Generation = YES;
				INFOPLIST_KEY_UIApplicationSupportsIndirectInputEvents = YES;
				INFOPLIST_KEY_UILaunchScreen_Generation = YES;
				INFOPLIST_KEY_UISupportedInterfaceOrientations_iPad = "UIInterfaceOrientationPortrait UIInterfaceOrientationPortraitUpsideDown UIInterfaceOrientationLandscapeLeft UIInterfaceOrientationLandscapeRight";
				INFOPLIST_KEY_UISupportedInterfaceOrientations_iPhone = "UIInterfaceOrientationPortrait UIInterfaceOrientationLandscapeLeft UIInterfaceOrientationLandscapeRight";
				LD_RUNPATH_SEARCH_PATHS = (
					"$(inherited)",
					"@executable_path/Frameworks",
				);
				PRODUCT_BUNDLE_IDENTIFIER = sa.hudhud.map;
				PRODUCT_NAME = "$(TARGET_NAME)";
				PROVISIONING_PROFILE_SPECIFIER = "";
				SWIFT_EMIT_LOC_STRINGS = YES;
				SWIFT_OPTIMIZATION_LEVEL = "-Onone";
				SWIFT_VERSION = 5.0;
				TARGETED_DEVICE_FAMILY = "1,2";
			};
			name = Debug;
		};
		CDAE056A2B681263003E5196 /* Release */ = {
			isa = XCBuildConfiguration;
			buildSettings = {
				ASSETCATALOG_COMPILER_APPICON_NAME = AppIcon;
				ASSETCATALOG_COMPILER_GLOBAL_ACCENT_COLOR_NAME = AccentColor;
				CLANG_ENABLE_MODULES = YES;
				CODE_SIGN_IDENTITY = "Apple Development";
				CODE_SIGN_STYLE = Automatic;
				DEVELOPMENT_ASSET_PATHS = "\"HudHud/Preview Content\"";
				DEVELOPMENT_TEAM = YN76B7J2LN;
				ENABLE_PREVIEWS = YES;
				INFOPLIST_FILE = HudHud/Info.plist;
				INFOPLIST_KEY_NSLocationAlwaysAndWhenInUseUsageDescription = "Allows HudHud to show your location on the map";
				INFOPLIST_KEY_NSLocationWhenInUseUsageDescription = "Allows HudHud to show your location on the map";
				INFOPLIST_KEY_UIApplicationSceneManifest_Generation = YES;
				INFOPLIST_KEY_UIApplicationSupportsIndirectInputEvents = YES;
				INFOPLIST_KEY_UILaunchScreen_Generation = YES;
				INFOPLIST_KEY_UISupportedInterfaceOrientations_iPad = "UIInterfaceOrientationPortrait UIInterfaceOrientationPortraitUpsideDown UIInterfaceOrientationLandscapeLeft UIInterfaceOrientationLandscapeRight";
				INFOPLIST_KEY_UISupportedInterfaceOrientations_iPhone = "UIInterfaceOrientationPortrait UIInterfaceOrientationLandscapeLeft UIInterfaceOrientationLandscapeRight";
				LD_RUNPATH_SEARCH_PATHS = (
					"$(inherited)",
					"@executable_path/Frameworks",
				);
				PRODUCT_BUNDLE_IDENTIFIER = sa.hudhud.map;
				PRODUCT_NAME = "$(TARGET_NAME)";
				PROVISIONING_PROFILE_SPECIFIER = "";
				SWIFT_EMIT_LOC_STRINGS = YES;
				SWIFT_VERSION = 5.0;
				TARGETED_DEVICE_FAMILY = "1,2";
			};
			name = Release;
		};
		CDAE056C2B681263003E5196 /* Debug */ = {
			isa = XCBuildConfiguration;
			buildSettings = {
				ALWAYS_EMBED_SWIFT_STANDARD_LIBRARIES = YES;
				BUNDLE_LOADER = "$(TEST_HOST)";
				CODE_SIGN_STYLE = Automatic;
				CURRENT_PROJECT_VERSION = 1;
				GENERATE_INFOPLIST_FILE = YES;
				MARKETING_VERSION = 1.0;
				PRODUCT_BUNDLE_IDENTIFIER = sa.hudhud.map.HudHudTests;
				PRODUCT_NAME = "$(TARGET_NAME)";
				SWIFT_EMIT_LOC_STRINGS = NO;
				SWIFT_VERSION = 5.0;
				TARGETED_DEVICE_FAMILY = "1,2";
				TEST_HOST = "$(BUILT_PRODUCTS_DIR)/HudHud.app/$(BUNDLE_EXECUTABLE_FOLDER_PATH)/HudHud";
			};
			name = Debug;
		};
		CDAE056D2B681263003E5196 /* Release */ = {
			isa = XCBuildConfiguration;
			buildSettings = {
				ALWAYS_EMBED_SWIFT_STANDARD_LIBRARIES = YES;
				BUNDLE_LOADER = "$(TEST_HOST)";
				CODE_SIGN_STYLE = Automatic;
				CURRENT_PROJECT_VERSION = 1;
				GENERATE_INFOPLIST_FILE = YES;
				MARKETING_VERSION = 1.0;
				PRODUCT_BUNDLE_IDENTIFIER = sa.hudhud.map.HudHudTests;
				PRODUCT_NAME = "$(TARGET_NAME)";
				SWIFT_EMIT_LOC_STRINGS = NO;
				SWIFT_VERSION = 5.0;
				TARGETED_DEVICE_FAMILY = "1,2";
				TEST_HOST = "$(BUILT_PRODUCTS_DIR)/HudHud.app/$(BUNDLE_EXECUTABLE_FOLDER_PATH)/HudHud";
			};
			name = Release;
		};
		CDAE056F2B681263003E5196 /* Debug */ = {
			isa = XCBuildConfiguration;
			buildSettings = {
				ALWAYS_EMBED_SWIFT_STANDARD_LIBRARIES = YES;
				CODE_SIGN_STYLE = Automatic;
				CURRENT_PROJECT_VERSION = 1;
				GENERATE_INFOPLIST_FILE = YES;
				MARKETING_VERSION = 1.0;
				PRODUCT_BUNDLE_IDENTIFIER = sa.hudhud.map.HudHudUITests;
				PRODUCT_NAME = "$(TARGET_NAME)";
				SWIFT_EMIT_LOC_STRINGS = NO;
				SWIFT_VERSION = 5.0;
				TARGETED_DEVICE_FAMILY = "1,2";
				TEST_TARGET_NAME = HudHud;
			};
			name = Debug;
		};
		CDAE05702B681263003E5196 /* Release */ = {
			isa = XCBuildConfiguration;
			buildSettings = {
				ALWAYS_EMBED_SWIFT_STANDARD_LIBRARIES = YES;
				CODE_SIGN_STYLE = Automatic;
				CURRENT_PROJECT_VERSION = 1;
				GENERATE_INFOPLIST_FILE = YES;
				MARKETING_VERSION = 1.0;
				PRODUCT_BUNDLE_IDENTIFIER = sa.hudhud.map.HudHudUITests;
				PRODUCT_NAME = "$(TARGET_NAME)";
				SWIFT_EMIT_LOC_STRINGS = NO;
				SWIFT_VERSION = 5.0;
				TARGETED_DEVICE_FAMILY = "1,2";
				TEST_TARGET_NAME = HudHud;
			};
			name = Release;
		};
/* End XCBuildConfiguration section */

/* Begin XCConfigurationList section */
		CDAE053F2B681261003E5196 /* Build configuration list for PBXProject "HudHud" */ = {
			isa = XCConfigurationList;
			buildConfigurations = (
				CDAE05662B681263003E5196 /* Debug */,
				CDAE05672B681263003E5196 /* Release */,
			);
			defaultConfigurationIsVisible = 0;
			defaultConfigurationName = Release;
		};
		CDAE05682B681263003E5196 /* Build configuration list for PBXNativeTarget "HudHud" */ = {
			isa = XCConfigurationList;
			buildConfigurations = (
				CDAE05692B681263003E5196 /* Debug */,
				CDAE056A2B681263003E5196 /* Release */,
			);
			defaultConfigurationIsVisible = 0;
			defaultConfigurationName = Release;
		};
		CDAE056B2B681263003E5196 /* Build configuration list for PBXNativeTarget "HudHudTests" */ = {
			isa = XCConfigurationList;
			buildConfigurations = (
				CDAE056C2B681263003E5196 /* Debug */,
				CDAE056D2B681263003E5196 /* Release */,
			);
			defaultConfigurationIsVisible = 0;
			defaultConfigurationName = Release;
		};
		CDAE056E2B681263003E5196 /* Build configuration list for PBXNativeTarget "HudHudUITests" */ = {
			isa = XCConfigurationList;
			buildConfigurations = (
				CDAE056F2B681263003E5196 /* Debug */,
				CDAE05702B681263003E5196 /* Release */,
			);
			defaultConfigurationIsVisible = 0;
			defaultConfigurationName = Release;
		};
/* End XCConfigurationList section */

/* Begin XCLocalSwiftPackageReference section */
		CDAE05FE2B6BDC5A003E5196 /* XCLocalSwiftPackageReference "POIService" */ = {
			isa = XCLocalSwiftPackageReference;
			relativePath = POIService;
		};
/* End XCLocalSwiftPackageReference section */

/* Begin XCRemoteSwiftPackageReference section */
		47CE7903F25ADE4DA8C73F7F /* XCRemoteSwiftPackageReference "SwiftLint" */ = {
			isa = XCRemoteSwiftPackageReference;
			repositoryURL = "https://github.com/realm/SwiftLint.git";
			requirement = {
				kind = upToNextMajorVersion;
				minimumVersion = 0.54.0;
			};
		};
		CD59BD6F2B7CD967002C14F6 /* XCRemoteSwiftPackageReference "SFSafeSymbols" */ = {
			isa = XCRemoteSwiftPackageReference;
			repositoryURL = "https://github.com/SFSafeSymbols/SFSafeSymbols.git";
			requirement = {
				kind = upToNextMajorVersion;
				minimumVersion = 4.1.1;
			};
		};
		CDAE05EA2B6A87B4003E5196 /* XCRemoteSwiftPackageReference "SwiftLocation" */ = {
			isa = XCRemoteSwiftPackageReference;
			repositoryURL = "https://github.com/hactar/SwiftLocation.git";
			requirement = {
				branch = master;
				kind = branch;
			};
		};
		CDAE05F12B6AC131003E5196 /* XCRemoteSwiftPackageReference "maplibre-swiftui-dsl-playground" */ = {
			isa = XCRemoteSwiftPackageReference;
			repositoryURL = "https://github.com/hactar/maplibre-swiftui-dsl-playground.git";
			requirement = {
				branch = main;
				kind = branch;
			};
		};
/* End XCRemoteSwiftPackageReference section */

/* Begin XCSwiftPackageProductDependency section */
		CD59BD702B7CD967002C14F6 /* SFSafeSymbols */ = {
			isa = XCSwiftPackageProductDependency;
			package = CD59BD6F2B7CD967002C14F6 /* XCRemoteSwiftPackageReference "SFSafeSymbols" */;
			productName = SFSafeSymbols;
		};
		CD7C78462B8DFD06004BC148 /* SwiftLintPlugin */ = {
			isa = XCSwiftPackageProductDependency;
			package = 47CE7903F25ADE4DA8C73F7F /* XCRemoteSwiftPackageReference "SwiftLint" */;
			productName = "plugin:SwiftLintPlugin";
		};
		CDAE05EB2B6A87B4003E5196 /* SwiftLocation */ = {
			isa = XCSwiftPackageProductDependency;
			package = CDAE05EA2B6A87B4003E5196 /* XCRemoteSwiftPackageReference "SwiftLocation" */;
			productName = SwiftLocation;
		};
		CDAE05F22B6AC131003E5196 /* MapLibreSwiftDSL */ = {
			isa = XCSwiftPackageProductDependency;
			package = CDAE05F12B6AC131003E5196 /* XCRemoteSwiftPackageReference "maplibre-swiftui-dsl-playground" */;
			productName = MapLibreSwiftDSL;
		};
		CDAE05F42B6AC131003E5196 /* MapLibreSwiftUI */ = {
			isa = XCSwiftPackageProductDependency;
			package = CDAE05F12B6AC131003E5196 /* XCRemoteSwiftPackageReference "maplibre-swiftui-dsl-playground" */;
			productName = MapLibreSwiftUI;
		};
		CDAE05FF2B6BDC5A003E5196 /* ApplePOI */ = {
			isa = XCSwiftPackageProductDependency;
			productName = ApplePOI;
		};
		CDAE06012B6BDC5A003E5196 /* POIService */ = {
			isa = XCSwiftPackageProductDependency;
			productName = POIService;
		};
		CDAE06032B6BDC5A003E5196 /* ToursprungPOI */ = {
			isa = XCSwiftPackageProductDependency;
			productName = ToursprungPOI;
		};
/* End XCSwiftPackageProductDependency section */
	};
	rootObject = CDAE053C2B681261003E5196 /* Project object */;
}
