// !$*UTF8*$!
{
	archiveVersion = 1;
	classes = {
	};
	objectVersion = 56;
	objects = {

/* Begin PBXBuildFile section */
		01CE15C8D3AE81FF4982F21C /* SearchSheet.swift in Sources */ = {isa = PBXBuildFile; fileRef = DF6A440B8E1A4D088A7F38BF /* SearchSheet.swift */; };
		061CE591783C48AD3128B361 /* TrafficChartView.swift in Sources */ = {isa = PBXBuildFile; fileRef = 557A9FF81C4443860134AE6F /* TrafficChartView.swift */; };
		0C5E645F1BC86109A3EFAB57 /* TrafficChartData.swift in Sources */ = {isa = PBXBuildFile; fileRef = 13C782C2E65CCDFE5A422F61 /* TrafficChartData.swift */; };
		0F3F0BC2A6BA985F6E2793EA /* AdditionalPOIDetailsView.swift in Sources */ = {isa = PBXBuildFile; fileRef = 032B9F89AE6B117C05892563 /* AdditionalPOIDetailsView.swift */; };
		1AC5760E84910AC87B3249EF /* PadSheetGesture.swift in Sources */ = {isa = PBXBuildFile; fileRef = A206CC92415E012882BA8CD0 /* PadSheetGesture.swift */; };
		2409D3C3AFE6295AB6393DB8 /* NotificationManager.swift in Sources */ = {isa = PBXBuildFile; fileRef = B231E657556B47FFBDEBE3CC /* NotificationManager.swift */; };
		253BCFDA8087C938D044B441 /* streetview.html in Resources */ = {isa = PBXBuildFile; fileRef = AC3D481DC9A15C372F30E42E /* streetview.html */; };
		3176C3DEBD8E241371957C1B /* FavoriteCategoriesView.swift in Sources */ = {isa = PBXBuildFile; fileRef = 38A1458661BDED4DB8638E1A /* FavoriteCategoriesView.swift */; };
		33589DA0974EBF761082DF6B /* POIDetailSheet.swift in Sources */ = {isa = PBXBuildFile; fileRef = 007CF1E6E5E752BA06003788 /* POIDetailSheet.swift */; };
		341E4B6C4684A6B24700C609 /* MapButtonsData.swift in Sources */ = {isa = PBXBuildFile; fileRef = 738863728E0FF75FAD8D9B0F /* MapButtonsData.swift */; };
		3D9A58AD82B827B7351F7EC9 /* Backport.swift in Sources */ = {isa = PBXBuildFile; fileRef = F3BB5BFA8CB42C0446317C57 /* Backport.swift */; };
		4116CCE959A6D1222369C4FD /* MapStyles.swift in Sources */ = {isa = PBXBuildFile; fileRef = 0501F8CA3F8917530B09D712 /* MapStyles.swift */; };
		4C8F2777E10B77217C6B2E9D /* ErrorView.swift in Sources */ = {isa = PBXBuildFile; fileRef = 1796352BDB2448B1DC1EC645 /* ErrorView.swift */; };
		5E2EF96C66B7E02BAB956569 /* MapButtonsView.swift in Sources */ = {isa = PBXBuildFile; fileRef = 23B89F8CB73BB12A3A557AB0 /* MapButtonsView.swift */; };
		655050EE383E8EE14E53ED75 /* MapLayerIdentifier.swift in Sources */ = {isa = PBXBuildFile; fileRef = 93059B709F52BCE9588E7AEE /* MapLayerIdentifier.swift */; };
		74DB84CE3696AE379EEA2F90 /* RecentSearchResultsView.swift in Sources */ = {isa = PBXBuildFile; fileRef = EF5F0AAEF1A14272DF224AEF /* RecentSearchResultsView.swift */; };
		76A94ED914F93F147AD7AED7 /* NavigationPath.swift in Sources */ = {isa = PBXBuildFile; fileRef = 8D9E5F46B48E39DAD77D58F0 /* NavigationPath.swift */; };
		7742B361095204C62D370E88 /* RateNavigationView.swift in Sources */ = {isa = PBXBuildFile; fileRef = 4DA5C0BEF087A344112910E5 /* RateNavigationView.swift */; };
		793E758EECDC7A472C3610C1 /* DirectionModeButton.swift in Sources */ = {isa = PBXBuildFile; fileRef = 1E69A6191475F5E54A62147D /* DirectionModeButton.swift */; };
		80FC33228F84547305447C36 /* StreetView.swift in Sources */ = {isa = PBXBuildFile; fileRef = C7B635BBF85CDA2090358645 /* StreetView.swift */; };
		81DBA484103DCC5F3F5BF435 /* CaseIterable.swift in Sources */ = {isa = PBXBuildFile; fileRef = 399B3BCB097127A460F4081C /* CaseIterable.swift */; };
		825C6676E341DD543C305950 /* MapStore.swift in Sources */ = {isa = PBXBuildFile; fileRef = 7E21300E9BF61F5A403DE2CE /* MapStore.swift */; };
		82C62072D045681D48E8E538 /* LoggerSettings.swift in Sources */ = {isa = PBXBuildFile; fileRef = 32589FE734D110C815A6168A /* LoggerSettings.swift */; };
		8839330A439E52AEA9D018D5 /* Formatters.swift in Sources */ = {isa = PBXBuildFile; fileRef = B2F6FA8B7E5054CFBE481D85 /* Formatters.swift */; };
		907F1F7E2BD4F95100B4993E /* Localizable.xcstrings in Resources */ = {isa = PBXBuildFile; fileRef = 907F1F7D2BD4F95100B4993E /* Localizable.xcstrings */; };
		90B143BC2BA9A2170086FD4B /* SearchSectionView.swift in Sources */ = {isa = PBXBuildFile; fileRef = 90B143BB2BA9A2170086FD4B /* SearchSectionView.swift */; };
		90CBC0422B832390009ADD79 /* DirectionsSummaryView.swift in Sources */ = {isa = PBXBuildFile; fileRef = 90CBC0412B83238F009ADD79 /* DirectionsSummaryView.swift */; };
		90CBC0492B8362E3009ADD79 /* DirectionPreviewData.swift in Sources */ = {isa = PBXBuildFile; fileRef = 90CBC0482B8362E3009ADD79 /* DirectionPreviewData.swift */; };
		90CBC72B2BD79D4C00F98199 /* InfoPlist.xcstrings in Resources */ = {isa = PBXBuildFile; fileRef = 90CBC72A2BD79D4C00F98199 /* InfoPlist.xcstrings */; };
		92D12261D6E18DE071B8ED63 /* TouchManager.swift in Sources */ = {isa = PBXBuildFile; fileRef = FA63BF2B1B13F7E78F62BAE0 /* TouchManager.swift */; };
		9628E8F074C51BC707B44367 /* WebView.swift in Sources */ = {isa = PBXBuildFile; fileRef = 79C2459DEB8C0FF5BFA4A29A /* WebView.swift */; };
		9D9D87FC3C81D241890D0491 /* ABCRouteConfigurationData.swift in Sources */ = {isa = PBXBuildFile; fileRef = C402287045B111EE9DE49203 /* ABCRouteConfigurationData.swift */; };
		A2533A5D8F32B5F9B6CF6541 /* View.swift in Sources */ = {isa = PBXBuildFile; fileRef = 1A49E3EE7EB638EED6A6D564 /* View.swift */; };
		A3A4BC2269B8DDE7FE30C20C /* DirectionModePickerView.swift in Sources */ = {isa = PBXBuildFile; fileRef = BE145840AB4B8912DF270355 /* DirectionModePickerView.swift */; };
		A5AF982C0CAE3C5501EF2358 /* LocationStatus.swift in Sources */ = {isa = PBXBuildFile; fileRef = C0A695DB7604A3A9FCAEA3C8 /* LocationStatus.swift */; };
		A8ED4AD2D032B72F260DBD93 /* EditFavoritesFormView.swift in Sources */ = {isa = PBXBuildFile; fileRef = B8232AC2436288708553ED16 /* EditFavoritesFormView.swift */; };
		A911B23F449A2EF31C7CCD42 /* FavoriteItemView.swift in Sources */ = {isa = PBXBuildFile; fileRef = 6DE8B2A492D814BFAA412962 /* FavoriteItemView.swift */; };
		AF1BD7F72C3D9D3E00F9866F /* NavigationTransitions in Frameworks */ = {isa = PBXBuildFile; productRef = 197E2670D487EB0CF03C2AF6 /* NavigationTransitions */; };
		AF1BD7F82C3D9D3E00F9866F /* BetterSafariView in Frameworks */ = {isa = PBXBuildFile; productRef = 8A90C00DC16DBC95E09E4CF4 /* BetterSafariView */; };
		AF1BD7F92C3D9D3E00F9866F /* TouchVisualizer in Frameworks */ = {isa = PBXBuildFile; productRef = 16C899CF51549F0E68B441D0 /* TouchVisualizer */; };
		C33A9F84AF743524F6EEFE33 /* pannellum.js in Resources */ = {isa = PBXBuildFile; fileRef = 043900014DB7FBFB28D75FE7 /* pannellum.js */; };
		C3952F3D75F8B5D3FB740D12 /* DirectionModePickerData.swift in Sources */ = {isa = PBXBuildFile; fileRef = E2B25AD07A90CBA08ACF2C1A /* DirectionModePickerData.swift */; };
		C5462835B3BCC838FB43AF54 /* FavoritesItem.swift in Sources */ = {isa = PBXBuildFile; fileRef = 3760EBC4B1F226421C99ED43 /* FavoritesItem.swift */; };
		CB2171E82C3567D500CB4512 /* PlusJakartaSans-ExtraBold.ttf in Resources */ = {isa = PBXBuildFile; fileRef = CB2171DA2C3567D400CB4512 /* PlusJakartaSans-ExtraBold.ttf */; };
		CB2171E92C3567D500CB4512 /* PlusJakartaSans-Light.ttf in Resources */ = {isa = PBXBuildFile; fileRef = CB2171DB2C3567D400CB4512 /* PlusJakartaSans-Light.ttf */; };
		CB2171EA2C3567D500CB4512 /* PlusJakartaSans-LightItalic.ttf in Resources */ = {isa = PBXBuildFile; fileRef = CB2171DC2C3567D400CB4512 /* PlusJakartaSans-LightItalic.ttf */; };
		CB2171EB2C3567D500CB4512 /* PlusJakartaSans-SemiBold.ttf in Resources */ = {isa = PBXBuildFile; fileRef = CB2171DD2C3567D400CB4512 /* PlusJakartaSans-SemiBold.ttf */; };
		CB2171EC2C3567D500CB4512 /* PlusJakartaSans-Medium.ttf in Resources */ = {isa = PBXBuildFile; fileRef = CB2171DE2C3567D400CB4512 /* PlusJakartaSans-Medium.ttf */; };
		CB2171ED2C3567D500CB4512 /* PlusJakartaSans-Italic.ttf in Resources */ = {isa = PBXBuildFile; fileRef = CB2171DF2C3567D400CB4512 /* PlusJakartaSans-Italic.ttf */; };
		CB2171EE2C3567D500CB4512 /* PlusJakartaSans-ExtraBoldItalic.ttf in Resources */ = {isa = PBXBuildFile; fileRef = CB2171E02C3567D400CB4512 /* PlusJakartaSans-ExtraBoldItalic.ttf */; };
		CB2171EF2C3567D500CB4512 /* PlusJakartaSans-ExtraLight.ttf in Resources */ = {isa = PBXBuildFile; fileRef = CB2171E12C3567D400CB4512 /* PlusJakartaSans-ExtraLight.ttf */; };
		CB2171F02C3567D500CB4512 /* PlusJakartaSans-Regular.ttf in Resources */ = {isa = PBXBuildFile; fileRef = CB2171E22C3567D400CB4512 /* PlusJakartaSans-Regular.ttf */; };
		CB2171F12C3567D500CB4512 /* PlusJakartaSans-ExtraLightItalic.ttf in Resources */ = {isa = PBXBuildFile; fileRef = CB2171E32C3567D400CB4512 /* PlusJakartaSans-ExtraLightItalic.ttf */; };
		CB2171F22C3567D500CB4512 /* PlusJakartaSans-SemiBoldItalic.ttf in Resources */ = {isa = PBXBuildFile; fileRef = CB2171E42C3567D400CB4512 /* PlusJakartaSans-SemiBoldItalic.ttf */; };
		CB2171F32C3567D500CB4512 /* PlusJakartaSans-MediumItalic.ttf in Resources */ = {isa = PBXBuildFile; fileRef = CB2171E52C3567D400CB4512 /* PlusJakartaSans-MediumItalic.ttf */; };
		CB2171F42C3567D500CB4512 /* PlusJakartaSans-Bold.ttf in Resources */ = {isa = PBXBuildFile; fileRef = CB2171E62C3567D500CB4512 /* PlusJakartaSans-Bold.ttf */; };
		CB2171F52C3567D500CB4512 /* PlusJakartaSans-BoldItalic.ttf in Resources */ = {isa = PBXBuildFile; fileRef = CB2171E72C3567D500CB4512 /* PlusJakartaSans-BoldItalic.ttf */; };
		CB2171F82C356CBA00CB4512 /* Fonts.swift in Sources */ = {isa = PBXBuildFile; fileRef = CB2171F72C356CBA00CB4512 /* Fonts.swift */; };
		CB396FF62B7C134500CF9D59 /* CategoriesBannerView.swift in Sources */ = {isa = PBXBuildFile; fileRef = CB396FF52B7C134500CF9D59 /* CategoriesBannerView.swift */; };
		CB396FF82B7C1A4900CF9D59 /* CatagoryBannerData.swift in Sources */ = {isa = PBXBuildFile; fileRef = CB396FF72B7C1A4900CF9D59 /* CatagoryBannerData.swift */; };
		CB396FFD2B7C1C6D00CF9D59 /* ButtonsStyle.swift in Sources */ = {isa = PBXBuildFile; fileRef = CB396FFC2B7C1C6D00CF9D59 /* ButtonsStyle.swift */; };
		CB3970062B81F4C300CF9D59 /* MapLayersView.swift in Sources */ = {isa = PBXBuildFile; fileRef = CB3970052B81F4C300CF9D59 /* MapLayersView.swift */; };
		CB3970382B85E87300CF9D59 /* PoiTileView.swift in Sources */ = {isa = PBXBuildFile; fileRef = CB3970372B85E87300CF9D59 /* PoiTileView.swift */; };
		CB3970412B85EE8300CF9D59 /* PoiTileGridView.swift in Sources */ = {isa = PBXBuildFile; fileRef = CB3970402B85EE8300CF9D59 /* PoiTileGridView.swift */; };
		CB494DB92BC1078B00B67A22 /* NavigationSheetView.swift in Sources */ = {isa = PBXBuildFile; fileRef = CB494DB82BC1078B00B67A22 /* NavigationSheetView.swift */; };
		CD1298822B99031E00EC3295 /* Riyadh.gpx in Resources */ = {isa = PBXBuildFile; fileRef = CDAE05EF2B6A8AED003E5196 /* Riyadh.gpx */; };
		CD1298832B99031E00EC3295 /* Preview Assets.xcassets in Resources */ = {isa = PBXBuildFile; fileRef = CDAE054E2B681263003E5196 /* Preview Assets.xcassets */; };
		CD1298842B99031E00EC3295 /* toursprung-navigation-sample.json in Resources */ = {isa = PBXBuildFile; fileRef = CD1BD9A82B98F0DE00A591BD /* toursprung-navigation-sample.json */; };
		CD2219582BBFDBEE00042564 /* MotionViewModel.swift in Sources */ = {isa = PBXBuildFile; fileRef = CD2219572BBFDBEE00042564 /* MotionViewModel.swift */; };
		CD22195A2BBFF0F300042564 /* Previewable.swift in Sources */ = {isa = PBXBuildFile; fileRef = CD2219592BBFF0F300042564 /* Previewable.swift */; };
		CD33DFDE2C00C5EF0090592C /* DebugMenuView.swift in Sources */ = {isa = PBXBuildFile; fileRef = CD33DFDC2C00C5EF0090592C /* DebugMenuView.swift */; };
		CD33DFDF2C00C5EF0090592C /* DebugStore.swift in Sources */ = {isa = PBXBuildFile; fileRef = CD33DFDD2C00C5EF0090592C /* DebugStore.swift */; };
		CD33DFEC2C00CA670090592C /* MapLibreSwiftDSL in Frameworks */ = {isa = PBXBuildFile; productRef = CD33DFEB2C00CA670090592C /* MapLibreSwiftDSL */; };
		CD33DFEE2C00CA670090592C /* MapLibreSwiftUI in Frameworks */ = {isa = PBXBuildFile; productRef = CD33DFED2C00CA670090592C /* MapLibreSwiftUI */; };
		CD4718D12BB6CECB00A24C68 /* Double+Limits.swift in Sources */ = {isa = PBXBuildFile; fileRef = CD4718D02BB6CECB00A24C68 /* Double+Limits.swift */; };
		CD5409662C2B1A710010594E /* UIApplication+Environment.swift in Sources */ = {isa = PBXBuildFile; fileRef = CD5409652C2B1A710010594E /* UIApplication+Environment.swift */; };
		CD59BD4A2B762CB7002C14F6 /* SearchResultItemView.swift in Sources */ = {isa = PBXBuildFile; fileRef = CD59BD492B762CB7002C14F6 /* SearchResultItemView.swift */; };
		CD59BD4C2B768FAB002C14F6 /* DictionaryView.swift in Sources */ = {isa = PBXBuildFile; fileRef = CD59BD4B2B768FAB002C14F6 /* DictionaryView.swift */; };
		CD59BD712B7CD967002C14F6 /* SFSafeSymbols in Frameworks */ = {isa = PBXBuildFile; productRef = CD59BD702B7CD967002C14F6 /* SFSafeSymbols */; };
		CD64651E2C0DD1E400802FBD /* BackendService in Frameworks */ = {isa = PBXBuildFile; productRef = C59FBA3C1C46E50602C5C2DC /* BackendService */; };
		CD71C3622BBBD186009C3A1C /* StreetViewPoint.swift in Sources */ = {isa = PBXBuildFile; fileRef = CD71C3612BBBD186009C3A1C /* StreetViewPoint.swift */; };
		CD71C3642BBBD3FB009C3A1C /* Optional.swift in Sources */ = {isa = PBXBuildFile; fileRef = CD71C3632BBBD3FB009C3A1C /* Optional.swift */; };
		CD71C3692BBBFF27009C3A1C /* CameraState.swift in Sources */ = {isa = PBXBuildFile; fileRef = CD71C3682BBBFF27009C3A1C /* CameraState.swift */; };
		CD71C36B2BBC0F72009C3A1C /* PresentationDetent.swift in Sources */ = {isa = PBXBuildFile; fileRef = CD71C36A2BBC0F72009C3A1C /* PresentationDetent.swift */; };
		CD71C36D2BBC0F84009C3A1C /* CLLocationCoordinate2D.swift in Sources */ = {isa = PBXBuildFile; fileRef = CD71C36C2BBC0F84009C3A1C /* CLLocationCoordinate2D.swift */; };
		CD7615652BF169C600DF2A25 /* MapViewCamera.swift in Sources */ = {isa = PBXBuildFile; fileRef = CD7615642BF169C600DF2A25 /* MapViewCamera.swift */; };
		CD7A377E2C07732700F1C2DD /* NavigationTransitions in Frameworks */ = {isa = PBXBuildFile; productRef = FF82BD7DCFFCC2C9044E4E32 /* NavigationTransitions */; };
		CD7A377F2C07732700F1C2DD /* BetterSafariView in Frameworks */ = {isa = PBXBuildFile; productRef = 62678BC6BA8A80DCF2EBF8B8 /* BetterSafariView */; };
		CD85CB292BB343BA00C99774 /* DebugStreetView.swift in Sources */ = {isa = PBXBuildFile; fileRef = CD85CB282BB343BA00C99774 /* DebugStreetView.swift */; };
		CD85CB2E2BB4651B00C99774 /* Averageable.swift in Sources */ = {isa = PBXBuildFile; fileRef = CD85CB2D2BB4651B00C99774 /* Averageable.swift */; };
		CD8C5A222BA36194002EBE8A /* NotificationBanner.swift in Sources */ = {isa = PBXBuildFile; fileRef = CD8C5A212BA36194002EBE8A /* NotificationBanner.swift */; };
		CDA05D862C0E270600903396 /* HudHudRouteVoiceController.swift in Sources */ = {isa = PBXBuildFile; fileRef = CDA05D852C0E270600903396 /* HudHudRouteVoiceController.swift */; };
		CDAE05482B681261003E5196 /* HudHudApp.swift in Sources */ = {isa = PBXBuildFile; fileRef = CDAE05472B681261003E5196 /* HudHudApp.swift */; };
		CDAE054A2B681261003E5196 /* ContentView.swift in Sources */ = {isa = PBXBuildFile; fileRef = CDAE05492B681261003E5196 /* ContentView.swift */; };
		CDAE054C2B681263003E5196 /* Assets.xcassets in Resources */ = {isa = PBXBuildFile; fileRef = CDAE054B2B681263003E5196 /* Assets.xcassets */; };
		CDAE05592B681263003E5196 /* HudHudTests.swift in Sources */ = {isa = PBXBuildFile; fileRef = CDAE05582B681263003E5196 /* HudHudTests.swift */; };
		CDAE05632B681263003E5196 /* HudHudUITests.swift in Sources */ = {isa = PBXBuildFile; fileRef = CDAE05622B681263003E5196 /* HudHudUITests.swift */; };
		CDAE05A82B69358E003E5196 /* Terrain.json in Resources */ = {isa = PBXBuildFile; fileRef = CDAE05A72B69358E003E5196 /* Terrain.json */; };
		CDAE05EC2B6A87B4003E5196 /* SwiftLocation in Frameworks */ = {isa = PBXBuildFile; productRef = CDAE05EB2B6A87B4003E5196 /* SwiftLocation */; };
		CDAE06022B6BDC5A003E5196 /* (null) in Frameworks */ = {isa = PBXBuildFile; };
		CDE538C72BA7868200D7FFE7 /* MapLibre in Frameworks */ = {isa = PBXBuildFile; productRef = CD1BD8AC2B9087C100A591BD /* MapLibre */; };
		CDE538C92BA7868200D7FFE7 /* MapLibre in Frameworks */ = {isa = PBXBuildFile; productRef = BC8E1D9CC7D3AAC1051857FA /* MapLibre */; };
		CDE538CA2BA7868200D7FFE7 /* MapboxNavigation in Frameworks */ = {isa = PBXBuildFile; productRef = C7AFBB29CC507D42D1538B2C /* MapboxNavigation */; };
		CDE538CB2BA7868200D7FFE7 /* MapLibre in Frameworks */ = {isa = PBXBuildFile; productRef = DE3A66FF070A2B17657129E4 /* MapLibre */; };
		CDE538CE2BA814BB00D7FFE7 /* SimpleToast in Frameworks */ = {isa = PBXBuildFile; productRef = CD8C5A1F2BA342A5002EBE8A /* SimpleToast */; };
		CEF9D7EFC36E13981A0E8B2E /* ABCRouteConfigurationView.swift in Sources */ = {isa = PBXBuildFile; fileRef = B9875641FCB6ADB41C86D659 /* ABCRouteConfigurationView.swift */; };
		D14444B9E05D960BD399F8C0 /* RootSheetView.swift in Sources */ = {isa = PBXBuildFile; fileRef = 9B5DC089E85AAA3355D8FCA9 /* RootSheetView.swift */; };
		D811C7BCC8E737CD5281D017 /* pannellum.css in Resources */ = {isa = PBXBuildFile; fileRef = C2F990BDBBAB0AC344EDE41E /* pannellum.css */; };
		D92570A76E49CBBBE8888854 /* CurrentLocationButton.swift in Sources */ = {isa = PBXBuildFile; fileRef = 47261C3992C3EF31C3C8615D /* CurrentLocationButton.swift */; };
		D95229F7DD838754EBE1CEC4 /* MapSourceIdentifier.swift in Sources */ = {isa = PBXBuildFile; fileRef = 45EF5BAF9B54731724CBDCB5 /* MapSourceIdentifier.swift */; };
		DDDAE7DF8EDBDBFA3511DF94 /* SafariWebView.swift in Sources */ = {isa = PBXBuildFile; fileRef = 417081C775FE86E29A6F3437 /* SafariWebView.swift */; };
		E7A2C10092F4E9E7795B01F5 /* FavoritesViewMoreView.swift in Sources */ = {isa = PBXBuildFile; fileRef = F30A5CB20536F4E1F5FBF3B1 /* FavoritesViewMoreView.swift */; };
		E9E5140ACC8FF24A0BCAD5E7 /* FavoriteCategoriesButton.swift in Sources */ = {isa = PBXBuildFile; fileRef = D888B551A37E903ADC0F10AE /* FavoriteCategoriesButton.swift */; };
		EB9ADA23EE159AB81B8D2952 /* PadSheetView.swift in Sources */ = {isa = PBXBuildFile; fileRef = CF5CD1A84202EA24D32C7953 /* PadSheetView.swift */; };
		F3D48123732491BBDEC771AF /* PrivacyInfo.xcprivacy in Resources */ = {isa = PBXBuildFile; fileRef = 1D5CF12207471DFDF69BCF43 /* PrivacyInfo.xcprivacy */; };
		FB007D5D865AD359A22A793A /* SearchViewStore.swift in Sources */ = {isa = PBXBuildFile; fileRef = 4B15EB5A88EA360C3403F58C /* SearchViewStore.swift */; };
		FB0FAF112891FD096E9FDE20 /* DateFormatter.swift in Sources */ = {isa = PBXBuildFile; fileRef = 4ACA6ACB09147ADC89262D11 /* DateFormatter.swift */; };
		FF8E88E9065A59885E75605B /* CalculateTests.swift in Sources */ = {isa = PBXBuildFile; fileRef = 9BEE112FA7A7DEC6C5B724D2 /* CalculateTests.swift */; };
/* End PBXBuildFile section */

/* Begin PBXContainerItemProxy section */
		CDAE05552B681263003E5196 /* PBXContainerItemProxy */ = {
			isa = PBXContainerItemProxy;
			containerPortal = CDAE053C2B681261003E5196 /* Project object */;
			proxyType = 1;
			remoteGlobalIDString = CDAE05432B681261003E5196;
			remoteInfo = HudHud;
		};
		CDAE055F2B681263003E5196 /* PBXContainerItemProxy */ = {
			isa = PBXContainerItemProxy;
			containerPortal = CDAE053C2B681261003E5196 /* Project object */;
			proxyType = 1;
			remoteGlobalIDString = CDAE05432B681261003E5196;
			remoteInfo = HudHud;
		};
/* End PBXContainerItemProxy section */

/* Begin PBXFileReference section */
		007CF1E6E5E752BA06003788 /* POIDetailSheet.swift */ = {isa = PBXFileReference; fileEncoding = 4; lastKnownFileType = sourcecode.swift; path = POIDetailSheet.swift; sourceTree = "<group>"; };
		032B9F89AE6B117C05892563 /* AdditionalPOIDetailsView.swift */ = {isa = PBXFileReference; lastKnownFileType = sourcecode.swift; path = AdditionalPOIDetailsView.swift; sourceTree = "<group>"; };
		043900014DB7FBFB28D75FE7 /* pannellum.js */ = {isa = PBXFileReference; fileEncoding = 4; lastKnownFileType = sourcecode.javascript; path = pannellum.js; sourceTree = "<group>"; };
		0501F8CA3F8917530B09D712 /* MapStyles.swift */ = {isa = PBXFileReference; lastKnownFileType = sourcecode.swift; path = MapStyles.swift; sourceTree = "<group>"; };
		13C782C2E65CCDFE5A422F61 /* TrafficChartData.swift */ = {isa = PBXFileReference; lastKnownFileType = sourcecode.swift; path = TrafficChartData.swift; sourceTree = "<group>"; };
		1796352BDB2448B1DC1EC645 /* ErrorView.swift */ = {isa = PBXFileReference; lastKnownFileType = sourcecode.swift; path = ErrorView.swift; sourceTree = "<group>"; };
		1A49E3EE7EB638EED6A6D564 /* View.swift */ = {isa = PBXFileReference; lastKnownFileType = sourcecode.swift; path = View.swift; sourceTree = "<group>"; };
		1D5CF12207471DFDF69BCF43 /* PrivacyInfo.xcprivacy */ = {isa = PBXFileReference; lastKnownFileType = text.xml; path = PrivacyInfo.xcprivacy; sourceTree = "<group>"; };
		1E69A6191475F5E54A62147D /* DirectionModeButton.swift */ = {isa = PBXFileReference; lastKnownFileType = sourcecode.swift; path = DirectionModeButton.swift; sourceTree = "<group>"; };
		23B89F8CB73BB12A3A557AB0 /* MapButtonsView.swift */ = {isa = PBXFileReference; lastKnownFileType = sourcecode.swift; path = MapButtonsView.swift; sourceTree = "<group>"; };
		32589FE734D110C815A6168A /* LoggerSettings.swift */ = {isa = PBXFileReference; lastKnownFileType = sourcecode.swift; path = LoggerSettings.swift; sourceTree = "<group>"; };
		3760EBC4B1F226421C99ED43 /* FavoritesItem.swift */ = {isa = PBXFileReference; lastKnownFileType = sourcecode.swift; path = FavoritesItem.swift; sourceTree = "<group>"; };
		38A1458661BDED4DB8638E1A /* FavoriteCategoriesView.swift */ = {isa = PBXFileReference; lastKnownFileType = sourcecode.swift; path = FavoriteCategoriesView.swift; sourceTree = "<group>"; };
		399B3BCB097127A460F4081C /* CaseIterable.swift */ = {isa = PBXFileReference; lastKnownFileType = sourcecode.swift; path = CaseIterable.swift; sourceTree = "<group>"; };
		417081C775FE86E29A6F3437 /* SafariWebView.swift */ = {isa = PBXFileReference; lastKnownFileType = sourcecode.swift; path = SafariWebView.swift; sourceTree = "<group>"; };
		45EF5BAF9B54731724CBDCB5 /* MapSourceIdentifier.swift */ = {isa = PBXFileReference; lastKnownFileType = sourcecode.swift; path = MapSourceIdentifier.swift; sourceTree = "<group>"; };
		47261C3992C3EF31C3C8615D /* CurrentLocationButton.swift */ = {isa = PBXFileReference; fileEncoding = 4; lastKnownFileType = sourcecode.swift; path = CurrentLocationButton.swift; sourceTree = "<group>"; };
		4ACA6ACB09147ADC89262D11 /* DateFormatter.swift */ = {isa = PBXFileReference; lastKnownFileType = sourcecode.swift; path = DateFormatter.swift; sourceTree = "<group>"; };
		4B15EB5A88EA360C3403F58C /* SearchViewStore.swift */ = {isa = PBXFileReference; fileEncoding = 4; lastKnownFileType = sourcecode.swift; path = SearchViewStore.swift; sourceTree = "<group>"; };
		4DA5C0BEF087A344112910E5 /* RateNavigationView.swift */ = {isa = PBXFileReference; fileEncoding = 4; lastKnownFileType = sourcecode.swift; path = RateNavigationView.swift; sourceTree = "<group>"; };
		557A9FF81C4443860134AE6F /* TrafficChartView.swift */ = {isa = PBXFileReference; lastKnownFileType = sourcecode.swift; path = TrafficChartView.swift; sourceTree = "<group>"; };
		6DE8B2A492D814BFAA412962 /* FavoriteItemView.swift */ = {isa = PBXFileReference; lastKnownFileType = sourcecode.swift; path = FavoriteItemView.swift; sourceTree = "<group>"; };
		6EA70474F6BBF082089EC329 /* BackendService */ = {isa = PBXFileReference; lastKnownFileType = wrapper; path = BackendService; sourceTree = "<group>"; };
		738863728E0FF75FAD8D9B0F /* MapButtonsData.swift */ = {isa = PBXFileReference; lastKnownFileType = sourcecode.swift; path = MapButtonsData.swift; sourceTree = "<group>"; };
		759B7FEF0394ACDE7E904B12 /* HudHud.xctestplan */ = {isa = PBXFileReference; lastKnownFileType = text; path = HudHud.xctestplan; sourceTree = "<group>"; };
		79C2459DEB8C0FF5BFA4A29A /* WebView.swift */ = {isa = PBXFileReference; lastKnownFileType = sourcecode.swift; path = WebView.swift; sourceTree = "<group>"; };
		7E21300E9BF61F5A403DE2CE /* MapStore.swift */ = {isa = PBXFileReference; lastKnownFileType = sourcecode.swift; path = MapStore.swift; sourceTree = "<group>"; };
		8D9E5F46B48E39DAD77D58F0 /* NavigationPath.swift */ = {isa = PBXFileReference; lastKnownFileType = sourcecode.swift; path = NavigationPath.swift; sourceTree = "<group>"; };
		907F1F7D2BD4F95100B4993E /* Localizable.xcstrings */ = {isa = PBXFileReference; lastKnownFileType = text.json.xcstrings; path = Localizable.xcstrings; sourceTree = "<group>"; };
		90B143BB2BA9A2170086FD4B /* SearchSectionView.swift */ = {isa = PBXFileReference; fileEncoding = 4; lastKnownFileType = sourcecode.swift; path = SearchSectionView.swift; sourceTree = "<group>"; };
		90CBC0412B83238F009ADD79 /* DirectionsSummaryView.swift */ = {isa = PBXFileReference; fileEncoding = 4; lastKnownFileType = sourcecode.swift; path = DirectionsSummaryView.swift; sourceTree = "<group>"; };
		90CBC0482B8362E3009ADD79 /* DirectionPreviewData.swift */ = {isa = PBXFileReference; fileEncoding = 4; lastKnownFileType = sourcecode.swift; path = DirectionPreviewData.swift; sourceTree = "<group>"; };
		90CBC72A2BD79D4C00F98199 /* InfoPlist.xcstrings */ = {isa = PBXFileReference; lastKnownFileType = text.json.xcstrings; path = InfoPlist.xcstrings; sourceTree = "<group>"; };
		912B1ACD8511E9B4FB445AD7 /* Info.plist */ = {isa = PBXFileReference; lastKnownFileType = text.plist; path = Info.plist; sourceTree = "<group>"; };
		93059B709F52BCE9588E7AEE /* MapLayerIdentifier.swift */ = {isa = PBXFileReference; lastKnownFileType = sourcecode.swift; path = MapLayerIdentifier.swift; sourceTree = "<group>"; };
		9B5DC089E85AAA3355D8FCA9 /* RootSheetView.swift */ = {isa = PBXFileReference; lastKnownFileType = sourcecode.swift; path = RootSheetView.swift; sourceTree = "<group>"; };
		9BEE112FA7A7DEC6C5B724D2 /* CalculateTests.swift */ = {isa = PBXFileReference; lastKnownFileType = sourcecode.swift; path = CalculateTests.swift; sourceTree = "<group>"; };
		A206CC92415E012882BA8CD0 /* PadSheetGesture.swift */ = {isa = PBXFileReference; lastKnownFileType = sourcecode.swift; path = PadSheetGesture.swift; sourceTree = "<group>"; };
		AC3D481DC9A15C372F30E42E /* streetview.html */ = {isa = PBXFileReference; fileEncoding = 4; lastKnownFileType = text.html; path = streetview.html; sourceTree = "<group>"; };
		B231E657556B47FFBDEBE3CC /* NotificationManager.swift */ = {isa = PBXFileReference; lastKnownFileType = sourcecode.swift; path = NotificationManager.swift; sourceTree = "<group>"; };
		B2F6FA8B7E5054CFBE481D85 /* Formatters.swift */ = {isa = PBXFileReference; lastKnownFileType = sourcecode.swift; path = Formatters.swift; sourceTree = "<group>"; };
		B8232AC2436288708553ED16 /* EditFavoritesFormView.swift */ = {isa = PBXFileReference; lastKnownFileType = sourcecode.swift; path = EditFavoritesFormView.swift; sourceTree = "<group>"; };
		B9875641FCB6ADB41C86D659 /* ABCRouteConfigurationView.swift */ = {isa = PBXFileReference; lastKnownFileType = sourcecode.swift; path = ABCRouteConfigurationView.swift; sourceTree = "<group>"; };
		BE145840AB4B8912DF270355 /* DirectionModePickerView.swift */ = {isa = PBXFileReference; lastKnownFileType = sourcecode.swift; path = DirectionModePickerView.swift; sourceTree = "<group>"; };
		C0A695DB7604A3A9FCAEA3C8 /* LocationStatus.swift */ = {isa = PBXFileReference; lastKnownFileType = sourcecode.swift; path = LocationStatus.swift; sourceTree = "<group>"; };
		C2F990BDBBAB0AC344EDE41E /* pannellum.css */ = {isa = PBXFileReference; fileEncoding = 4; lastKnownFileType = text.css; path = pannellum.css; sourceTree = "<group>"; };
		C402287045B111EE9DE49203 /* ABCRouteConfigurationData.swift */ = {isa = PBXFileReference; lastKnownFileType = sourcecode.swift; path = ABCRouteConfigurationData.swift; sourceTree = "<group>"; };
		C7B635BBF85CDA2090358645 /* StreetView.swift */ = {isa = PBXFileReference; lastKnownFileType = sourcecode.swift; path = StreetView.swift; sourceTree = "<group>"; };
		CB2171DA2C3567D400CB4512 /* PlusJakartaSans-ExtraBold.ttf */ = {isa = PBXFileReference; lastKnownFileType = file; path = "PlusJakartaSans-ExtraBold.ttf"; sourceTree = "<group>"; };
		CB2171DB2C3567D400CB4512 /* PlusJakartaSans-Light.ttf */ = {isa = PBXFileReference; lastKnownFileType = file; path = "PlusJakartaSans-Light.ttf"; sourceTree = "<group>"; };
		CB2171DC2C3567D400CB4512 /* PlusJakartaSans-LightItalic.ttf */ = {isa = PBXFileReference; lastKnownFileType = file; path = "PlusJakartaSans-LightItalic.ttf"; sourceTree = "<group>"; };
		CB2171DD2C3567D400CB4512 /* PlusJakartaSans-SemiBold.ttf */ = {isa = PBXFileReference; lastKnownFileType = file; path = "PlusJakartaSans-SemiBold.ttf"; sourceTree = "<group>"; };
		CB2171DE2C3567D400CB4512 /* PlusJakartaSans-Medium.ttf */ = {isa = PBXFileReference; lastKnownFileType = file; path = "PlusJakartaSans-Medium.ttf"; sourceTree = "<group>"; };
		CB2171DF2C3567D400CB4512 /* PlusJakartaSans-Italic.ttf */ = {isa = PBXFileReference; lastKnownFileType = file; path = "PlusJakartaSans-Italic.ttf"; sourceTree = "<group>"; };
		CB2171E02C3567D400CB4512 /* PlusJakartaSans-ExtraBoldItalic.ttf */ = {isa = PBXFileReference; lastKnownFileType = file; path = "PlusJakartaSans-ExtraBoldItalic.ttf"; sourceTree = "<group>"; };
		CB2171E12C3567D400CB4512 /* PlusJakartaSans-ExtraLight.ttf */ = {isa = PBXFileReference; lastKnownFileType = file; path = "PlusJakartaSans-ExtraLight.ttf"; sourceTree = "<group>"; };
		CB2171E22C3567D400CB4512 /* PlusJakartaSans-Regular.ttf */ = {isa = PBXFileReference; lastKnownFileType = file; path = "PlusJakartaSans-Regular.ttf"; sourceTree = "<group>"; };
		CB2171E32C3567D400CB4512 /* PlusJakartaSans-ExtraLightItalic.ttf */ = {isa = PBXFileReference; lastKnownFileType = file; path = "PlusJakartaSans-ExtraLightItalic.ttf"; sourceTree = "<group>"; };
		CB2171E42C3567D400CB4512 /* PlusJakartaSans-SemiBoldItalic.ttf */ = {isa = PBXFileReference; lastKnownFileType = file; path = "PlusJakartaSans-SemiBoldItalic.ttf"; sourceTree = "<group>"; };
		CB2171E52C3567D400CB4512 /* PlusJakartaSans-MediumItalic.ttf */ = {isa = PBXFileReference; lastKnownFileType = file; path = "PlusJakartaSans-MediumItalic.ttf"; sourceTree = "<group>"; };
		CB2171E62C3567D500CB4512 /* PlusJakartaSans-Bold.ttf */ = {isa = PBXFileReference; lastKnownFileType = file; path = "PlusJakartaSans-Bold.ttf"; sourceTree = "<group>"; };
		CB2171E72C3567D500CB4512 /* PlusJakartaSans-BoldItalic.ttf */ = {isa = PBXFileReference; lastKnownFileType = file; path = "PlusJakartaSans-BoldItalic.ttf"; sourceTree = "<group>"; };
		CB2171F72C356CBA00CB4512 /* Fonts.swift */ = {isa = PBXFileReference; lastKnownFileType = sourcecode.swift; path = Fonts.swift; sourceTree = "<group>"; };
		CB396FF52B7C134500CF9D59 /* CategoriesBannerView.swift */ = {isa = PBXFileReference; fileEncoding = 4; lastKnownFileType = sourcecode.swift; path = CategoriesBannerView.swift; sourceTree = "<group>"; };
		CB396FF72B7C1A4900CF9D59 /* CatagoryBannerData.swift */ = {isa = PBXFileReference; fileEncoding = 4; lastKnownFileType = sourcecode.swift; path = CatagoryBannerData.swift; sourceTree = "<group>"; };
		CB396FFC2B7C1C6D00CF9D59 /* ButtonsStyle.swift */ = {isa = PBXFileReference; fileEncoding = 4; lastKnownFileType = sourcecode.swift; path = ButtonsStyle.swift; sourceTree = "<group>"; };
		CB3970052B81F4C300CF9D59 /* MapLayersView.swift */ = {isa = PBXFileReference; fileEncoding = 4; lastKnownFileType = sourcecode.swift; path = MapLayersView.swift; sourceTree = "<group>"; };
		CB3970372B85E87300CF9D59 /* PoiTileView.swift */ = {isa = PBXFileReference; lastKnownFileType = sourcecode.swift; path = PoiTileView.swift; sourceTree = "<group>"; };
		CB3970402B85EE8300CF9D59 /* PoiTileGridView.swift */ = {isa = PBXFileReference; lastKnownFileType = sourcecode.swift; path = PoiTileGridView.swift; sourceTree = "<group>"; };
		CB494DB82BC1078B00B67A22 /* NavigationSheetView.swift */ = {isa = PBXFileReference; lastKnownFileType = sourcecode.swift; path = NavigationSheetView.swift; sourceTree = "<group>"; };
		CD1BD9A82B98F0DE00A591BD /* toursprung-navigation-sample.json */ = {isa = PBXFileReference; fileEncoding = 4; lastKnownFileType = text.json; path = "toursprung-navigation-sample.json"; sourceTree = "<group>"; };
		CD2219572BBFDBEE00042564 /* MotionViewModel.swift */ = {isa = PBXFileReference; lastKnownFileType = sourcecode.swift; path = MotionViewModel.swift; sourceTree = "<group>"; };
		CD2219592BBFF0F300042564 /* Previewable.swift */ = {isa = PBXFileReference; lastKnownFileType = sourcecode.swift; path = Previewable.swift; sourceTree = "<group>"; };
		CD33DFDC2C00C5EF0090592C /* DebugMenuView.swift */ = {isa = PBXFileReference; fileEncoding = 4; lastKnownFileType = sourcecode.swift; path = DebugMenuView.swift; sourceTree = "<group>"; };
		CD33DFDD2C00C5EF0090592C /* DebugStore.swift */ = {isa = PBXFileReference; fileEncoding = 4; lastKnownFileType = sourcecode.swift; path = DebugStore.swift; sourceTree = "<group>"; };
		CD4718D02BB6CECB00A24C68 /* Double+Limits.swift */ = {isa = PBXFileReference; lastKnownFileType = sourcecode.swift; path = "Double+Limits.swift"; sourceTree = "<group>"; };
		CD5409652C2B1A710010594E /* UIApplication+Environment.swift */ = {isa = PBXFileReference; lastKnownFileType = sourcecode.swift; path = "UIApplication+Environment.swift"; sourceTree = "<group>"; };
		CD59BD492B762CB7002C14F6 /* SearchResultItemView.swift */ = {isa = PBXFileReference; fileEncoding = 4; lastKnownFileType = sourcecode.swift; path = SearchResultItemView.swift; sourceTree = "<group>"; };
		CD59BD4B2B768FAB002C14F6 /* DictionaryView.swift */ = {isa = PBXFileReference; fileEncoding = 4; lastKnownFileType = sourcecode.swift; path = DictionaryView.swift; sourceTree = "<group>"; };
		CD71C3612BBBD186009C3A1C /* StreetViewPoint.swift */ = {isa = PBXFileReference; lastKnownFileType = sourcecode.swift; path = StreetViewPoint.swift; sourceTree = "<group>"; };
		CD71C3632BBBD3FB009C3A1C /* Optional.swift */ = {isa = PBXFileReference; lastKnownFileType = sourcecode.swift; path = Optional.swift; sourceTree = "<group>"; };
		CD71C3682BBBFF27009C3A1C /* CameraState.swift */ = {isa = PBXFileReference; lastKnownFileType = sourcecode.swift; path = CameraState.swift; sourceTree = "<group>"; };
		CD71C36A2BBC0F72009C3A1C /* PresentationDetent.swift */ = {isa = PBXFileReference; lastKnownFileType = sourcecode.swift; path = PresentationDetent.swift; sourceTree = "<group>"; };
		CD71C36C2BBC0F84009C3A1C /* CLLocationCoordinate2D.swift */ = {isa = PBXFileReference; lastKnownFileType = sourcecode.swift; path = CLLocationCoordinate2D.swift; sourceTree = "<group>"; };
		CD7615642BF169C600DF2A25 /* MapViewCamera.swift */ = {isa = PBXFileReference; lastKnownFileType = sourcecode.swift; path = MapViewCamera.swift; sourceTree = "<group>"; };
		CD85CB282BB343BA00C99774 /* DebugStreetView.swift */ = {isa = PBXFileReference; lastKnownFileType = sourcecode.swift; path = DebugStreetView.swift; sourceTree = "<group>"; };
		CD85CB2D2BB4651B00C99774 /* Averageable.swift */ = {isa = PBXFileReference; lastKnownFileType = sourcecode.swift; path = Averageable.swift; sourceTree = "<group>"; };
		CD8C5A212BA36194002EBE8A /* NotificationBanner.swift */ = {isa = PBXFileReference; lastKnownFileType = sourcecode.swift; path = NotificationBanner.swift; sourceTree = "<group>"; };
		CDA05D852C0E270600903396 /* HudHudRouteVoiceController.swift */ = {isa = PBXFileReference; fileEncoding = 4; lastKnownFileType = sourcecode.swift; path = HudHudRouteVoiceController.swift; sourceTree = "<group>"; };
		CDAE05442B681261003E5196 /* HudHud.app */ = {isa = PBXFileReference; explicitFileType = wrapper.application; includeInIndex = 0; path = HudHud.app; sourceTree = BUILT_PRODUCTS_DIR; };
		CDAE05472B681261003E5196 /* HudHudApp.swift */ = {isa = PBXFileReference; fileEncoding = 4; lastKnownFileType = sourcecode.swift; path = HudHudApp.swift; sourceTree = "<group>"; };
		CDAE05492B681261003E5196 /* ContentView.swift */ = {isa = PBXFileReference; fileEncoding = 4; lastKnownFileType = sourcecode.swift; path = ContentView.swift; sourceTree = "<group>"; };
		CDAE054B2B681263003E5196 /* Assets.xcassets */ = {isa = PBXFileReference; lastKnownFileType = folder.assetcatalog; path = Assets.xcassets; sourceTree = "<group>"; };
		CDAE054E2B681263003E5196 /* Preview Assets.xcassets */ = {isa = PBXFileReference; lastKnownFileType = folder.assetcatalog; path = "Preview Assets.xcassets"; sourceTree = "<group>"; };
		CDAE05542B681263003E5196 /* HudHudTests.xctest */ = {isa = PBXFileReference; explicitFileType = wrapper.cfbundle; includeInIndex = 0; path = HudHudTests.xctest; sourceTree = BUILT_PRODUCTS_DIR; };
		CDAE05582B681263003E5196 /* HudHudTests.swift */ = {isa = PBXFileReference; lastKnownFileType = sourcecode.swift; path = HudHudTests.swift; sourceTree = "<group>"; };
		CDAE055E2B681263003E5196 /* HudHudUITests.xctest */ = {isa = PBXFileReference; explicitFileType = wrapper.cfbundle; includeInIndex = 0; path = HudHudUITests.xctest; sourceTree = BUILT_PRODUCTS_DIR; };
		CDAE05622B681263003E5196 /* HudHudUITests.swift */ = {isa = PBXFileReference; lastKnownFileType = sourcecode.swift; path = HudHudUITests.swift; sourceTree = "<group>"; };
		CDAE05A72B69358E003E5196 /* Terrain.json */ = {isa = PBXFileReference; fileEncoding = 4; lastKnownFileType = text.json; path = Terrain.json; sourceTree = "<group>"; };
		CDAE05EF2B6A8AED003E5196 /* Riyadh.gpx */ = {isa = PBXFileReference; fileEncoding = 4; lastKnownFileType = text.xml; path = Riyadh.gpx; sourceTree = "<group>"; };
		CF5CD1A84202EA24D32C7953 /* PadSheetView.swift */ = {isa = PBXFileReference; lastKnownFileType = sourcecode.swift; path = PadSheetView.swift; sourceTree = "<group>"; };
		D888B551A37E903ADC0F10AE /* FavoriteCategoriesButton.swift */ = {isa = PBXFileReference; lastKnownFileType = sourcecode.swift; path = FavoriteCategoriesButton.swift; sourceTree = "<group>"; };
		DF6A440B8E1A4D088A7F38BF /* SearchSheet.swift */ = {isa = PBXFileReference; fileEncoding = 4; lastKnownFileType = sourcecode.swift; path = SearchSheet.swift; sourceTree = "<group>"; };
		E2B25AD07A90CBA08ACF2C1A /* DirectionModePickerData.swift */ = {isa = PBXFileReference; lastKnownFileType = sourcecode.swift; path = DirectionModePickerData.swift; sourceTree = "<group>"; };
		EF5F0AAEF1A14272DF224AEF /* RecentSearchResultsView.swift */ = {isa = PBXFileReference; lastKnownFileType = sourcecode.swift; path = RecentSearchResultsView.swift; sourceTree = "<group>"; };
		F30A5CB20536F4E1F5FBF3B1 /* FavoritesViewMoreView.swift */ = {isa = PBXFileReference; lastKnownFileType = sourcecode.swift; path = FavoritesViewMoreView.swift; sourceTree = "<group>"; };
		F3BB5BFA8CB42C0446317C57 /* Backport.swift */ = {isa = PBXFileReference; lastKnownFileType = sourcecode.swift; path = Backport.swift; sourceTree = "<group>"; };
		FA63BF2B1B13F7E78F62BAE0 /* TouchManager.swift */ = {isa = PBXFileReference; lastKnownFileType = sourcecode.swift; path = TouchManager.swift; sourceTree = "<group>"; };
/* End PBXFileReference section */

/* Begin PBXFrameworksBuildPhase section */
		CDAE05412B681261003E5196 /* Frameworks */ = {
			isa = PBXFrameworksBuildPhase;
			buildActionMask = 2147483647;
			files = (
				AF1BD7F92C3D9D3E00F9866F /* TouchVisualizer in Frameworks */,
				AF1BD7F82C3D9D3E00F9866F /* BetterSafariView in Frameworks */,
				AF1BD7F72C3D9D3E00F9866F /* NavigationTransitions in Frameworks */,
				CD64651E2C0DD1E400802FBD /* BackendService in Frameworks */,
				CD7A377F2C07732700F1C2DD /* BetterSafariView in Frameworks */,
				CD7A377E2C07732700F1C2DD /* NavigationTransitions in Frameworks */,
				CDE538CE2BA814BB00D7FFE7 /* SimpleToast in Frameworks */,
				CDE538CB2BA7868200D7FFE7 /* MapLibre in Frameworks */,
				CDE538CA2BA7868200D7FFE7 /* MapboxNavigation in Frameworks */,
				CDE538C92BA7868200D7FFE7 /* MapLibre in Frameworks */,
				CD33DFEE2C00CA670090592C /* MapLibreSwiftUI in Frameworks */,
				CDE538C72BA7868200D7FFE7 /* MapLibre in Frameworks */,
				CDAE06022B6BDC5A003E5196 /* (null) in Frameworks */,
				CDAE05EC2B6A87B4003E5196 /* SwiftLocation in Frameworks */,
				CD33DFEC2C00CA670090592C /* MapLibreSwiftDSL in Frameworks */,
				CD59BD712B7CD967002C14F6 /* SFSafeSymbols in Frameworks */,
			);
			runOnlyForDeploymentPostprocessing = 0;
		};
		CDAE05512B681263003E5196 /* Frameworks */ = {
			isa = PBXFrameworksBuildPhase;
			buildActionMask = 2147483647;
			files = (
			);
			runOnlyForDeploymentPostprocessing = 0;
		};
		CDAE055B2B681263003E5196 /* Frameworks */ = {
			isa = PBXFrameworksBuildPhase;
			buildActionMask = 2147483647;
			files = (
			);
			runOnlyForDeploymentPostprocessing = 0;
		};
/* End PBXFrameworksBuildPhase section */

/* Begin PBXGroup section */
		14EB9DF8741B47192AE67646 /* CategoriesBanner */ = {
			isa = PBXGroup;
			children = (
				CB396FF72B7C1A4900CF9D59 /* CatagoryBannerData.swift */,
				CB396FF52B7C134500CF9D59 /* CategoriesBannerView.swift */,
			);
			path = CategoriesBanner;
			sourceTree = "<group>";
		};
		4BC94EC9B506BD539BAA3AC8 /* PoiTile */ = {
			isa = PBXGroup;
			children = (
				CB3970372B85E87300CF9D59 /* PoiTileView.swift */,
				CB3970402B85EE8300CF9D59 /* PoiTileGridView.swift */,
			);
			path = PoiTile;
			sourceTree = "<group>";
		};
		597326CCB1F4D6DDF9D8945A /* PadSheet */ = {
			isa = PBXGroup;
			children = (
				CF5CD1A84202EA24D32C7953 /* PadSheetView.swift */,
				A206CC92415E012882BA8CD0 /* PadSheetGesture.swift */,
			);
			path = PadSheet;
			sourceTree = "<group>";
		};
		8BC5EF59D0560111421BC3F8 /* StreetView */ = {
			isa = PBXGroup;
			children = (
				C2F990BDBBAB0AC344EDE41E /* pannellum.css */,
				043900014DB7FBFB28D75FE7 /* pannellum.js */,
				AC3D481DC9A15C372F30E42E /* streetview.html */,
			);
			path = StreetView;
			sourceTree = "<group>";
		};
		99E435A00BB464A6561C2838 /* MapButtons */ = {
			isa = PBXGroup;
			children = (
				23B89F8CB73BB12A3A557AB0 /* MapButtonsView.swift */,
				738863728E0FF75FAD8D9B0F /* MapButtonsData.swift */,
			);
			path = MapButtons;
			sourceTree = "<group>";
		};
		AA1E80A95AFCDC7507E3B613 /* Navigation */ = {
			isa = PBXGroup;
			children = (
				CD33DFDC2C00C5EF0090592C /* DebugMenuView.swift */,
				CD33DFDD2C00C5EF0090592C /* DebugStore.swift */,
				90CBC0412B83238F009ADD79 /* DirectionsSummaryView.swift */,
				90CBC0482B8362E3009ADD79 /* DirectionPreviewData.swift */,
				CB494DB82BC1078B00B67A22 /* NavigationSheetView.swift */,
				4DA5C0BEF087A344112910E5 /* RateNavigationView.swift */,
			);
			path = Navigation;
			sourceTree = "<group>";
		};
		AC313C27FE655AA88C1E9F69 /* Model */ = {
			isa = PBXGroup;
			children = (
				4B15EB5A88EA360C3403F58C /* SearchViewStore.swift */,
				CD71C3612BBBD186009C3A1C /* StreetViewPoint.swift */,
				7E21300E9BF61F5A403DE2CE /* MapStore.swift */,
				CD2219572BBFDBEE00042564 /* MotionViewModel.swift */,
			);
			path = Model;
			sourceTree = "<group>";
		};
		CB2171F62C3567E500CB4512 /* Fonts */ = {
			isa = PBXGroup;
			children = (
				CB2171E62C3567D500CB4512 /* PlusJakartaSans-Bold.ttf */,
				CB2171E72C3567D500CB4512 /* PlusJakartaSans-BoldItalic.ttf */,
				CB2171DA2C3567D400CB4512 /* PlusJakartaSans-ExtraBold.ttf */,
				CB2171E02C3567D400CB4512 /* PlusJakartaSans-ExtraBoldItalic.ttf */,
				CB2171E12C3567D400CB4512 /* PlusJakartaSans-ExtraLight.ttf */,
				CB2171E32C3567D400CB4512 /* PlusJakartaSans-ExtraLightItalic.ttf */,
				CB2171DF2C3567D400CB4512 /* PlusJakartaSans-Italic.ttf */,
				CB2171DB2C3567D400CB4512 /* PlusJakartaSans-Light.ttf */,
				CB2171DC2C3567D400CB4512 /* PlusJakartaSans-LightItalic.ttf */,
				CB2171DE2C3567D400CB4512 /* PlusJakartaSans-Medium.ttf */,
				CB2171E52C3567D400CB4512 /* PlusJakartaSans-MediumItalic.ttf */,
				CB2171E22C3567D400CB4512 /* PlusJakartaSans-Regular.ttf */,
				CB2171DD2C3567D400CB4512 /* PlusJakartaSans-SemiBold.ttf */,
				CB2171E42C3567D400CB4512 /* PlusJakartaSans-SemiBoldItalic.ttf */,
			);
			path = Fonts;
			sourceTree = "<group>";
		};
		CB396FFE2B7C1C7300CF9D59 /* UIStyle */ = {
			isa = PBXGroup;
			children = (
				CB396FFC2B7C1C6D00CF9D59 /* ButtonsStyle.swift */,
				417081C775FE86E29A6F3437 /* SafariWebView.swift */,
			);
			path = UIStyle;
			sourceTree = "<group>";
		};
		CD85CB2C2BB4650C00C99774 /* Protocols */ = {
			isa = PBXGroup;
			children = (
				CD85CB2D2BB4651B00C99774 /* Averageable.swift */,
				CD2219592BBFF0F300042564 /* Previewable.swift */,
			);
			path = Protocols;
			sourceTree = "<group>";
		};
		CDA05D872C0E271C00903396 /* Classes */ = {
			isa = PBXGroup;
			children = (
				B2F6FA8B7E5054CFBE481D85 /* Formatters.swift */,
				CDA05D852C0E270600903396 /* HudHudRouteVoiceController.swift */,
				FA63BF2B1B13F7E78F62BAE0 /* TouchManager.swift */,
				B231E657556B47FFBDEBE3CC /* NotificationManager.swift */,
			);
			path = Classes;
			sourceTree = "<group>";
		};
		CDA05D882C0E273E00903396 /* Enums */ = {
			isa = PBXGroup;
			children = (
				93059B709F52BCE9588E7AEE /* MapLayerIdentifier.swift */,
				45EF5BAF9B54731724CBDCB5 /* MapSourceIdentifier.swift */,
			);
			path = Enums;
			sourceTree = "<group>";
		};
		CDAE053B2B681261003E5196 = {
			isa = PBXGroup;
			children = (
				6EA70474F6BBF082089EC329 /* BackendService */,
				CDAE05462B681261003E5196 /* HudHud */,
				CDAE05572B681263003E5196 /* HudHudTests */,
				CDAE05612B681263003E5196 /* HudHudUITests */,
				CDAE05452B681261003E5196 /* Products */,
				CDAE05832B691564003E5196 /* Frameworks */,
				759B7FEF0394ACDE7E904B12 /* HudHud.xctestplan */,
			);
			sourceTree = "<group>";
			usesTabs = 0;
		};
		CDAE05452B681261003E5196 /* Products */ = {
			isa = PBXGroup;
			children = (
				CDAE05442B681261003E5196 /* HudHud.app */,
				CDAE05542B681263003E5196 /* HudHudTests.xctest */,
				CDAE055E2B681263003E5196 /* HudHudUITests.xctest */,
			);
			name = Products;
			sourceTree = "<group>";
		};
		CDAE05462B681261003E5196 /* HudHud */ = {
			isa = PBXGroup;
			children = (
				CDA05D882C0E273E00903396 /* Enums */,
				CDA05D872C0E271C00903396 /* Classes */,
				CD85CB2C2BB4650C00C99774 /* Protocols */,
				CB396FFE2B7C1C7300CF9D59 /* UIStyle */,
				CDAE054D2B681263003E5196 /* Preview Content */,
				E7744EF283A09BCBB542C54E /* Extensions */,
				D14C3F8A5C428C7F0A18A65A /* Views */,
				AC313C27FE655AA88C1E9F69 /* Model */,
				FB53CF8783EC95AF1ECE21DD /* Supporting Files */,
			);
			path = HudHud;
			sourceTree = "<group>";
		};
		CDAE054D2B681263003E5196 /* Preview Content */ = {
			isa = PBXGroup;
			children = (
				CD1BD9A82B98F0DE00A591BD /* toursprung-navigation-sample.json */,
				CDAE05EF2B6A8AED003E5196 /* Riyadh.gpx */,
				CDAE054E2B681263003E5196 /* Preview Assets.xcassets */,
			);
			path = "Preview Content";
			sourceTree = "<group>";
		};
		CDAE05572B681263003E5196 /* HudHudTests */ = {
			isa = PBXGroup;
			children = (
				CDAE05582B681263003E5196 /* HudHudTests.swift */,
				9BEE112FA7A7DEC6C5B724D2 /* CalculateTests.swift */,
			);
			path = HudHudTests;
			sourceTree = "<group>";
		};
		CDAE05612B681263003E5196 /* HudHudUITests */ = {
			isa = PBXGroup;
			children = (
				CDAE05622B681263003E5196 /* HudHudUITests.swift */,
			);
			path = HudHudUITests;
			sourceTree = "<group>";
		};
		CDAE05832B691564003E5196 /* Frameworks */ = {
			isa = PBXGroup;
			children = (
			);
			name = Frameworks;
			sourceTree = "<group>";
		};
		D14C3F8A5C428C7F0A18A65A /* Views */ = {
			isa = PBXGroup;
			children = (
				14EB9DF8741B47192AE67646 /* CategoriesBanner */,
				EA1DDF0CC8C6FE9D396004B2 /* MapLayers */,
				AA1E80A95AFCDC7507E3B613 /* Navigation */,
				CDAE05472B681261003E5196 /* HudHudApp.swift */,
				CDAE05492B681261003E5196 /* ContentView.swift */,
				CD85CB282BB343BA00C99774 /* DebugStreetView.swift */,
				CD8C5A212BA36194002EBE8A /* NotificationBanner.swift */,
				47261C3992C3EF31C3C8615D /* CurrentLocationButton.swift */,
				CD59BD4B2B768FAB002C14F6 /* DictionaryView.swift */,
				007CF1E6E5E752BA06003788 /* POIDetailSheet.swift */,
				CD59BD492B762CB7002C14F6 /* SearchResultItemView.swift */,
				DF6A440B8E1A4D088A7F38BF /* SearchSheet.swift */,
				90B143BB2BA9A2170086FD4B /* SearchSectionView.swift */,
				FDDEE3732E50FB8353018FA8 /* FavoriteCategories */,
				4BC94EC9B506BD539BAA3AC8 /* PoiTile */,
				99E435A00BB464A6561C2838 /* MapButtons */,
				D3D89A75A4AE49BA7CD24A41 /* TrafficChart */,
				D3EA6EE6A85C9B04C2ADA124 /* DirectionsModePicker */,
				DDB3524C35FA323F3BF513E1 /* ABCRouteConfiguration */,
				0501F8CA3F8917530B09D712 /* MapStyles.swift */,
				EF5F0AAEF1A14272DF224AEF /* RecentSearchResultsView.swift */,
				C7B635BBF85CDA2090358645 /* StreetView.swift */,
				1796352BDB2448B1DC1EC645 /* ErrorView.swift */,
				79C2459DEB8C0FF5BFA4A29A /* WebView.swift */,
				597326CCB1F4D6DDF9D8945A /* PadSheet */,
				032B9F89AE6B117C05892563 /* AdditionalPOIDetailsView.swift */,
				9B5DC089E85AAA3355D8FCA9 /* RootSheetView.swift */,
			);
			path = Views;
			sourceTree = "<group>";
		};
		D3D89A75A4AE49BA7CD24A41 /* TrafficChart */ = {
			isa = PBXGroup;
			children = (
				13C782C2E65CCDFE5A422F61 /* TrafficChartData.swift */,
				557A9FF81C4443860134AE6F /* TrafficChartView.swift */,
			);
			path = TrafficChart;
			sourceTree = "<group>";
		};
		D3EA6EE6A85C9B04C2ADA124 /* DirectionsModePicker */ = {
			isa = PBXGroup;
			children = (
				1E69A6191475F5E54A62147D /* DirectionModeButton.swift */,
				BE145840AB4B8912DF270355 /* DirectionModePickerView.swift */,
				E2B25AD07A90CBA08ACF2C1A /* DirectionModePickerData.swift */,
			);
			path = DirectionsModePicker;
			sourceTree = "<group>";
		};
		DDB3524C35FA323F3BF513E1 /* ABCRouteConfiguration */ = {
			isa = PBXGroup;
			children = (
				B9875641FCB6ADB41C86D659 /* ABCRouteConfigurationView.swift */,
				C402287045B111EE9DE49203 /* ABCRouteConfigurationData.swift */,
			);
			path = ABCRouteConfiguration;
			sourceTree = "<group>";
		};
		E7744EF283A09BCBB542C54E /* Extensions */ = {
			isa = PBXGroup;
			children = (
				399B3BCB097127A460F4081C /* CaseIterable.swift */,
				C0A695DB7604A3A9FCAEA3C8 /* LocationStatus.swift */,
				4ACA6ACB09147ADC89262D11 /* DateFormatter.swift */,
				CB2171F72C356CBA00CB4512 /* Fonts.swift */,
				1A49E3EE7EB638EED6A6D564 /* View.swift */,
				F3BB5BFA8CB42C0446317C57 /* Backport.swift */,
				32589FE734D110C815A6168A /* LoggerSettings.swift */,
				CD4718D02BB6CECB00A24C68 /* Double+Limits.swift */,
				CD71C3632BBBD3FB009C3A1C /* Optional.swift */,
				CD71C3682BBBFF27009C3A1C /* CameraState.swift */,
				CD71C36A2BBC0F72009C3A1C /* PresentationDetent.swift */,
				CD71C36C2BBC0F84009C3A1C /* CLLocationCoordinate2D.swift */,
				CD7615642BF169C600DF2A25 /* MapViewCamera.swift */,
				8D9E5F46B48E39DAD77D58F0 /* NavigationPath.swift */,
				CD5409652C2B1A710010594E /* UIApplication+Environment.swift */,
			);
			path = Extensions;
			sourceTree = "<group>";
		};
		EA1DDF0CC8C6FE9D396004B2 /* MapLayers */ = {
			isa = PBXGroup;
			children = (
				CB3970052B81F4C300CF9D59 /* MapLayersView.swift */,
			);
			path = MapLayers;
			sourceTree = "<group>";
		};
		FB53CF8783EC95AF1ECE21DD /* Supporting Files */ = {
			isa = PBXGroup;
			children = (
				CB2171F62C3567E500CB4512 /* Fonts */,
				CDAE054B2B681263003E5196 /* Assets.xcassets */,
				CDAE05A72B69358E003E5196 /* Terrain.json */,
				912B1ACD8511E9B4FB445AD7 /* Info.plist */,
				90CBC72A2BD79D4C00F98199 /* InfoPlist.xcstrings */,
				1D5CF12207471DFDF69BCF43 /* PrivacyInfo.xcprivacy */,
				907F1F7D2BD4F95100B4993E /* Localizable.xcstrings */,
				8BC5EF59D0560111421BC3F8 /* StreetView */,
			);
			path = "Supporting Files";
			sourceTree = "<group>";
		};
		FDDEE3732E50FB8353018FA8 /* FavoriteCategories */ = {
			isa = PBXGroup;
			children = (
				D888B551A37E903ADC0F10AE /* FavoriteCategoriesButton.swift */,
				38A1458661BDED4DB8638E1A /* FavoriteCategoriesView.swift */,
				3760EBC4B1F226421C99ED43 /* FavoritesItem.swift */,
				F30A5CB20536F4E1F5FBF3B1 /* FavoritesViewMoreView.swift */,
				B8232AC2436288708553ED16 /* EditFavoritesFormView.swift */,
				6DE8B2A492D814BFAA412962 /* FavoriteItemView.swift */,
			);
			path = FavoriteCategories;
			sourceTree = "<group>";
		};
/* End PBXGroup section */

/* Begin PBXNativeTarget section */
		CDAE05432B681261003E5196 /* HudHud */ = {
			isa = PBXNativeTarget;
			buildConfigurationList = CDAE05682B681263003E5196 /* Build configuration list for PBXNativeTarget "HudHud" */;
			buildPhases = (
				CDAE05402B681261003E5196 /* Sources */,
				CDAE05412B681261003E5196 /* Frameworks */,
				CDAE05422B681261003E5196 /* Resources */,
				FE7960E4C67183E512394CEE /* Setup custom git hooks */,
			);
			buildRules = (
			);
			dependencies = (
				AF1BD7FB2C3EBECE00F9866F /* PBXTargetDependency */,
				9F035647C36F25452656EE0D /* PBXTargetDependency */,
			);
			name = HudHud;
			packageProductDependencies = (
				CDAE05EB2B6A87B4003E5196 /* SwiftLocation */,
				CD59BD702B7CD967002C14F6 /* SFSafeSymbols */,
				CD1BD8AC2B9087C100A591BD /* MapLibre */,
				CD8C5A1F2BA342A5002EBE8A /* SimpleToast */,
				BC8E1D9CC7D3AAC1051857FA /* MapLibre */,
				C7AFBB29CC507D42D1538B2C /* MapboxNavigation */,
				DE3A66FF070A2B17657129E4 /* MapLibre */,
				CD33DFEB2C00CA670090592C /* MapLibreSwiftDSL */,
				CD33DFED2C00CA670090592C /* MapLibreSwiftUI */,
				FF82BD7DCFFCC2C9044E4E32 /* NavigationTransitions */,
				62678BC6BA8A80DCF2EBF8B8 /* BetterSafariView */,
				197E2670D487EB0CF03C2AF6 /* NavigationTransitions */,
				8A90C00DC16DBC95E09E4CF4 /* BetterSafariView */,
				C59FBA3C1C46E50602C5C2DC /* BackendService */,
				16C899CF51549F0E68B441D0 /* TouchVisualizer */,
			);
			productName = HudHud;
			productReference = CDAE05442B681261003E5196 /* HudHud.app */;
			productType = "com.apple.product-type.application";
		};
		CDAE05532B681263003E5196 /* HudHudTests */ = {
			isa = PBXNativeTarget;
			buildConfigurationList = CDAE056B2B681263003E5196 /* Build configuration list for PBXNativeTarget "HudHudTests" */;
			buildPhases = (
				CDAE05502B681263003E5196 /* Sources */,
				CDAE05512B681263003E5196 /* Frameworks */,
				CDAE05522B681263003E5196 /* Resources */,
			);
			buildRules = (
			);
			dependencies = (
				CDAE05562B681263003E5196 /* PBXTargetDependency */,
			);
			name = HudHudTests;
			productName = HudHudTests;
			productReference = CDAE05542B681263003E5196 /* HudHudTests.xctest */;
			productType = "com.apple.product-type.bundle.unit-test";
		};
		CDAE055D2B681263003E5196 /* HudHudUITests */ = {
			isa = PBXNativeTarget;
			buildConfigurationList = CDAE056E2B681263003E5196 /* Build configuration list for PBXNativeTarget "HudHudUITests" */;
			buildPhases = (
				CDAE055A2B681263003E5196 /* Sources */,
				CDAE055B2B681263003E5196 /* Frameworks */,
				CDAE055C2B681263003E5196 /* Resources */,
			);
			buildRules = (
			);
			dependencies = (
				CDAE05602B681263003E5196 /* PBXTargetDependency */,
			);
			name = HudHudUITests;
			productName = HudHudUITests;
			productReference = CDAE055E2B681263003E5196 /* HudHudUITests.xctest */;
			productType = "com.apple.product-type.bundle.ui-testing";
		};
/* End PBXNativeTarget section */

/* Begin PBXProject section */
		CDAE053C2B681261003E5196 /* Project object */ = {
			isa = PBXProject;
			attributes = {
				BuildIndependentTargetsInParallel = 1;
				LastSwiftUpdateCheck = 1520;
				LastUpgradeCheck = 1540;
				ORGANIZATIONNAME = HudHud;
				TargetAttributes = {
					CDAE05432B681261003E5196 = {
						CreatedOnToolsVersion = 15.2;
						LastSwiftMigration = 1520;
					};
					CDAE05532B681263003E5196 = {
						CreatedOnToolsVersion = 15.2;
						TestTargetID = CDAE05432B681261003E5196;
					};
					CDAE055D2B681263003E5196 = {
						CreatedOnToolsVersion = 15.2;
						TestTargetID = CDAE05432B681261003E5196;
					};
				};
			};
			buildConfigurationList = CDAE053F2B681261003E5196 /* Build configuration list for PBXProject "HudHud" */;
			compatibilityVersion = "Xcode 14.0";
			developmentRegion = en;
			hasScannedForEncodings = 0;
			knownRegions = (
				en,
				Base,
				ar,
			);
			mainGroup = CDAE053B2B681261003E5196;
			packageReferences = (
				CDAE05EA2B6A87B4003E5196 /* XCRemoteSwiftPackageReference "SwiftLocation" */,
				CD59BD6F2B7CD967002C14F6 /* XCRemoteSwiftPackageReference "SFSafeSymbols" */,
				ABFE8D4C28D074EE746DCBA3 /* XCRemoteSwiftPackageReference "SwiftLintPlugin" */,
				CD8C5A1E2BA342A5002EBE8A /* XCRemoteSwiftPackageReference "SimpleToast" */,
				CD33DFEA2C00CA670090592C /* XCRemoteSwiftPackageReference "maplibre-swiftui-dsl-playground" */,
				E08FFC1B85D7863F0FC15363 /* XCRemoteSwiftPackageReference "swiftui-navigation-transitions" */,
				9FFA28B753F4978E75DBEA8F /* XCRemoteSwiftPackageReference "BetterSafariView2" */,
				E14252BA6A0FF1D3C429EBF3 /* XCRemoteSwiftPackageReference "swiftui-navigation-transitions" */,
				002A114EC5CED45A52C1AD2E /* XCRemoteSwiftPackageReference "BetterSafariView2" */,
				FBEDEF1CFE739BF4E219A7F2 /* XCRemoteSwiftPackageReference "TouchVisualizer" */,
				A526244ADD0FDD45DFCF644E /* XCRemoteSwiftPackageReference "maplibre-swiftui-dsl-playground" */,
				D5724E08B66A507C51B7D320 /* XCRemoteSwiftPackageReference "maplibre-swiftui-dsl-playground" */,
			);
			productRefGroup = CDAE05452B681261003E5196 /* Products */;
			projectDirPath = "";
			projectRoot = "";
			targets = (
				CDAE05432B681261003E5196 /* HudHud */,
				CDAE05532B681263003E5196 /* HudHudTests */,
				CDAE055D2B681263003E5196 /* HudHudUITests */,
			);
		};
/* End PBXProject section */

/* Begin PBXResourcesBuildPhase section */
		CDAE05422B681261003E5196 /* Resources */ = {
			isa = PBXResourcesBuildPhase;
			buildActionMask = 2147483647;
			files = (
				CB2171EF2C3567D500CB4512 /* PlusJakartaSans-ExtraLight.ttf in Resources */,
				CD1298832B99031E00EC3295 /* Preview Assets.xcassets in Resources */,
				CD1298822B99031E00EC3295 /* Riyadh.gpx in Resources */,
				CB2171F12C3567D500CB4512 /* PlusJakartaSans-ExtraLightItalic.ttf in Resources */,
				CB2171F52C3567D500CB4512 /* PlusJakartaSans-BoldItalic.ttf in Resources */,
				CD1298842B99031E00EC3295 /* toursprung-navigation-sample.json in Resources */,
				CDAE05A82B69358E003E5196 /* Terrain.json in Resources */,
				CB2171EE2C3567D500CB4512 /* PlusJakartaSans-ExtraBoldItalic.ttf in Resources */,
				CDAE054C2B681263003E5196 /* Assets.xcassets in Resources */,
				907F1F7E2BD4F95100B4993E /* Localizable.xcstrings in Resources */,
				CB2171F42C3567D500CB4512 /* PlusJakartaSans-Bold.ttf in Resources */,
				CB2171E82C3567D500CB4512 /* PlusJakartaSans-ExtraBold.ttf in Resources */,
				CB2171EB2C3567D500CB4512 /* PlusJakartaSans-SemiBold.ttf in Resources */,
				CB2171EA2C3567D500CB4512 /* PlusJakartaSans-LightItalic.ttf in Resources */,
				90CBC72B2BD79D4C00F98199 /* InfoPlist.xcstrings in Resources */,
				F3D48123732491BBDEC771AF /* PrivacyInfo.xcprivacy in Resources */,
				CB2171F32C3567D500CB4512 /* PlusJakartaSans-MediumItalic.ttf in Resources */,
				CB2171F02C3567D500CB4512 /* PlusJakartaSans-Regular.ttf in Resources */,
				CB2171ED2C3567D500CB4512 /* PlusJakartaSans-Italic.ttf in Resources */,
				CB2171EC2C3567D500CB4512 /* PlusJakartaSans-Medium.ttf in Resources */,
				CB2171E92C3567D500CB4512 /* PlusJakartaSans-Light.ttf in Resources */,
				D811C7BCC8E737CD5281D017 /* pannellum.css in Resources */,
				CB2171F22C3567D500CB4512 /* PlusJakartaSans-SemiBoldItalic.ttf in Resources */,
				C33A9F84AF743524F6EEFE33 /* pannellum.js in Resources */,
				253BCFDA8087C938D044B441 /* streetview.html in Resources */,
			);
			runOnlyForDeploymentPostprocessing = 0;
		};
		CDAE05522B681263003E5196 /* Resources */ = {
			isa = PBXResourcesBuildPhase;
			buildActionMask = 2147483647;
			files = (
			);
			runOnlyForDeploymentPostprocessing = 0;
		};
		CDAE055C2B681263003E5196 /* Resources */ = {
			isa = PBXResourcesBuildPhase;
			buildActionMask = 2147483647;
			files = (
			);
			runOnlyForDeploymentPostprocessing = 0;
		};
/* End PBXResourcesBuildPhase section */

/* Begin PBXShellScriptBuildPhase section */
		FE7960E4C67183E512394CEE /* Setup custom git hooks */ = {
			isa = PBXShellScriptBuildPhase;
			alwaysOutOfDate = 1;
			buildActionMask = 2147483647;
			files = (
			);
			inputFileListPaths = (
			);
			inputPaths = (
				"$(SRCROOT)/.git/HEAD",
			);
			name = "Setup custom git hooks";
			outputFileListPaths = (
			);
			outputPaths = (
				"$(SRCROOT)/.git/config.lock",
				"$(SRCROOT)/.git/config",
			);
			runOnlyForDeploymentPostprocessing = 0;
			shellPath = /bin/sh;
			shellScript = "# This allows us to use the commited git hooks scripts\n# Takes <0.1s to run and don't need manual setup which could be forgotten\ngit config core.hooksPath .githooks\n";
		};
/* End PBXShellScriptBuildPhase section */

/* Begin PBXSourcesBuildPhase section */
		CDAE05402B681261003E5196 /* Sources */ = {
			isa = PBXSourcesBuildPhase;
			buildActionMask = 2147483647;
			files = (
				90CBC0422B832390009ADD79 /* DirectionsSummaryView.swift in Sources */,
				CB3970382B85E87300CF9D59 /* PoiTileView.swift in Sources */,
				CD71C3692BBBFF27009C3A1C /* CameraState.swift in Sources */,
				CD59BD4C2B768FAB002C14F6 /* DictionaryView.swift in Sources */,
				CB3970412B85EE8300CF9D59 /* PoiTileGridView.swift in Sources */,
				CB396FF82B7C1A4900CF9D59 /* CatagoryBannerData.swift in Sources */,
				CD4718D12BB6CECB00A24C68 /* Double+Limits.swift in Sources */,
				CB494DB92BC1078B00B67A22 /* NavigationSheetView.swift in Sources */,
				CB3970062B81F4C300CF9D59 /* MapLayersView.swift in Sources */,
				90CBC0492B8362E3009ADD79 /* DirectionPreviewData.swift in Sources */,
				CD71C36D2BBC0F84009C3A1C /* CLLocationCoordinate2D.swift in Sources */,
				CD71C3642BBBD3FB009C3A1C /* Optional.swift in Sources */,
				90B143BC2BA9A2170086FD4B /* SearchSectionView.swift in Sources */,
				CD7615652BF169C600DF2A25 /* MapViewCamera.swift in Sources */,
				CD59BD4A2B762CB7002C14F6 /* SearchResultItemView.swift in Sources */,
				CD5409662C2B1A710010594E /* UIApplication+Environment.swift in Sources */,
				CD22195A2BBFF0F300042564 /* Previewable.swift in Sources */,
				CB396FF62B7C134500CF9D59 /* CategoriesBannerView.swift in Sources */,
				CD71C3622BBBD186009C3A1C /* StreetViewPoint.swift in Sources */,
				CDAE054A2B681261003E5196 /* ContentView.swift in Sources */,
				CDAE05482B681261003E5196 /* HudHudApp.swift in Sources */,
				CD71C36B2BBC0F72009C3A1C /* PresentationDetent.swift in Sources */,
				CB396FFD2B7C1C6D00CF9D59 /* ButtonsStyle.swift in Sources */,
				A5AF982C0CAE3C5501EF2358 /* LocationStatus.swift in Sources */,
				FB007D5D865AD359A22A793A /* SearchViewStore.swift in Sources */,
				CDA05D862C0E270600903396 /* HudHudRouteVoiceController.swift in Sources */,
				81DBA484103DCC5F3F5BF435 /* CaseIterable.swift in Sources */,
				D92570A76E49CBBBE8888854 /* CurrentLocationButton.swift in Sources */,
				33589DA0974EBF761082DF6B /* POIDetailSheet.swift in Sources */,
				CD33DFDF2C00C5EF0090592C /* DebugStore.swift in Sources */,
				CB2171F82C356CBA00CB4512 /* Fonts.swift in Sources */,
				01CE15C8D3AE81FF4982F21C /* SearchSheet.swift in Sources */,
				CD85CB2E2BB4651B00C99774 /* Averageable.swift in Sources */,
				CD8C5A222BA36194002EBE8A /* NotificationBanner.swift in Sources */,
				3176C3DEBD8E241371957C1B /* FavoriteCategoriesView.swift in Sources */,
				E9E5140ACC8FF24A0BCAD5E7 /* FavoriteCategoriesButton.swift in Sources */,
				825C6676E341DD543C305950 /* MapStore.swift in Sources */,
				5E2EF96C66B7E02BAB956569 /* MapButtonsView.swift in Sources */,
				341E4B6C4684A6B24700C609 /* MapButtonsData.swift in Sources */,
				FB0FAF112891FD096E9FDE20 /* DateFormatter.swift in Sources */,
				CD2219582BBFDBEE00042564 /* MotionViewModel.swift in Sources */,
				0C5E645F1BC86109A3EFAB57 /* TrafficChartData.swift in Sources */,
				061CE591783C48AD3128B361 /* TrafficChartView.swift in Sources */,
				793E758EECDC7A472C3610C1 /* DirectionModeButton.swift in Sources */,
				A3A4BC2269B8DDE7FE30C20C /* DirectionModePickerView.swift in Sources */,
				C3952F3D75F8B5D3FB740D12 /* DirectionModePickerData.swift in Sources */,
				CEF9D7EFC36E13981A0E8B2E /* ABCRouteConfigurationView.swift in Sources */,
				9D9D87FC3C81D241890D0491 /* ABCRouteConfigurationData.swift in Sources */,
				CD85CB292BB343BA00C99774 /* DebugStreetView.swift in Sources */,
				A2533A5D8F32B5F9B6CF6541 /* View.swift in Sources */,
				3D9A58AD82B827B7351F7EC9 /* Backport.swift in Sources */,
				82C62072D045681D48E8E538 /* LoggerSettings.swift in Sources */,
				4116CCE959A6D1222369C4FD /* MapStyles.swift in Sources */,
				74DB84CE3696AE379EEA2F90 /* RecentSearchResultsView.swift in Sources */,
				4C8F2777E10B77217C6B2E9D /* ErrorView.swift in Sources */,
				9628E8F074C51BC707B44367 /* WebView.swift in Sources */,
				80FC33228F84547305447C36 /* StreetView.swift in Sources */,
				655050EE383E8EE14E53ED75 /* MapLayerIdentifier.swift in Sources */,
				CD33DFDE2C00C5EF0090592C /* DebugMenuView.swift in Sources */,
				EB9ADA23EE159AB81B8D2952 /* PadSheetView.swift in Sources */,
				1AC5760E84910AC87B3249EF /* PadSheetGesture.swift in Sources */,
				DDDAE7DF8EDBDBFA3511DF94 /* SafariWebView.swift in Sources */,
				D95229F7DD838754EBE1CEC4 /* MapSourceIdentifier.swift in Sources */,
				0F3F0BC2A6BA985F6E2793EA /* AdditionalPOIDetailsView.swift in Sources */,
				8839330A439E52AEA9D018D5 /* Formatters.swift in Sources */,
				76A94ED914F93F147AD7AED7 /* NavigationPath.swift in Sources */,
				D14444B9E05D960BD399F8C0 /* RootSheetView.swift in Sources */,
				92D12261D6E18DE071B8ED63 /* TouchManager.swift in Sources */,
				2409D3C3AFE6295AB6393DB8 /* NotificationManager.swift in Sources */,
				7742B361095204C62D370E88 /* RateNavigationView.swift in Sources */,
				A911B23F449A2EF31C7CCD42 /* FavoriteItemView.swift in Sources */,
				A8ED4AD2D032B72F260DBD93 /* EditFavoritesFormView.swift in Sources */,
				C5462835B3BCC838FB43AF54 /* FavoritesItem.swift in Sources */,
				E7A2C10092F4E9E7795B01F5 /* FavoritesViewMoreView.swift in Sources */,
			);
			runOnlyForDeploymentPostprocessing = 0;
		};
		CDAE05502B681263003E5196 /* Sources */ = {
			isa = PBXSourcesBuildPhase;
			buildActionMask = 2147483647;
			files = (
				CDAE05592B681263003E5196 /* HudHudTests.swift in Sources */,
				FF8E88E9065A59885E75605B /* CalculateTests.swift in Sources */,
			);
			runOnlyForDeploymentPostprocessing = 0;
		};
		CDAE055A2B681263003E5196 /* Sources */ = {
			isa = PBXSourcesBuildPhase;
			buildActionMask = 2147483647;
			files = (
				CDAE05632B681263003E5196 /* HudHudUITests.swift in Sources */,
			);
			runOnlyForDeploymentPostprocessing = 0;
		};
/* End PBXSourcesBuildPhase section */

/* Begin PBXTargetDependency section */
		9F035647C36F25452656EE0D /* PBXTargetDependency */ = {
			isa = PBXTargetDependency;
		};
		AF1BD7FB2C3EBECE00F9866F /* PBXTargetDependency */ = {
			isa = PBXTargetDependency;
			productRef = AF1BD7FA2C3EBECE00F9866F /* SwiftLint */;
		};
		CDAE05562B681263003E5196 /* PBXTargetDependency */ = {
			isa = PBXTargetDependency;
			target = CDAE05432B681261003E5196 /* HudHud */;
			targetProxy = CDAE05552B681263003E5196 /* PBXContainerItemProxy */;
		};
		CDAE05602B681263003E5196 /* PBXTargetDependency */ = {
			isa = PBXTargetDependency;
			target = CDAE05432B681261003E5196 /* HudHud */;
			targetProxy = CDAE055F2B681263003E5196 /* PBXContainerItemProxy */;
		};
/* End PBXTargetDependency section */

/* Begin XCBuildConfiguration section */
		CDAE05662B681263003E5196 /* Debug */ = {
			isa = XCBuildConfiguration;
			buildSettings = {
				ALWAYS_SEARCH_USER_PATHS = NO;
				ASSETCATALOG_COMPILER_GENERATE_SWIFT_ASSET_SYMBOL_EXTENSIONS = YES;
				CLANG_ANALYZER_LOCALIZABILITY_NONLOCALIZED = YES;
				CLANG_ANALYZER_NONNULL = YES;
				CLANG_ANALYZER_NUMBER_OBJECT_CONVERSION = YES_AGGRESSIVE;
				CLANG_CXX_LANGUAGE_STANDARD = "gnu++20";
				CLANG_ENABLE_MODULES = YES;
				CLANG_ENABLE_OBJC_ARC = YES;
				CLANG_ENABLE_OBJC_WEAK = YES;
				CLANG_WARN_BLOCK_CAPTURE_AUTORELEASING = YES;
				CLANG_WARN_BOOL_CONVERSION = YES;
				CLANG_WARN_COMMA = YES;
				CLANG_WARN_CONSTANT_CONVERSION = YES;
				CLANG_WARN_DEPRECATED_OBJC_IMPLEMENTATIONS = YES;
				CLANG_WARN_DIRECT_OBJC_ISA_USAGE = YES_ERROR;
				CLANG_WARN_DOCUMENTATION_COMMENTS = YES;
				CLANG_WARN_EMPTY_BODY = YES;
				CLANG_WARN_ENUM_CONVERSION = YES;
				CLANG_WARN_INFINITE_RECURSION = YES;
				CLANG_WARN_INT_CONVERSION = YES;
				CLANG_WARN_NON_LITERAL_NULL_CONVERSION = YES;
				CLANG_WARN_OBJC_IMPLICIT_RETAIN_SELF = YES;
				CLANG_WARN_OBJC_LITERAL_CONVERSION = YES;
				CLANG_WARN_OBJC_ROOT_CLASS = YES_ERROR;
				CLANG_WARN_QUOTED_INCLUDE_IN_FRAMEWORK_HEADER = YES;
				CLANG_WARN_RANGE_LOOP_ANALYSIS = YES;
				CLANG_WARN_STRICT_PROTOTYPES = YES;
				CLANG_WARN_SUSPICIOUS_MOVE = YES;
				CLANG_WARN_UNGUARDED_AVAILABILITY = YES_AGGRESSIVE;
				CLANG_WARN_UNREACHABLE_CODE = YES;
				CLANG_WARN__DUPLICATE_METHOD_MATCH = YES;
				COPY_PHASE_STRIP = NO;
				CURRENT_PROJECT_VERSION = 1;
				DEBUG_INFORMATION_FORMAT = dwarf;
				ENABLE_STRICT_OBJC_MSGSEND = YES;
				ENABLE_TESTABILITY = YES;
				ENABLE_USER_SCRIPT_SANDBOXING = YES;
				GCC_C_LANGUAGE_STANDARD = gnu17;
				GCC_DYNAMIC_NO_PIC = NO;
				GCC_NO_COMMON_BLOCKS = YES;
				GCC_OPTIMIZATION_LEVEL = 0;
				GCC_PREPROCESSOR_DEFINITIONS = (
					"DEBUG=1",
					"$(inherited)",
				);
				GCC_WARN_64_TO_32_BIT_CONVERSION = YES;
				GCC_WARN_ABOUT_RETURN_TYPE = YES_ERROR;
				GCC_WARN_UNDECLARED_SELECTOR = YES;
				GCC_WARN_UNINITIALIZED_AUTOS = YES_AGGRESSIVE;
				GCC_WARN_UNUSED_FUNCTION = YES;
				GCC_WARN_UNUSED_VARIABLE = YES;
				GENERATE_INFOPLIST_FILE = YES;
				IPHONEOS_DEPLOYMENT_TARGET = 16.6;
				LOCALIZATION_PREFERS_STRING_CATALOGS = YES;
				MARKETING_VERSION = 1.0;
				MTL_ENABLE_DEBUG_INFO = INCLUDE_SOURCE;
				MTL_FAST_MATH = YES;
				ONLY_ACTIVE_ARCH = YES;
				SDKROOT = iphoneos;
				SWIFT_ACTIVE_COMPILATION_CONDITIONS = "DEBUG $(inherited)";
				SWIFT_OPTIMIZATION_LEVEL = "-Onone";
			};
			name = Debug;
		};
		CDAE05672B681263003E5196 /* Release */ = {
			isa = XCBuildConfiguration;
			buildSettings = {
				ALWAYS_SEARCH_USER_PATHS = NO;
				ASSETCATALOG_COMPILER_GENERATE_SWIFT_ASSET_SYMBOL_EXTENSIONS = YES;
				CLANG_ANALYZER_LOCALIZABILITY_NONLOCALIZED = YES;
				CLANG_ANALYZER_NONNULL = YES;
				CLANG_ANALYZER_NUMBER_OBJECT_CONVERSION = YES_AGGRESSIVE;
				CLANG_CXX_LANGUAGE_STANDARD = "gnu++20";
				CLANG_ENABLE_MODULES = YES;
				CLANG_ENABLE_OBJC_ARC = YES;
				CLANG_ENABLE_OBJC_WEAK = YES;
				CLANG_WARN_BLOCK_CAPTURE_AUTORELEASING = YES;
				CLANG_WARN_BOOL_CONVERSION = YES;
				CLANG_WARN_COMMA = YES;
				CLANG_WARN_CONSTANT_CONVERSION = YES;
				CLANG_WARN_DEPRECATED_OBJC_IMPLEMENTATIONS = YES;
				CLANG_WARN_DIRECT_OBJC_ISA_USAGE = YES_ERROR;
				CLANG_WARN_DOCUMENTATION_COMMENTS = YES;
				CLANG_WARN_EMPTY_BODY = YES;
				CLANG_WARN_ENUM_CONVERSION = YES;
				CLANG_WARN_INFINITE_RECURSION = YES;
				CLANG_WARN_INT_CONVERSION = YES;
				CLANG_WARN_NON_LITERAL_NULL_CONVERSION = YES;
				CLANG_WARN_OBJC_IMPLICIT_RETAIN_SELF = YES;
				CLANG_WARN_OBJC_LITERAL_CONVERSION = YES;
				CLANG_WARN_OBJC_ROOT_CLASS = YES_ERROR;
				CLANG_WARN_QUOTED_INCLUDE_IN_FRAMEWORK_HEADER = YES;
				CLANG_WARN_RANGE_LOOP_ANALYSIS = YES;
				CLANG_WARN_STRICT_PROTOTYPES = YES;
				CLANG_WARN_SUSPICIOUS_MOVE = YES;
				CLANG_WARN_UNGUARDED_AVAILABILITY = YES_AGGRESSIVE;
				CLANG_WARN_UNREACHABLE_CODE = YES;
				CLANG_WARN__DUPLICATE_METHOD_MATCH = YES;
				COPY_PHASE_STRIP = NO;
				CURRENT_PROJECT_VERSION = 1;
				DEBUG_INFORMATION_FORMAT = "dwarf-with-dsym";
				ENABLE_NS_ASSERTIONS = NO;
				ENABLE_STRICT_OBJC_MSGSEND = YES;
				ENABLE_USER_SCRIPT_SANDBOXING = YES;
				GCC_C_LANGUAGE_STANDARD = gnu17;
				GCC_NO_COMMON_BLOCKS = YES;
				GCC_WARN_64_TO_32_BIT_CONVERSION = YES;
				GCC_WARN_ABOUT_RETURN_TYPE = YES_ERROR;
				GCC_WARN_UNDECLARED_SELECTOR = YES;
				GCC_WARN_UNINITIALIZED_AUTOS = YES_AGGRESSIVE;
				GCC_WARN_UNUSED_FUNCTION = YES;
				GCC_WARN_UNUSED_VARIABLE = YES;
				GENERATE_INFOPLIST_FILE = YES;
				IPHONEOS_DEPLOYMENT_TARGET = 16.6;
				LOCALIZATION_PREFERS_STRING_CATALOGS = YES;
				MARKETING_VERSION = 1.0;
				MTL_ENABLE_DEBUG_INFO = NO;
				MTL_FAST_MATH = YES;
				SDKROOT = iphoneos;
				SWIFT_COMPILATION_MODE = wholemodule;
				VALIDATE_PRODUCT = YES;
			};
			name = Release;
		};
		CDAE05692B681263003E5196 /* Debug */ = {
			isa = XCBuildConfiguration;
			buildSettings = {
				ASSETCATALOG_COMPILER_APPICON_NAME = AppIcon;
				ASSETCATALOG_COMPILER_GLOBAL_ACCENT_COLOR_NAME = AccentColor;
				CLANG_ENABLE_MODULES = YES;
				CODE_SIGN_IDENTITY = "Apple Development";
				CODE_SIGN_STYLE = Automatic;
				DEVELOPMENT_ASSET_PATHS = "\"HudHud/Preview Content\"";
				DEVELOPMENT_TEAM = 8Q8YMY5389;
				ENABLE_PREVIEWS = YES;
				INFOPLIST_FILE = "HudHud/Supporting Files/Info.plist";
				INFOPLIST_KEY_NSLocationAlwaysAndWhenInUseUsageDescription = "Allows HudHud to show your location on the map";
				INFOPLIST_KEY_NSLocationWhenInUseUsageDescription = "Allows HudHud to show your location on the map";
				INFOPLIST_KEY_UIApplicationSceneManifest_Generation = YES;
				INFOPLIST_KEY_UIApplicationSupportsIndirectInputEvents = YES;
				INFOPLIST_KEY_UILaunchScreen_Generation = YES;
				INFOPLIST_KEY_UISupportedInterfaceOrientations_iPad = "UIInterfaceOrientationPortrait UIInterfaceOrientationPortraitUpsideDown UIInterfaceOrientationLandscapeLeft UIInterfaceOrientationLandscapeRight";
				INFOPLIST_KEY_UISupportedInterfaceOrientations_iPhone = "UIInterfaceOrientationPortrait UIInterfaceOrientationLandscapeLeft UIInterfaceOrientationLandscapeRight";
				LD_RUNPATH_SEARCH_PATHS = (
					"$(inherited)",
					"@executable_path/Frameworks",
				);
				PRODUCT_BUNDLE_IDENTIFIER = sa.hudhud.map;
				PRODUCT_NAME = "$(TARGET_NAME)";
				PROVISIONING_PROFILE_SPECIFIER = "";
				SWIFT_EMIT_LOC_STRINGS = YES;
				SWIFT_OPTIMIZATION_LEVEL = "-Onone";
				SWIFT_VERSION = 5.0;
				TARGETED_DEVICE_FAMILY = "1,2";
			};
			name = Debug;
		};
		CDAE056A2B681263003E5196 /* Release */ = {
			isa = XCBuildConfiguration;
			buildSettings = {
				ASSETCATALOG_COMPILER_APPICON_NAME = AppIcon;
				ASSETCATALOG_COMPILER_GLOBAL_ACCENT_COLOR_NAME = AccentColor;
				CLANG_ENABLE_MODULES = YES;
				CODE_SIGN_IDENTITY = "Apple Development";
				CODE_SIGN_STYLE = Automatic;
				DEVELOPMENT_ASSET_PATHS = "\"HudHud/Preview Content\"";
				DEVELOPMENT_TEAM = 8Q8YMY5389;
				ENABLE_PREVIEWS = YES;
				INFOPLIST_FILE = "HudHud/Supporting Files/Info.plist";
				INFOPLIST_KEY_NSLocationAlwaysAndWhenInUseUsageDescription = "Allows HudHud to show your location on the map";
				INFOPLIST_KEY_NSLocationWhenInUseUsageDescription = "Allows HudHud to show your location on the map";
				INFOPLIST_KEY_UIApplicationSceneManifest_Generation = YES;
				INFOPLIST_KEY_UIApplicationSupportsIndirectInputEvents = YES;
				INFOPLIST_KEY_UILaunchScreen_Generation = YES;
				INFOPLIST_KEY_UISupportedInterfaceOrientations_iPad = "UIInterfaceOrientationPortrait UIInterfaceOrientationPortraitUpsideDown UIInterfaceOrientationLandscapeLeft UIInterfaceOrientationLandscapeRight";
				INFOPLIST_KEY_UISupportedInterfaceOrientations_iPhone = "UIInterfaceOrientationPortrait UIInterfaceOrientationLandscapeLeft UIInterfaceOrientationLandscapeRight";
				LD_RUNPATH_SEARCH_PATHS = (
					"$(inherited)",
					"@executable_path/Frameworks",
				);
				PRODUCT_BUNDLE_IDENTIFIER = sa.hudhud.map;
				PRODUCT_NAME = "$(TARGET_NAME)";
				PROVISIONING_PROFILE_SPECIFIER = "";
				SWIFT_EMIT_LOC_STRINGS = YES;
				SWIFT_VERSION = 5.0;
				TARGETED_DEVICE_FAMILY = "1,2";
			};
			name = Release;
		};
		CDAE056C2B681263003E5196 /* Debug */ = {
			isa = XCBuildConfiguration;
			buildSettings = {
				ALWAYS_EMBED_SWIFT_STANDARD_LIBRARIES = YES;
				BUNDLE_LOADER = "$(TEST_HOST)";
				CODE_SIGN_STYLE = Automatic;
				CURRENT_PROJECT_VERSION = 1;
				DEVELOPMENT_TEAM = YN76B7J2LN;
				GENERATE_INFOPLIST_FILE = YES;
				MARKETING_VERSION = 1.0;
				PRODUCT_BUNDLE_IDENTIFIER = sa.hudhud.map.HudHudTests;
				PRODUCT_NAME = "$(TARGET_NAME)";
				SWIFT_EMIT_LOC_STRINGS = NO;
				SWIFT_VERSION = 5.0;
				TARGETED_DEVICE_FAMILY = "1,2";
				TEST_HOST = "$(BUILT_PRODUCTS_DIR)/HudHud.app/$(BUNDLE_EXECUTABLE_FOLDER_PATH)/HudHud";
			};
			name = Debug;
		};
		CDAE056D2B681263003E5196 /* Release */ = {
			isa = XCBuildConfiguration;
			buildSettings = {
				ALWAYS_EMBED_SWIFT_STANDARD_LIBRARIES = YES;
				BUNDLE_LOADER = "$(TEST_HOST)";
				CODE_SIGN_STYLE = Automatic;
				CURRENT_PROJECT_VERSION = 1;
				DEVELOPMENT_TEAM = YN76B7J2LN;
				GENERATE_INFOPLIST_FILE = YES;
				MARKETING_VERSION = 1.0;
				PRODUCT_BUNDLE_IDENTIFIER = sa.hudhud.map.HudHudTests;
				PRODUCT_NAME = "$(TARGET_NAME)";
				SWIFT_EMIT_LOC_STRINGS = NO;
				SWIFT_VERSION = 5.0;
				TARGETED_DEVICE_FAMILY = "1,2";
				TEST_HOST = "$(BUILT_PRODUCTS_DIR)/HudHud.app/$(BUNDLE_EXECUTABLE_FOLDER_PATH)/HudHud";
			};
			name = Release;
		};
		CDAE056F2B681263003E5196 /* Debug */ = {
			isa = XCBuildConfiguration;
			buildSettings = {
				ALWAYS_EMBED_SWIFT_STANDARD_LIBRARIES = YES;
				CODE_SIGN_STYLE = Automatic;
				CURRENT_PROJECT_VERSION = 1;
				DEVELOPMENT_TEAM = YN76B7J2LN;
				GENERATE_INFOPLIST_FILE = YES;
				MARKETING_VERSION = 1.0;
				PRODUCT_BUNDLE_IDENTIFIER = sa.hudhud.map.HudHudUITests;
				PRODUCT_NAME = "$(TARGET_NAME)";
				SWIFT_EMIT_LOC_STRINGS = NO;
				SWIFT_VERSION = 5.0;
				TARGETED_DEVICE_FAMILY = "1,2";
				TEST_TARGET_NAME = HudHud;
			};
			name = Debug;
		};
		CDAE05702B681263003E5196 /* Release */ = {
			isa = XCBuildConfiguration;
			buildSettings = {
				ALWAYS_EMBED_SWIFT_STANDARD_LIBRARIES = YES;
				CODE_SIGN_STYLE = Automatic;
				CURRENT_PROJECT_VERSION = 1;
				DEVELOPMENT_TEAM = YN76B7J2LN;
				GENERATE_INFOPLIST_FILE = YES;
				MARKETING_VERSION = 1.0;
				PRODUCT_BUNDLE_IDENTIFIER = sa.hudhud.map.HudHudUITests;
				PRODUCT_NAME = "$(TARGET_NAME)";
				SWIFT_EMIT_LOC_STRINGS = NO;
				SWIFT_VERSION = 5.0;
				TARGETED_DEVICE_FAMILY = "1,2";
				TEST_TARGET_NAME = HudHud;
			};
			name = Release;
		};
/* End XCBuildConfiguration section */

/* Begin XCConfigurationList section */
		CDAE053F2B681261003E5196 /* Build configuration list for PBXProject "HudHud" */ = {
			isa = XCConfigurationList;
			buildConfigurations = (
				CDAE05662B681263003E5196 /* Debug */,
				CDAE05672B681263003E5196 /* Release */,
			);
			defaultConfigurationIsVisible = 0;
			defaultConfigurationName = Release;
		};
		CDAE05682B681263003E5196 /* Build configuration list for PBXNativeTarget "HudHud" */ = {
			isa = XCConfigurationList;
			buildConfigurations = (
				CDAE05692B681263003E5196 /* Debug */,
				CDAE056A2B681263003E5196 /* Release */,
			);
			defaultConfigurationIsVisible = 0;
			defaultConfigurationName = Release;
		};
		CDAE056B2B681263003E5196 /* Build configuration list for PBXNativeTarget "HudHudTests" */ = {
			isa = XCConfigurationList;
			buildConfigurations = (
				CDAE056C2B681263003E5196 /* Debug */,
				CDAE056D2B681263003E5196 /* Release */,
			);
			defaultConfigurationIsVisible = 0;
			defaultConfigurationName = Release;
		};
		CDAE056E2B681263003E5196 /* Build configuration list for PBXNativeTarget "HudHudUITests" */ = {
			isa = XCConfigurationList;
			buildConfigurations = (
				CDAE056F2B681263003E5196 /* Debug */,
				CDAE05702B681263003E5196 /* Release */,
			);
			defaultConfigurationIsVisible = 0;
			defaultConfigurationName = Release;
		};
/* End XCConfigurationList section */

/* Begin XCRemoteSwiftPackageReference section */
		002A114EC5CED45A52C1AD2E /* XCRemoteSwiftPackageReference "BetterSafariView2" */ = {
			isa = XCRemoteSwiftPackageReference;
			repositoryURL = "https://github.com/lake-of-fire/BetterSafariView2.git";
			requirement = {
				branch = main;
				kind = branch;
			};
		};
		60C11CEB823966EEAE3E3ED7 /* XCRemoteSwiftPackageReference "BetterSafariView2" */ = {
			isa = XCRemoteSwiftPackageReference;
			repositoryURL = "https://github.com/lake-of-fire/BetterSafariView2.git";
			requirement = {
				branch = main;
				kind = branch;
			};
		};
		7C2F1607BA06CCD480305C70 /* XCRemoteSwiftPackageReference "BetterSafariView2" */ = {
			isa = XCRemoteSwiftPackageReference;
			repositoryURL = "https://github.com/lake-of-fire/BetterSafariView2.git";
			requirement = {
				branch = main;
				kind = branch;
			};
		};
		9FFA28B753F4978E75DBEA8F /* XCRemoteSwiftPackageReference "BetterSafariView2" */ = {
			isa = XCRemoteSwiftPackageReference;
			repositoryURL = "https://github.com/lake-of-fire/BetterSafariView2.git";
			requirement = {
				branch = main;
				kind = branch;
			};
		};
		A526244ADD0FDD45DFCF644E /* XCRemoteSwiftPackageReference "maplibre-swiftui-dsl-playground" */ = {
			isa = XCRemoteSwiftPackageReference;
			repositoryURL = "https://github.com/HudHud-Maps/maplibre-swiftui-dsl-playground";
			requirement = {
				branch = "enhancement/unify-navigation";
				kind = branch;
			};
		};
		ABFE8D4C28D074EE746DCBA3 /* XCRemoteSwiftPackageReference "SwiftLintPlugin" */ = {
			isa = XCRemoteSwiftPackageReference;
			repositoryURL = "https://github.com/lukepistrol/SwiftLintPlugin.git";
			requirement = {
				branch = main;
				kind = branch;
			};
		};
		AE116796150E0553085890D9 /* XCRemoteSwiftPackageReference "swiftui-navigation-transitions" */ = {
			isa = XCRemoteSwiftPackageReference;
			repositoryURL = "https://github.com/davdroman/swiftui-navigation-transitions.git";
			requirement = {
				kind = upToNextMajorVersion;
				minimumVersion = 0.13.3;
			};
		};
		AFEDCC53B7AC4D6CACADE2F7 /* XCRemoteSwiftPackageReference "swiftui-navigation-transitions" */ = {
			isa = XCRemoteSwiftPackageReference;
			repositoryURL = "https://github.com/davdroman/swiftui-navigation-transitions.git";
			requirement = {
				kind = upToNextMajorVersion;
				minimumVersion = 0.13.3;
			};
		};
		C601D5CC7C71372D47D26096 /* XCRemoteSwiftPackageReference "TouchVisualizer" */ = {
			isa = XCRemoteSwiftPackageReference;
			repositoryURL = "https://github.com/Patrick-Kladek/TouchVisualizer";
			requirement = {
				kind = upToNextMajorVersion;
				minimumVersion = 5.0.0;
			};
		};
		CD33DFEA2C00CA670090592C /* XCRemoteSwiftPackageReference "maplibre-swiftui-dsl-playground" */ = {
			isa = XCRemoteSwiftPackageReference;
			repositoryURL = "https://github.com/HudHud-Maps/maplibre-swiftui-dsl-playground";
			requirement = {
				branch = "enhancement/unify-navigation";
				kind = branch;
			};
		};
		CD59BD6F2B7CD967002C14F6 /* XCRemoteSwiftPackageReference "SFSafeSymbols" */ = {
			isa = XCRemoteSwiftPackageReference;
			repositoryURL = "https://github.com/SFSafeSymbols/SFSafeSymbols.git";
			requirement = {
				kind = upToNextMajorVersion;
				minimumVersion = 4.1.1;
			};
		};
		CD8C5A1E2BA342A5002EBE8A /* XCRemoteSwiftPackageReference "SimpleToast" */ = {
			isa = XCRemoteSwiftPackageReference;
			repositoryURL = "https://github.com/sanzaru/SimpleToast";
			requirement = {
				kind = upToNextMajorVersion;
				minimumVersion = 0.8.1;
			};
		};
		CDAE05EA2B6A87B4003E5196 /* XCRemoteSwiftPackageReference "SwiftLocation" */ = {
			isa = XCRemoteSwiftPackageReference;
			repositoryURL = "https://github.com/hactar/SwiftLocation.git";
			requirement = {
				branch = master;
				kind = branch;
			};
		};
		CE981EB00C5FEE38CD64F30C /* XCRemoteSwiftPackageReference "maplibre-navigation-ios" */ = {
			isa = XCRemoteSwiftPackageReference;
			repositoryURL = "https://github.com/MaartenZonneveld/maplibre-navigation-ios.git";
			requirement = {
				branch = "feature/swift-package-manager";
				kind = branch;
			};
		};
		D5724E08B66A507C51B7D320 /* XCRemoteSwiftPackageReference "maplibre-swiftui-dsl-playground" */ = {
			isa = XCRemoteSwiftPackageReference;
			repositoryURL = "https://github.com/HudHud-Maps/maplibre-swiftui-dsl-playground";
			requirement = {
				branch = "enhancement/unify-navigation";
				kind = branch;
			};
		};
		E08FFC1B85D7863F0FC15363 /* XCRemoteSwiftPackageReference "swiftui-navigation-transitions" */ = {
			isa = XCRemoteSwiftPackageReference;
			repositoryURL = "https://github.com/davdroman/swiftui-navigation-transitions.git";
			requirement = {
				kind = upToNextMajorVersion;
				minimumVersion = 0.13.3;
			};
		};
		E14252BA6A0FF1D3C429EBF3 /* XCRemoteSwiftPackageReference "swiftui-navigation-transitions" */ = {
			isa = XCRemoteSwiftPackageReference;
			repositoryURL = "https://github.com/davdroman/swiftui-navigation-transitions.git";
			requirement = {
				kind = upToNextMajorVersion;
				minimumVersion = 0.13.3;
			};
		};
		E37B9367170CAD371E7A8E44 /* XCRemoteSwiftPackageReference "maplibre-gl-native-distribution" */ = {
			isa = XCRemoteSwiftPackageReference;
			repositoryURL = "https://github.com/maplibre/maplibre-gl-native-distribution.git";
			requirement = {
				kind = upToNextMajorVersion;
				minimumVersion = 6.2.0;
			};
		};
		FBEDEF1CFE739BF4E219A7F2 /* XCRemoteSwiftPackageReference "TouchVisualizer" */ = {
			isa = XCRemoteSwiftPackageReference;
			repositoryURL = "https://github.com/Patrick-Kladek/TouchVisualizer";
			requirement = {
				kind = upToNextMajorVersion;
				minimumVersion = 5.0.0;
			};
		};
/* End XCRemoteSwiftPackageReference section */

/* Begin XCSwiftPackageProductDependency section */
		16C899CF51549F0E68B441D0 /* TouchVisualizer */ = {
			isa = XCSwiftPackageProductDependency;
			package = C601D5CC7C71372D47D26096 /* XCRemoteSwiftPackageReference "TouchVisualizer" */;
			productName = TouchVisualizer;
		};
		197E2670D487EB0CF03C2AF6 /* NavigationTransitions */ = {
			isa = XCSwiftPackageProductDependency;
			package = AFEDCC53B7AC4D6CACADE2F7 /* XCRemoteSwiftPackageReference "swiftui-navigation-transitions" */;
			productName = NavigationTransitions;
		};
		62678BC6BA8A80DCF2EBF8B8 /* BetterSafariView */ = {
			isa = XCSwiftPackageProductDependency;
			package = 7C2F1607BA06CCD480305C70 /* XCRemoteSwiftPackageReference "BetterSafariView2" */;
			productName = BetterSafariView;
		};
		8A90C00DC16DBC95E09E4CF4 /* BetterSafariView */ = {
			isa = XCSwiftPackageProductDependency;
			package = 60C11CEB823966EEAE3E3ED7 /* XCRemoteSwiftPackageReference "BetterSafariView2" */;
			productName = BetterSafariView;
		};
		AF1BD7FA2C3EBECE00F9866F /* SwiftLint */ = {
			isa = XCSwiftPackageProductDependency;
			package = ABFE8D4C28D074EE746DCBA3 /* XCRemoteSwiftPackageReference "SwiftLintPlugin" */;
			productName = "plugin:SwiftLint";
		};
		BC8E1D9CC7D3AAC1051857FA /* MapLibre */ = {
			isa = XCSwiftPackageProductDependency;
			package = E37B9367170CAD371E7A8E44 /* XCRemoteSwiftPackageReference "maplibre-gl-native-distribution" */;
			productName = MapLibre;
		};
		C59FBA3C1C46E50602C5C2DC /* BackendService */ = {
			isa = XCSwiftPackageProductDependency;
			productName = BackendService;
		};
		C7AFBB29CC507D42D1538B2C /* MapboxNavigation */ = {
			isa = XCSwiftPackageProductDependency;
			package = CE981EB00C5FEE38CD64F30C /* XCRemoteSwiftPackageReference "maplibre-navigation-ios" */;
			productName = MapboxNavigation;
		};
		CD1BD8AC2B9087C100A591BD /* MapLibre */ = {
			isa = XCSwiftPackageProductDependency;
			productName = MapLibre;
		};
		CD33DFEB2C00CA670090592C /* MapLibreSwiftDSL */ = {
			isa = XCSwiftPackageProductDependency;
			package = CD33DFEA2C00CA670090592C /* XCRemoteSwiftPackageReference "maplibre-swiftui-dsl-playground" */;
			productName = MapLibreSwiftDSL;
		};
		CD33DFED2C00CA670090592C /* MapLibreSwiftUI */ = {
			isa = XCSwiftPackageProductDependency;
			package = CD33DFEA2C00CA670090592C /* XCRemoteSwiftPackageReference "maplibre-swiftui-dsl-playground" */;
			productName = MapLibreSwiftUI;
		};
		CD59BD702B7CD967002C14F6 /* SFSafeSymbols */ = {
			isa = XCSwiftPackageProductDependency;
			package = CD59BD6F2B7CD967002C14F6 /* XCRemoteSwiftPackageReference "SFSafeSymbols" */;
			productName = SFSafeSymbols;
		};
		CD8C5A1F2BA342A5002EBE8A /* SimpleToast */ = {
			isa = XCSwiftPackageProductDependency;
			package = CD8C5A1E2BA342A5002EBE8A /* XCRemoteSwiftPackageReference "SimpleToast" */;
			productName = SimpleToast;
		};
		CDAE05EB2B6A87B4003E5196 /* SwiftLocation */ = {
			isa = XCSwiftPackageProductDependency;
			package = CDAE05EA2B6A87B4003E5196 /* XCRemoteSwiftPackageReference "SwiftLocation" */;
			productName = SwiftLocation;
		};
		DE3A66FF070A2B17657129E4 /* MapLibre */ = {
			isa = XCSwiftPackageProductDependency;
			productName = MapLibre;
		};
		FF82BD7DCFFCC2C9044E4E32 /* NavigationTransitions */ = {
			isa = XCSwiftPackageProductDependency;
			package = AE116796150E0553085890D9 /* XCRemoteSwiftPackageReference "swiftui-navigation-transitions" */;
			productName = NavigationTransitions;
		};
/* End XCSwiftPackageProductDependency section */
	};
	rootObject = CDAE053C2B681261003E5196 /* Project object */;
}
