// !$*UTF8*$!
{
	archiveVersion = 1;
	classes = {
	};
	objectVersion = 60;
	objects = {

/* Begin PBXBuildFile section */
		170E1DDBD6CBDC0675E76214 /* FavoriteCategoriesData.swift in Sources */ = {isa = PBXBuildFile; fileRef = 02B4F84FC90D84C751222F01 /* FavoriteCategoriesData.swift */; };
		19828658E5BCEF32A86BE14F /* FavoriteCategoriesView.swift in Sources */ = {isa = PBXBuildFile; fileRef = 9424BD9860872EFA3B684203 /* FavoriteCategoriesView.swift */; };
		1CE5DFBA3950D698EB0C1689 /* PoiTileData.swift in Sources */ = {isa = PBXBuildFile; fileRef = 7D62539A290C5669D6571C51 /* PoiTileData.swift */; };
		2ADB20A81A69AD2774096D16 /* SearchViewStore.swift in Sources */ = {isa = PBXBuildFile; fileRef = F112E9EE98644EA8811C2E68 /* SearchViewStore.swift */; };
		4D1CCDAA1850728C3DC95846 /* PoiTileGridView.swift in Sources */ = {isa = PBXBuildFile; fileRef = C40B14D705B7FE1801324C26 /* PoiTileGridView.swift */; };
		5721D3A444A65699386B8141 /* CaseIterable.swift in Sources */ = {isa = PBXBuildFile; fileRef = 19D12C9D1880D4D83B414751 /* CaseIterable.swift */; };
		A5F7FFE8796CFCFFEE1AFC54 /* LocationStatus.swift in Sources */ = {isa = PBXBuildFile; fileRef = 879145F3416437507DB0F310 /* LocationStatus.swift */; };
		CB396FFD2B7C1C6D00CF9D59 /* ButtonsStyle.swift in Sources */ = {isa = PBXBuildFile; fileRef = CB396FFC2B7C1C6D00CF9D59 /* ButtonsStyle.swift */; };
		CD04451C2B85FCDC00181210 /* MapLibreSwiftDSL in Frameworks */ = {isa = PBXBuildFile; productRef = CD04451B2B85FCDC00181210 /* MapLibreSwiftDSL */; };
		CD04451E2B85FCDC00181210 /* MapLibreSwiftUI in Frameworks */ = {isa = PBXBuildFile; productRef = CD04451D2B85FCDC00181210 /* MapLibreSwiftUI */; };
		CD2615CD6EDF5CDF145440C6 /* PoiTileView.swift in Sources */ = {isa = PBXBuildFile; fileRef = 8D177CF7B63BED2BF23FCE24 /* PoiTileView.swift */; };
		CD59BD712B7CD967002C14F6 /* SFSafeSymbols in Frameworks */ = {isa = PBXBuildFile; productRef = CD59BD702B7CD967002C14F6 /* SFSafeSymbols */; };
		CDAE054C2B681263003E5196 /* Assets.xcassets in Resources */ = {isa = PBXBuildFile; fileRef = CDAE054B2B681263003E5196 /* Assets.xcassets */; };
		CDAE054F2B681263003E5196 /* Preview Assets.xcassets in Resources */ = {isa = PBXBuildFile; fileRef = CDAE054E2B681263003E5196 /* Preview Assets.xcassets */; };
		CDAE05592B681263003E5196 /* HudHudTests.swift in Sources */ = {isa = PBXBuildFile; fileRef = CDAE05582B681263003E5196 /* HudHudTests.swift */; };
		CDAE05632B681263003E5196 /* HudHudUITests.swift in Sources */ = {isa = PBXBuildFile; fileRef = CDAE05622B681263003E5196 /* HudHudUITests.swift */; };
		CDAE05A82B69358E003E5196 /* Terrain.json in Resources */ = {isa = PBXBuildFile; fileRef = CDAE05A72B69358E003E5196 /* Terrain.json */; };
		CDAE05EC2B6A87B4003E5196 /* SwiftLocation in Frameworks */ = {isa = PBXBuildFile; productRef = CDAE05EB2B6A87B4003E5196 /* SwiftLocation */; };
		CDAE05F02B6A8AED003E5196 /* Riyadh.gpx in Resources */ = {isa = PBXBuildFile; fileRef = CDAE05EF2B6A8AED003E5196 /* Riyadh.gpx */; };
		CDAE06002B6BDC5A003E5196 /* ApplePOI in Frameworks */ = {isa = PBXBuildFile; productRef = CDAE05FF2B6BDC5A003E5196 /* ApplePOI */; };
		CDAE06022B6BDC5A003E5196 /* POIService in Frameworks */ = {isa = PBXBuildFile; productRef = CDAE06012B6BDC5A003E5196 /* POIService */; };
		CDAE06042B6BDC5A003E5196 /* ToursprungPOI in Frameworks */ = {isa = PBXBuildFile; productRef = CDAE06032B6BDC5A003E5196 /* ToursprungPOI */; };
		CDCE17C92B879CEC00EC1571 /* SearchResultItem.swift in Sources */ = {isa = PBXBuildFile; fileRef = CDCE17B72B879CEC00EC1571 /* SearchResultItem.swift */; };
		CDCE17CA2B879CEC00EC1571 /* HudHudApp.swift in Sources */ = {isa = PBXBuildFile; fileRef = CDCE17B82B879CEC00EC1571 /* HudHudApp.swift */; };
		CDCE17CB2B879CEC00EC1571 /* ProviderButton.swift in Sources */ = {isa = PBXBuildFile; fileRef = CDCE17B92B879CEC00EC1571 /* ProviderButton.swift */; };
		CDCE17CC2B879CEC00EC1571 /* DirectionsSummaryView.swift in Sources */ = {isa = PBXBuildFile; fileRef = CDCE17BB2B879CEC00EC1571 /* DirectionsSummaryView.swift */; };
		CDCE17CD2B879CEC00EC1571 /* DirectionPreviewData.swift in Sources */ = {isa = PBXBuildFile; fileRef = CDCE17BC2B879CEC00EC1571 /* DirectionPreviewData.swift */; };
		CDCE17CE2B879CEC00EC1571 /* MapLayersView.swift in Sources */ = {isa = PBXBuildFile; fileRef = CDCE17BE2B879CEC00EC1571 /* MapLayersView.swift */; };
		CDCE17CF2B879CEC00EC1571 /* MapLayersData.swift in Sources */ = {isa = PBXBuildFile; fileRef = CDCE17BF2B879CEC00EC1571 /* MapLayersData.swift */; };
		CDCE17D02B879CEC00EC1571 /* MainLayersView.swift in Sources */ = {isa = PBXBuildFile; fileRef = CDCE17C02B879CEC00EC1571 /* MainLayersView.swift */; };
		CDCE17D12B879CEC00EC1571 /* CurrentLocationButton.swift in Sources */ = {isa = PBXBuildFile; fileRef = CDCE17C12B879CEC00EC1571 /* CurrentLocationButton.swift */; };
		CDCE17D22B879CEC00EC1571 /* SearchSheet.swift in Sources */ = {isa = PBXBuildFile; fileRef = CDCE17C22B879CEC00EC1571 /* SearchSheet.swift */; };
		CDCE17D32B879CEC00EC1571 /* CatagoryBannerData.swift in Sources */ = {isa = PBXBuildFile; fileRef = CDCE17C42B879CEC00EC1571 /* CatagoryBannerData.swift */; };
		CDCE17D42B879CEC00EC1571 /* CategoriesBannerView.swift in Sources */ = {isa = PBXBuildFile; fileRef = CDCE17C52B879CEC00EC1571 /* CategoriesBannerView.swift */; };
		CDCE17D52B879CEC00EC1571 /* POIDetailSheet.swift in Sources */ = {isa = PBXBuildFile; fileRef = CDCE17C62B879CEC00EC1571 /* POIDetailSheet.swift */; };
		CDCE17D62B879CEC00EC1571 /* ContentView.swift in Sources */ = {isa = PBXBuildFile; fileRef = CDCE17C72B879CEC00EC1571 /* ContentView.swift */; };
		CDCE17D72B879CEC00EC1571 /* DictionaryView.swift in Sources */ = {isa = PBXBuildFile; fileRef = CDCE17C82B879CEC00EC1571 /* DictionaryView.swift */; };
		CDCE17D92B879DA900EC1571 /* MapItemsStatus.swift in Sources */ = {isa = PBXBuildFile; fileRef = CDCE17D82B879DA900EC1571 /* MapItemsStatus.swift */; };
		CDCE17DD2B88DF9700EC1571 /* MapStore.swift in Sources */ = {isa = PBXBuildFile; fileRef = CDCE17DC2B88DF9700EC1571 /* MapStore.swift */; };
		E69BCDE92060D8DC74C4B40A /* FavoriteCategoriesButton.swift in Sources */ = {isa = PBXBuildFile; fileRef = A659ED51430CB22F6F47B1DE /* FavoriteCategoriesButton.swift */; };
/* End PBXBuildFile section */

/* Begin PBXContainerItemProxy section */
		CDAE05552B681263003E5196 /* PBXContainerItemProxy */ = {
			isa = PBXContainerItemProxy;
			containerPortal = CDAE053C2B681261003E5196 /* Project object */;
			proxyType = 1;
			remoteGlobalIDString = CDAE05432B681261003E5196;
			remoteInfo = HudHud;
		};
		CDAE055F2B681263003E5196 /* PBXContainerItemProxy */ = {
			isa = PBXContainerItemProxy;
			containerPortal = CDAE053C2B681261003E5196 /* Project object */;
			proxyType = 1;
			remoteGlobalIDString = CDAE05432B681261003E5196;
			remoteInfo = HudHud;
		};
/* End PBXContainerItemProxy section */

/* Begin PBXFileReference section */
		02B4F84FC90D84C751222F01 /* FavoriteCategoriesData.swift */ = {isa = PBXFileReference; lastKnownFileType = sourcecode.swift; path = FavoriteCategoriesData.swift; sourceTree = "<group>"; };
		19D12C9D1880D4D83B414751 /* CaseIterable.swift */ = {isa = PBXFileReference; lastKnownFileType = sourcecode.swift; path = CaseIterable.swift; sourceTree = "<group>"; };
		7D62539A290C5669D6571C51 /* PoiTileData.swift */ = {isa = PBXFileReference; lastKnownFileType = sourcecode.swift; path = PoiTileData.swift; sourceTree = "<group>"; };
		879145F3416437507DB0F310 /* LocationStatus.swift */ = {isa = PBXFileReference; lastKnownFileType = sourcecode.swift; path = LocationStatus.swift; sourceTree = "<group>"; };
		8D177CF7B63BED2BF23FCE24 /* PoiTileView.swift */ = {isa = PBXFileReference; lastKnownFileType = sourcecode.swift; path = PoiTileView.swift; sourceTree = "<group>"; };
		9424BD9860872EFA3B684203 /* FavoriteCategoriesView.swift */ = {isa = PBXFileReference; lastKnownFileType = sourcecode.swift; path = FavoriteCategoriesView.swift; sourceTree = "<group>"; };
		A659ED51430CB22F6F47B1DE /* FavoriteCategoriesButton.swift */ = {isa = PBXFileReference; lastKnownFileType = sourcecode.swift; path = FavoriteCategoriesButton.swift; sourceTree = "<group>"; };
		C40B14D705B7FE1801324C26 /* PoiTileGridView.swift */ = {isa = PBXFileReference; lastKnownFileType = sourcecode.swift; path = PoiTileGridView.swift; sourceTree = "<group>"; };
		CB396FFC2B7C1C6D00CF9D59 /* ButtonsStyle.swift */ = {isa = PBXFileReference; fileEncoding = 4; lastKnownFileType = sourcecode.swift; path = ButtonsStyle.swift; sourceTree = "<group>"; };
		CD518BC72B88964700A5AFFF /* Info.plist */ = {isa = PBXFileReference; lastKnownFileType = text.plist.xml; path = Info.plist; sourceTree = "<group>"; };
		CDAE05442B681261003E5196 /* HudHud.app */ = {isa = PBXFileReference; explicitFileType = wrapper.application; includeInIndex = 0; path = HudHud.app; sourceTree = BUILT_PRODUCTS_DIR; };
		CDAE054B2B681263003E5196 /* Assets.xcassets */ = {isa = PBXFileReference; lastKnownFileType = folder.assetcatalog; path = Assets.xcassets; sourceTree = "<group>"; };
		CDAE054E2B681263003E5196 /* Preview Assets.xcassets */ = {isa = PBXFileReference; lastKnownFileType = folder.assetcatalog; path = "Preview Assets.xcassets"; sourceTree = "<group>"; };
		CDAE05542B681263003E5196 /* HudHudTests.xctest */ = {isa = PBXFileReference; explicitFileType = wrapper.cfbundle; includeInIndex = 0; path = HudHudTests.xctest; sourceTree = BUILT_PRODUCTS_DIR; };
		CDAE05582B681263003E5196 /* HudHudTests.swift */ = {isa = PBXFileReference; lastKnownFileType = sourcecode.swift; path = HudHudTests.swift; sourceTree = "<group>"; };
		CDAE055E2B681263003E5196 /* HudHudUITests.xctest */ = {isa = PBXFileReference; explicitFileType = wrapper.cfbundle; includeInIndex = 0; path = HudHudUITests.xctest; sourceTree = BUILT_PRODUCTS_DIR; };
		CDAE05622B681263003E5196 /* HudHudUITests.swift */ = {isa = PBXFileReference; lastKnownFileType = sourcecode.swift; path = HudHudUITests.swift; sourceTree = "<group>"; };
		CDAE05A72B69358E003E5196 /* Terrain.json */ = {isa = PBXFileReference; fileEncoding = 4; lastKnownFileType = text.json; path = Terrain.json; sourceTree = "<group>"; };
		CDAE05EF2B6A8AED003E5196 /* Riyadh.gpx */ = {isa = PBXFileReference; fileEncoding = 4; lastKnownFileType = text.xml; path = Riyadh.gpx; sourceTree = "<group>"; };
		CDCE17B72B879CEC00EC1571 /* SearchResultItem.swift */ = {isa = PBXFileReference; fileEncoding = 4; lastKnownFileType = sourcecode.swift; path = SearchResultItem.swift; sourceTree = "<group>"; };
		CDCE17B82B879CEC00EC1571 /* HudHudApp.swift */ = {isa = PBXFileReference; fileEncoding = 4; lastKnownFileType = sourcecode.swift; path = HudHudApp.swift; sourceTree = "<group>"; };
		CDCE17B92B879CEC00EC1571 /* ProviderButton.swift */ = {isa = PBXFileReference; fileEncoding = 4; lastKnownFileType = sourcecode.swift; path = ProviderButton.swift; sourceTree = "<group>"; };
		CDCE17BB2B879CEC00EC1571 /* DirectionsSummaryView.swift */ = {isa = PBXFileReference; fileEncoding = 4; lastKnownFileType = sourcecode.swift; path = DirectionsSummaryView.swift; sourceTree = "<group>"; };
		CDCE17BC2B879CEC00EC1571 /* DirectionPreviewData.swift */ = {isa = PBXFileReference; fileEncoding = 4; lastKnownFileType = sourcecode.swift; path = DirectionPreviewData.swift; sourceTree = "<group>"; };
		CDCE17BE2B879CEC00EC1571 /* MapLayersView.swift */ = {isa = PBXFileReference; fileEncoding = 4; lastKnownFileType = sourcecode.swift; path = MapLayersView.swift; sourceTree = "<group>"; };
		CDCE17BF2B879CEC00EC1571 /* MapLayersData.swift */ = {isa = PBXFileReference; fileEncoding = 4; lastKnownFileType = sourcecode.swift; path = MapLayersData.swift; sourceTree = "<group>"; };
		CDCE17C02B879CEC00EC1571 /* MainLayersView.swift */ = {isa = PBXFileReference; fileEncoding = 4; lastKnownFileType = sourcecode.swift; path = MainLayersView.swift; sourceTree = "<group>"; };
		CDCE17C12B879CEC00EC1571 /* CurrentLocationButton.swift */ = {isa = PBXFileReference; fileEncoding = 4; lastKnownFileType = sourcecode.swift; path = CurrentLocationButton.swift; sourceTree = "<group>"; };
		CDCE17C22B879CEC00EC1571 /* SearchSheet.swift */ = {isa = PBXFileReference; fileEncoding = 4; lastKnownFileType = sourcecode.swift; path = SearchSheet.swift; sourceTree = "<group>"; };
		CDCE17C42B879CEC00EC1571 /* CatagoryBannerData.swift */ = {isa = PBXFileReference; fileEncoding = 4; lastKnownFileType = sourcecode.swift; path = CatagoryBannerData.swift; sourceTree = "<group>"; };
		CDCE17C52B879CEC00EC1571 /* CategoriesBannerView.swift */ = {isa = PBXFileReference; fileEncoding = 4; lastKnownFileType = sourcecode.swift; path = CategoriesBannerView.swift; sourceTree = "<group>"; };
		CDCE17C62B879CEC00EC1571 /* POIDetailSheet.swift */ = {isa = PBXFileReference; fileEncoding = 4; lastKnownFileType = sourcecode.swift; path = POIDetailSheet.swift; sourceTree = "<group>"; };
		CDCE17C72B879CEC00EC1571 /* ContentView.swift */ = {isa = PBXFileReference; fileEncoding = 4; lastKnownFileType = sourcecode.swift; path = ContentView.swift; sourceTree = "<group>"; };
		CDCE17C82B879CEC00EC1571 /* DictionaryView.swift */ = {isa = PBXFileReference; fileEncoding = 4; lastKnownFileType = sourcecode.swift; path = DictionaryView.swift; sourceTree = "<group>"; };
		CDCE17D82B879DA900EC1571 /* MapItemsStatus.swift */ = {isa = PBXFileReference; fileEncoding = 4; lastKnownFileType = sourcecode.swift; path = MapItemsStatus.swift; sourceTree = "<group>"; };
		CDCE17DC2B88DF9700EC1571 /* MapStore.swift */ = {isa = PBXFileReference; lastKnownFileType = sourcecode.swift; path = MapStore.swift; sourceTree = "<group>"; };
		CDEAEA0B2B82B0BB0038470F /* HudHud.xctestplan */ = {isa = PBXFileReference; lastKnownFileType = text; path = HudHud.xctestplan; sourceTree = "<group>"; };
		CDF4A6CE2B7E3D98001B3CD7 /* POIService */ = {isa = PBXFileReference; lastKnownFileType = wrapper; path = POIService; sourceTree = "<group>"; };
		F112E9EE98644EA8811C2E68 /* SearchViewStore.swift */ = {isa = PBXFileReference; fileEncoding = 4; lastKnownFileType = sourcecode.swift; path = SearchViewStore.swift; sourceTree = "<group>"; };
/* End PBXFileReference section */

/* Begin PBXFrameworksBuildPhase section */
		CDAE05412B681261003E5196 /* Frameworks */ = {
			isa = PBXFrameworksBuildPhase;
			buildActionMask = 2147483647;
			files = (
				CDAE06022B6BDC5A003E5196 /* POIService in Frameworks */,
				CDAE06002B6BDC5A003E5196 /* ApplePOI in Frameworks */,
				CDAE05EC2B6A87B4003E5196 /* SwiftLocation in Frameworks */,
				CD04451C2B85FCDC00181210 /* MapLibreSwiftDSL in Frameworks */,
				CD59BD712B7CD967002C14F6 /* SFSafeSymbols in Frameworks */,
				CD04451E2B85FCDC00181210 /* MapLibreSwiftUI in Frameworks */,
				CDAE06042B6BDC5A003E5196 /* ToursprungPOI in Frameworks */,
			);
			runOnlyForDeploymentPostprocessing = 0;
		};
		CDAE05512B681263003E5196 /* Frameworks */ = {
			isa = PBXFrameworksBuildPhase;
			buildActionMask = 2147483647;
			files = (
			);
			runOnlyForDeploymentPostprocessing = 0;
		};
		CDAE055B2B681263003E5196 /* Frameworks */ = {
			isa = PBXFrameworksBuildPhase;
			buildActionMask = 2147483647;
			files = (
			);
			runOnlyForDeploymentPostprocessing = 0;
		};
/* End PBXFrameworksBuildPhase section */

/* Begin PBXGroup section */
		093421B0F811346CA1DD79A2 /* PoiTile */ = {
			isa = PBXGroup;
			children = (
				8D177CF7B63BED2BF23FCE24 /* PoiTileView.swift */,
				C40B14D705B7FE1801324C26 /* PoiTileGridView.swift */,
				7D62539A290C5669D6571C51 /* PoiTileData.swift */,
			);
			path = PoiTile;
			sourceTree = "<group>";
		};
		1EE5DBC593F92233EBD0111A /* Extensions */ = {
			isa = PBXGroup;
			children = (
				19D12C9D1880D4D83B414751 /* CaseIterable.swift */,
				879145F3416437507DB0F310 /* LocationStatus.swift */,
			);
			path = Extensions;
			sourceTree = "<group>";
		};
		527E2E93B6D5E3599339E9DD /* FavoriteCategories */ = {
			isa = PBXGroup;
			children = (
				A659ED51430CB22F6F47B1DE /* FavoriteCategoriesButton.swift */,
				02B4F84FC90D84C751222F01 /* FavoriteCategoriesData.swift */,
				9424BD9860872EFA3B684203 /* FavoriteCategoriesView.swift */,
			);
			path = FavoriteCategories;
			sourceTree = "<group>";
		};
		CB396FFE2B7C1C7300CF9D59 /* UIStyle */ = {
			isa = PBXGroup;
			children = (
				CB396FFC2B7C1C6D00CF9D59 /* ButtonsStyle.swift */,
			);
			path = UIStyle;
			sourceTree = "<group>";
		};
		CDAE053B2B681261003E5196 = {
			isa = PBXGroup;
			children = (
				CDEAEA0B2B82B0BB0038470F /* HudHud.xctestplan */,
				CDF4A6CE2B7E3D98001B3CD7 /* POIService */,
				CDAE05462B681261003E5196 /* HudHud */,
				CDAE05572B681263003E5196 /* HudHudTests */,
				CDAE05612B681263003E5196 /* HudHudUITests */,
				CDAE05452B681261003E5196 /* Products */,
				CDAE05832B691564003E5196 /* Frameworks */,
			);
			sourceTree = "<group>";
			usesTabs = 1;
		};
		CDAE05452B681261003E5196 /* Products */ = {
			isa = PBXGroup;
			children = (
				CDAE05442B681261003E5196 /* HudHud.app */,
				CDAE05542B681263003E5196 /* HudHudTests.xctest */,
				CDAE055E2B681263003E5196 /* HudHudUITests.xctest */,
			);
			name = Products;
			sourceTree = "<group>";
		};
		CDAE05462B681261003E5196 /* HudHud */ = {
			isa = PBXGroup;
			children = (
				CDCE17B62B879CEC00EC1571 /* Views */,
				CB396FFE2B7C1C7300CF9D59 /* UIStyle */,
				1EE5DBC593F92233EBD0111A /* Extensions */,
				D360F2715C6B016AF539FA2D /* Model */,
				CDAE054D2B681263003E5196 /* Preview Content */,
				E4E05611C58587725674D41D /* Supporting Files */,
			);
			path = HudHud;
			sourceTree = "<group>";
		};
		CDAE054D2B681263003E5196 /* Preview Content */ = {
			isa = PBXGroup;
			children = (
				CDAE05EF2B6A8AED003E5196 /* Riyadh.gpx */,
				CDAE054E2B681263003E5196 /* Preview Assets.xcassets */,
			);
			path = "Preview Content";
			sourceTree = "<group>";
		};
		CDAE05572B681263003E5196 /* HudHudTests */ = {
			isa = PBXGroup;
			children = (
				CDAE05582B681263003E5196 /* HudHudTests.swift */,
			);
			path = HudHudTests;
			sourceTree = "<group>";
		};
		CDAE05612B681263003E5196 /* HudHudUITests */ = {
			isa = PBXGroup;
			children = (
				CDAE05622B681263003E5196 /* HudHudUITests.swift */,
			);
			path = HudHudUITests;
			sourceTree = "<group>";
		};
		CDAE05832B691564003E5196 /* Frameworks */ = {
			isa = PBXGroup;
			children = (
			);
			name = Frameworks;
			sourceTree = "<group>";
		};
		CDCE17B62B879CEC00EC1571 /* Views */ = {
			isa = PBXGroup;
			children = (
				CDCE17C32B879CEC00EC1571 /* CategoriesBanner */,
				527E2E93B6D5E3599339E9DD /* FavoriteCategories */,
				CDCE17BD2B879CEC00EC1571 /* MapLayers */,
				CDCE17BA2B879CEC00EC1571 /* Navigation */,
				093421B0F811346CA1DD79A2 /* PoiTile */,
				CDCE17C72B879CEC00EC1571 /* ContentView.swift */,
				CDCE17C12B879CEC00EC1571 /* CurrentLocationButton.swift */,
				CDCE17C82B879CEC00EC1571 /* DictionaryView.swift */,
				CDCE17B82B879CEC00EC1571 /* HudHudApp.swift */,
				CDCE17C62B879CEC00EC1571 /* POIDetailSheet.swift */,
				CDCE17B92B879CEC00EC1571 /* ProviderButton.swift */,
				CDCE17B72B879CEC00EC1571 /* SearchResultItem.swift */,
				CDCE17C22B879CEC00EC1571 /* SearchSheet.swift */,
			);
			path = Views;
			sourceTree = "<group>";
		};
		CDCE17BA2B879CEC00EC1571 /* Navigation */ = {
			isa = PBXGroup;
			children = (
				CDCE17BB2B879CEC00EC1571 /* DirectionsSummaryView.swift */,
				CDCE17BC2B879CEC00EC1571 /* DirectionPreviewData.swift */,
			);
			path = Navigation;
			sourceTree = "<group>";
		};
		CDCE17BD2B879CEC00EC1571 /* MapLayers */ = {
			isa = PBXGroup;
			children = (
				CDCE17BE2B879CEC00EC1571 /* MapLayersView.swift */,
				CDCE17BF2B879CEC00EC1571 /* MapLayersData.swift */,
				CDCE17C02B879CEC00EC1571 /* MainLayersView.swift */,
			);
			path = MapLayers;
			sourceTree = "<group>";
		};
		CDCE17C32B879CEC00EC1571 /* CategoriesBanner */ = {
			isa = PBXGroup;
			children = (
				CDCE17C42B879CEC00EC1571 /* CatagoryBannerData.swift */,
				CDCE17C52B879CEC00EC1571 /* CategoriesBannerView.swift */,
			);
			path = CategoriesBanner;
			sourceTree = "<group>";
		};
		D360F2715C6B016AF539FA2D /* Model */ = {
			isa = PBXGroup;
			children = (
				CDCE17D82B879DA900EC1571 /* MapItemsStatus.swift */,
				F112E9EE98644EA8811C2E68 /* SearchViewStore.swift */,
				CDCE17DC2B88DF9700EC1571 /* MapStore.swift */,
			);
			path = Model;
			sourceTree = "<group>";
		};
		E4E05611C58587725674D41D /* Supporting Files */ = {
			isa = PBXGroup;
			children = (
				CD518BC72B88964700A5AFFF /* Info.plist */,
				CDAE054B2B681263003E5196 /* Assets.xcassets */,
				CDAE05A72B69358E003E5196 /* Terrain.json */,
			);
			path = "Supporting Files";
			sourceTree = "<group>";
		};
/* End PBXGroup section */

/* Begin PBXNativeTarget section */
		CDAE05432B681261003E5196 /* HudHud */ = {
			isa = PBXNativeTarget;
			buildConfigurationList = CDAE05682B681263003E5196 /* Build configuration list for PBXNativeTarget "HudHud" */;
			buildPhases = (
				CDAE05402B681261003E5196 /* Sources */,
				CDAE05412B681261003E5196 /* Frameworks */,
				CDAE05422B681261003E5196 /* Resources */,
			);
			buildRules = (
			);
			dependencies = (
				4CD2A97FF73522D6699FE793 /* PBXTargetDependency */,
			);
			name = HudHud;
			packageProductDependencies = (
				CDAE05EB2B6A87B4003E5196 /* SwiftLocation */,
				CDAE05FF2B6BDC5A003E5196 /* ApplePOI */,
				CDAE06012B6BDC5A003E5196 /* POIService */,
				CDAE06032B6BDC5A003E5196 /* ToursprungPOI */,
				CD59BD702B7CD967002C14F6 /* SFSafeSymbols */,
				CD04451B2B85FCDC00181210 /* MapLibreSwiftDSL */,
				CD04451D2B85FCDC00181210 /* MapLibreSwiftUI */,
			);
			productName = HudHud;
			productReference = CDAE05442B681261003E5196 /* HudHud.app */;
			productType = "com.apple.product-type.application";
		};
		CDAE05532B681263003E5196 /* HudHudTests */ = {
			isa = PBXNativeTarget;
			buildConfigurationList = CDAE056B2B681263003E5196 /* Build configuration list for PBXNativeTarget "HudHudTests" */;
			buildPhases = (
				CDAE05502B681263003E5196 /* Sources */,
				CDAE05512B681263003E5196 /* Frameworks */,
				CDAE05522B681263003E5196 /* Resources */,
			);
			buildRules = (
			);
			dependencies = (
				CDAE05562B681263003E5196 /* PBXTargetDependency */,
			);
			name = HudHudTests;
			productName = HudHudTests;
			productReference = CDAE05542B681263003E5196 /* HudHudTests.xctest */;
			productType = "com.apple.product-type.bundle.unit-test";
		};
		CDAE055D2B681263003E5196 /* HudHudUITests */ = {
			isa = PBXNativeTarget;
			buildConfigurationList = CDAE056E2B681263003E5196 /* Build configuration list for PBXNativeTarget "HudHudUITests" */;
			buildPhases = (
				CDAE055A2B681263003E5196 /* Sources */,
				CDAE055B2B681263003E5196 /* Frameworks */,
				CDAE055C2B681263003E5196 /* Resources */,
			);
			buildRules = (
			);
			dependencies = (
				CDAE05602B681263003E5196 /* PBXTargetDependency */,
			);
			name = HudHudUITests;
			productName = HudHudUITests;
			productReference = CDAE055E2B681263003E5196 /* HudHudUITests.xctest */;
			productType = "com.apple.product-type.bundle.ui-testing";
		};
/* End PBXNativeTarget section */

/* Begin PBXProject section */
		CDAE053C2B681261003E5196 /* Project object */ = {
			isa = PBXProject;
			attributes = {
				BuildIndependentTargetsInParallel = 1;
				LastSwiftUpdateCheck = 1520;
				LastUpgradeCheck = 1520;
				ORGANIZATIONNAME = HudHud;
				TargetAttributes = {
					CDAE05432B681261003E5196 = {
						CreatedOnToolsVersion = 15.2;
						LastSwiftMigration = 1520;
					};
					CDAE05532B681263003E5196 = {
						CreatedOnToolsVersion = 15.2;
						TestTargetID = CDAE05432B681261003E5196;
					};
					CDAE055D2B681263003E5196 = {
						CreatedOnToolsVersion = 15.2;
						TestTargetID = CDAE05432B681261003E5196;
					};
				};
			};
			buildConfigurationList = CDAE053F2B681261003E5196 /* Build configuration list for PBXProject "HudHud" */;
			compatibilityVersion = "Xcode 14.0";
			developmentRegion = en;
			hasScannedForEncodings = 0;
			knownRegions = (
				en,
				Base,
			);
			mainGroup = CDAE053B2B681261003E5196;
			packageReferences = (
				CDAE05EA2B6A87B4003E5196 /* XCRemoteSwiftPackageReference "SwiftLocation" */,
				CDAE05FE2B6BDC5A003E5196 /* XCLocalSwiftPackageReference "POIService" */,
				CD59BD6F2B7CD967002C14F6 /* XCRemoteSwiftPackageReference "SFSafeSymbols" */,
				CD04451A2B85FCDC00181210 /* XCRemoteSwiftPackageReference "maplibre-swiftui-dsl-playground" */,
				DD32DBA6700E3708590AB09F /* XCRemoteSwiftPackageReference "SwiftLintPlugin" */,
			);
			productRefGroup = CDAE05452B681261003E5196 /* Products */;
			projectDirPath = "";
			projectRoot = "";
			targets = (
				CDAE05432B681261003E5196 /* HudHud */,
				CDAE05532B681263003E5196 /* HudHudTests */,
				CDAE055D2B681263003E5196 /* HudHudUITests */,
			);
		};
/* End PBXProject section */

/* Begin PBXResourcesBuildPhase section */
		CDAE05422B681261003E5196 /* Resources */ = {
			isa = PBXResourcesBuildPhase;
			buildActionMask = 2147483647;
			files = (
				CDAE05F02B6A8AED003E5196 /* Riyadh.gpx in Resources */,
				CDAE05A82B69358E003E5196 /* Terrain.json in Resources */,
				CDAE054F2B681263003E5196 /* Preview Assets.xcassets in Resources */,
				CDAE054C2B681263003E5196 /* Assets.xcassets in Resources */,
			);
			runOnlyForDeploymentPostprocessing = 0;
		};
		CDAE05522B681263003E5196 /* Resources */ = {
			isa = PBXResourcesBuildPhase;
			buildActionMask = 2147483647;
			files = (
			);
			runOnlyForDeploymentPostprocessing = 0;
		};
		CDAE055C2B681263003E5196 /* Resources */ = {
			isa = PBXResourcesBuildPhase;
			buildActionMask = 2147483647;
			files = (
			);
			runOnlyForDeploymentPostprocessing = 0;
		};
/* End PBXResourcesBuildPhase section */

/* Begin PBXSourcesBuildPhase section */
		CDAE05402B681261003E5196 /* Sources */ = {
			isa = PBXSourcesBuildPhase;
			buildActionMask = 2147483647;
			files = (
				CDCE17D12B879CEC00EC1571 /* CurrentLocationButton.swift in Sources */,
				CDCE17D52B879CEC00EC1571 /* POIDetailSheet.swift in Sources */,
				CDCE17CF2B879CEC00EC1571 /* MapLayersData.swift in Sources */,
				CDCE17D02B879CEC00EC1571 /* MainLayersView.swift in Sources */,
				CDCE17DD2B88DF9700EC1571 /* MapStore.swift in Sources */,
				CDCE17CE2B879CEC00EC1571 /* MapLayersView.swift in Sources */,
				CB396FFD2B7C1C6D00CF9D59 /* ButtonsStyle.swift in Sources */,
				2ADB20A81A69AD2774096D16 /* SearchViewStore.swift in Sources */,
				CDCE17D22B879CEC00EC1571 /* SearchSheet.swift in Sources */,
				CDCE17C92B879CEC00EC1571 /* SearchResultItem.swift in Sources */,
				CDCE17CB2B879CEC00EC1571 /* ProviderButton.swift in Sources */,
				5721D3A444A65699386B8141 /* CaseIterable.swift in Sources */,
				CDCE17D32B879CEC00EC1571 /* CatagoryBannerData.swift in Sources */,
				CDCE17D62B879CEC00EC1571 /* ContentView.swift in Sources */,
				CDCE17D42B879CEC00EC1571 /* CategoriesBannerView.swift in Sources */,
				CDCE17D72B879CEC00EC1571 /* DictionaryView.swift in Sources */,
				CDCE17D92B879DA900EC1571 /* MapItemsStatus.swift in Sources */,
				CDCE17CD2B879CEC00EC1571 /* DirectionPreviewData.swift in Sources */,
				CDCE17CA2B879CEC00EC1571 /* HudHudApp.swift in Sources */,
				CDCE17CC2B879CEC00EC1571 /* DirectionsSummaryView.swift in Sources */,
				CD2615CD6EDF5CDF145440C6 /* PoiTileView.swift in Sources */,
				4D1CCDAA1850728C3DC95846 /* PoiTileGridView.swift in Sources */,
				1CE5DFBA3950D698EB0C1689 /* PoiTileData.swift in Sources */,
				A5F7FFE8796CFCFFEE1AFC54 /* LocationStatus.swift in Sources */,
				170E1DDBD6CBDC0675E76214 /* FavoriteCategoriesData.swift in Sources */,
				19828658E5BCEF32A86BE14F /* FavoriteCategoriesView.swift in Sources */,
				E69BCDE92060D8DC74C4B40A /* FavoriteCategoriesButton.swift in Sources */,
			);
			runOnlyForDeploymentPostprocessing = 0;
		};
		CDAE05502B681263003E5196 /* Sources */ = {
			isa = PBXSourcesBuildPhase;
			buildActionMask = 2147483647;
			files = (
				CDAE05592B681263003E5196 /* HudHudTests.swift in Sources */,
			);
			runOnlyForDeploymentPostprocessing = 0;
		};
		CDAE055A2B681263003E5196 /* Sources */ = {
			isa = PBXSourcesBuildPhase;
			buildActionMask = 2147483647;
			files = (
				CDAE05632B681263003E5196 /* HudHudUITests.swift in Sources */,
			);
			runOnlyForDeploymentPostprocessing = 0;
		};
/* End PBXSourcesBuildPhase section */

/* Begin PBXTargetDependency section */
		4CD2A97FF73522D6699FE793 /* PBXTargetDependency */ = {
			isa = PBXTargetDependency;
		};
		CDAE05562B681263003E5196 /* PBXTargetDependency */ = {
			isa = PBXTargetDependency;
			target = CDAE05432B681261003E5196 /* HudHud */;
			targetProxy = CDAE05552B681263003E5196 /* PBXContainerItemProxy */;
		};
		CDAE05602B681263003E5196 /* PBXTargetDependency */ = {
			isa = PBXTargetDependency;
			target = CDAE05432B681261003E5196 /* HudHud */;
			targetProxy = CDAE055F2B681263003E5196 /* PBXContainerItemProxy */;
		};
/* End PBXTargetDependency section */

/* Begin XCBuildConfiguration section */
		CDAE05662B681263003E5196 /* Debug */ = {
			isa = XCBuildConfiguration;
			buildSettings = {
				ALWAYS_SEARCH_USER_PATHS = NO;
				ASSETCATALOG_COMPILER_GENERATE_SWIFT_ASSET_SYMBOL_EXTENSIONS = YES;
				CLANG_ANALYZER_NONNULL = YES;
				CLANG_ANALYZER_NUMBER_OBJECT_CONVERSION = YES_AGGRESSIVE;
				CLANG_CXX_LANGUAGE_STANDARD = "gnu++20";
				CLANG_ENABLE_MODULES = YES;
				CLANG_ENABLE_OBJC_ARC = YES;
				CLANG_ENABLE_OBJC_WEAK = YES;
				CLANG_WARN_BLOCK_CAPTURE_AUTORELEASING = YES;
				CLANG_WARN_BOOL_CONVERSION = YES;
				CLANG_WARN_COMMA = YES;
				CLANG_WARN_CONSTANT_CONVERSION = YES;
				CLANG_WARN_DEPRECATED_OBJC_IMPLEMENTATIONS = YES;
				CLANG_WARN_DIRECT_OBJC_ISA_USAGE = YES_ERROR;
				CLANG_WARN_DOCUMENTATION_COMMENTS = YES;
				CLANG_WARN_EMPTY_BODY = YES;
				CLANG_WARN_ENUM_CONVERSION = YES;
				CLANG_WARN_INFINITE_RECURSION = YES;
				CLANG_WARN_INT_CONVERSION = YES;
				CLANG_WARN_NON_LITERAL_NULL_CONVERSION = YES;
				CLANG_WARN_OBJC_IMPLICIT_RETAIN_SELF = YES;
				CLANG_WARN_OBJC_LITERAL_CONVERSION = YES;
				CLANG_WARN_OBJC_ROOT_CLASS = YES_ERROR;
				CLANG_WARN_QUOTED_INCLUDE_IN_FRAMEWORK_HEADER = YES;
				CLANG_WARN_RANGE_LOOP_ANALYSIS = YES;
				CLANG_WARN_STRICT_PROTOTYPES = YES;
				CLANG_WARN_SUSPICIOUS_MOVE = YES;
				CLANG_WARN_UNGUARDED_AVAILABILITY = YES_AGGRESSIVE;
				CLANG_WARN_UNREACHABLE_CODE = YES;
				CLANG_WARN__DUPLICATE_METHOD_MATCH = YES;
				COPY_PHASE_STRIP = NO;
				CURRENT_PROJECT_VERSION = 1;
				DEBUG_INFORMATION_FORMAT = dwarf;
				ENABLE_STRICT_OBJC_MSGSEND = YES;
				ENABLE_TESTABILITY = YES;
				ENABLE_USER_SCRIPT_SANDBOXING = YES;
				GCC_C_LANGUAGE_STANDARD = gnu17;
				GCC_DYNAMIC_NO_PIC = NO;
				GCC_NO_COMMON_BLOCKS = YES;
				GCC_OPTIMIZATION_LEVEL = 0;
				GCC_PREPROCESSOR_DEFINITIONS = (
					"DEBUG=1",
					"$(inherited)",
				);
				GCC_WARN_64_TO_32_BIT_CONVERSION = YES;
				GCC_WARN_ABOUT_RETURN_TYPE = YES_ERROR;
				GCC_WARN_UNDECLARED_SELECTOR = YES;
				GCC_WARN_UNINITIALIZED_AUTOS = YES_AGGRESSIVE;
				GCC_WARN_UNUSED_FUNCTION = YES;
				GCC_WARN_UNUSED_VARIABLE = YES;
				GENERATE_INFOPLIST_FILE = YES;
				IPHONEOS_DEPLOYMENT_TARGET = 16.6;
				LOCALIZATION_PREFERS_STRING_CATALOGS = YES;
				MARKETING_VERSION = 1.0;
				MTL_ENABLE_DEBUG_INFO = INCLUDE_SOURCE;
				MTL_FAST_MATH = YES;
				ONLY_ACTIVE_ARCH = YES;
				SDKROOT = iphoneos;
				SWIFT_ACTIVE_COMPILATION_CONDITIONS = "DEBUG $(inherited)";
				SWIFT_OPTIMIZATION_LEVEL = "-Onone";
			};
			name = Debug;
		};
		CDAE05672B681263003E5196 /* Release */ = {
			isa = XCBuildConfiguration;
			buildSettings = {
				ALWAYS_SEARCH_USER_PATHS = NO;
				ASSETCATALOG_COMPILER_GENERATE_SWIFT_ASSET_SYMBOL_EXTENSIONS = YES;
				CLANG_ANALYZER_NONNULL = YES;
				CLANG_ANALYZER_NUMBER_OBJECT_CONVERSION = YES_AGGRESSIVE;
				CLANG_CXX_LANGUAGE_STANDARD = "gnu++20";
				CLANG_ENABLE_MODULES = YES;
				CLANG_ENABLE_OBJC_ARC = YES;
				CLANG_ENABLE_OBJC_WEAK = YES;
				CLANG_WARN_BLOCK_CAPTURE_AUTORELEASING = YES;
				CLANG_WARN_BOOL_CONVERSION = YES;
				CLANG_WARN_COMMA = YES;
				CLANG_WARN_CONSTANT_CONVERSION = YES;
				CLANG_WARN_DEPRECATED_OBJC_IMPLEMENTATIONS = YES;
				CLANG_WARN_DIRECT_OBJC_ISA_USAGE = YES_ERROR;
				CLANG_WARN_DOCUMENTATION_COMMENTS = YES;
				CLANG_WARN_EMPTY_BODY = YES;
				CLANG_WARN_ENUM_CONVERSION = YES;
				CLANG_WARN_INFINITE_RECURSION = YES;
				CLANG_WARN_INT_CONVERSION = YES;
				CLANG_WARN_NON_LITERAL_NULL_CONVERSION = YES;
				CLANG_WARN_OBJC_IMPLICIT_RETAIN_SELF = YES;
				CLANG_WARN_OBJC_LITERAL_CONVERSION = YES;
				CLANG_WARN_OBJC_ROOT_CLASS = YES_ERROR;
				CLANG_WARN_QUOTED_INCLUDE_IN_FRAMEWORK_HEADER = YES;
				CLANG_WARN_RANGE_LOOP_ANALYSIS = YES;
				CLANG_WARN_STRICT_PROTOTYPES = YES;
				CLANG_WARN_SUSPICIOUS_MOVE = YES;
				CLANG_WARN_UNGUARDED_AVAILABILITY = YES_AGGRESSIVE;
				CLANG_WARN_UNREACHABLE_CODE = YES;
				CLANG_WARN__DUPLICATE_METHOD_MATCH = YES;
				COPY_PHASE_STRIP = NO;
				CURRENT_PROJECT_VERSION = 1;
				DEBUG_INFORMATION_FORMAT = "dwarf-with-dsym";
				ENABLE_NS_ASSERTIONS = NO;
				ENABLE_STRICT_OBJC_MSGSEND = YES;
				ENABLE_USER_SCRIPT_SANDBOXING = YES;
				GCC_C_LANGUAGE_STANDARD = gnu17;
				GCC_NO_COMMON_BLOCKS = YES;
				GCC_WARN_64_TO_32_BIT_CONVERSION = YES;
				GCC_WARN_ABOUT_RETURN_TYPE = YES_ERROR;
				GCC_WARN_UNDECLARED_SELECTOR = YES;
				GCC_WARN_UNINITIALIZED_AUTOS = YES_AGGRESSIVE;
				GCC_WARN_UNUSED_FUNCTION = YES;
				GCC_WARN_UNUSED_VARIABLE = YES;
				GENERATE_INFOPLIST_FILE = YES;
				IPHONEOS_DEPLOYMENT_TARGET = 16.6;
				LOCALIZATION_PREFERS_STRING_CATALOGS = YES;
				MARKETING_VERSION = 1.0;
				MTL_ENABLE_DEBUG_INFO = NO;
				MTL_FAST_MATH = YES;
				SDKROOT = iphoneos;
				SWIFT_COMPILATION_MODE = wholemodule;
				VALIDATE_PRODUCT = YES;
			};
			name = Release;
		};
		CDAE05692B681263003E5196 /* Debug */ = {
			isa = XCBuildConfiguration;
			buildSettings = {
				ASSETCATALOG_COMPILER_APPICON_NAME = AppIcon;
				ASSETCATALOG_COMPILER_GLOBAL_ACCENT_COLOR_NAME = AccentColor;
				CLANG_ENABLE_MODULES = YES;
				CODE_SIGN_IDENTITY = "Apple Development";
				CODE_SIGN_STYLE = Automatic;
				DEVELOPMENT_ASSET_PATHS = "\"HudHud/Preview Content\"";
				DEVELOPMENT_TEAM = YN76B7J2LN;
				ENABLE_PREVIEWS = YES;
				INFOPLIST_FILE = "HudHud/Supporting Files/Info.plist";
				INFOPLIST_KEY_NSLocationAlwaysAndWhenInUseUsageDescription = "Allows HudHud to show your location on the map";
				INFOPLIST_KEY_NSLocationWhenInUseUsageDescription = "Allows HudHud to show your location on the map";
				INFOPLIST_KEY_UIApplicationSceneManifest_Generation = YES;
				INFOPLIST_KEY_UIApplicationSupportsIndirectInputEvents = YES;
				INFOPLIST_KEY_UILaunchScreen_Generation = YES;
				INFOPLIST_KEY_UISupportedInterfaceOrientations_iPad = "UIInterfaceOrientationPortrait UIInterfaceOrientationPortraitUpsideDown UIInterfaceOrientationLandscapeLeft UIInterfaceOrientationLandscapeRight";
				INFOPLIST_KEY_UISupportedInterfaceOrientations_iPhone = "UIInterfaceOrientationPortrait UIInterfaceOrientationLandscapeLeft UIInterfaceOrientationLandscapeRight";
				LD_RUNPATH_SEARCH_PATHS = (
					"$(inherited)",
					"@executable_path/Frameworks",
				);
				PRODUCT_BUNDLE_IDENTIFIER = sa.hudhud.map;
				PRODUCT_NAME = "$(TARGET_NAME)";
				PROVISIONING_PROFILE_SPECIFIER = "";
				SWIFT_EMIT_LOC_STRINGS = YES;
				SWIFT_OPTIMIZATION_LEVEL = "-Onone";
				SWIFT_VERSION = 5.0;
				TARGETED_DEVICE_FAMILY = "1,2";
			};
			name = Debug;
		};
		CDAE056A2B681263003E5196 /* Release */ = {
			isa = XCBuildConfiguration;
			buildSettings = {
				ASSETCATALOG_COMPILER_APPICON_NAME = AppIcon;
				ASSETCATALOG_COMPILER_GLOBAL_ACCENT_COLOR_NAME = AccentColor;
				CLANG_ENABLE_MODULES = YES;
				CODE_SIGN_IDENTITY = "Apple Development";
				CODE_SIGN_STYLE = Automatic;
				DEVELOPMENT_ASSET_PATHS = "\"HudHud/Preview Content\"";
				DEVELOPMENT_TEAM = YN76B7J2LN;
				ENABLE_PREVIEWS = YES;
				INFOPLIST_FILE = "HudHud/Supporting Files/Info.plist";
				INFOPLIST_KEY_NSLocationAlwaysAndWhenInUseUsageDescription = "Allows HudHud to show your location on the map";
				INFOPLIST_KEY_NSLocationWhenInUseUsageDescription = "Allows HudHud to show your location on the map";
				INFOPLIST_KEY_UIApplicationSceneManifest_Generation = YES;
				INFOPLIST_KEY_UIApplicationSupportsIndirectInputEvents = YES;
				INFOPLIST_KEY_UILaunchScreen_Generation = YES;
				INFOPLIST_KEY_UISupportedInterfaceOrientations_iPad = "UIInterfaceOrientationPortrait UIInterfaceOrientationPortraitUpsideDown UIInterfaceOrientationLandscapeLeft UIInterfaceOrientationLandscapeRight";
				INFOPLIST_KEY_UISupportedInterfaceOrientations_iPhone = "UIInterfaceOrientationPortrait UIInterfaceOrientationLandscapeLeft UIInterfaceOrientationLandscapeRight";
				LD_RUNPATH_SEARCH_PATHS = (
					"$(inherited)",
					"@executable_path/Frameworks",
				);
				PRODUCT_BUNDLE_IDENTIFIER = sa.hudhud.map;
				PRODUCT_NAME = "$(TARGET_NAME)";
				PROVISIONING_PROFILE_SPECIFIER = "";
				SWIFT_EMIT_LOC_STRINGS = YES;
				SWIFT_VERSION = 5.0;
				TARGETED_DEVICE_FAMILY = "1,2";
			};
			name = Release;
		};
		CDAE056C2B681263003E5196 /* Debug */ = {
			isa = XCBuildConfiguration;
			buildSettings = {
				ALWAYS_EMBED_SWIFT_STANDARD_LIBRARIES = YES;
				BUNDLE_LOADER = "$(TEST_HOST)";
				CODE_SIGN_STYLE = Automatic;
				CURRENT_PROJECT_VERSION = 1;
				GENERATE_INFOPLIST_FILE = YES;
				MARKETING_VERSION = 1.0;
				PRODUCT_BUNDLE_IDENTIFIER = sa.hudhud.map.HudHudTests;
				PRODUCT_NAME = "$(TARGET_NAME)";
				SWIFT_EMIT_LOC_STRINGS = NO;
				SWIFT_VERSION = 5.0;
				TARGETED_DEVICE_FAMILY = "1,2";
				TEST_HOST = "$(BUILT_PRODUCTS_DIR)/HudHud.app/$(BUNDLE_EXECUTABLE_FOLDER_PATH)/HudHud";
			};
			name = Debug;
		};
		CDAE056D2B681263003E5196 /* Release */ = {
			isa = XCBuildConfiguration;
			buildSettings = {
				ALWAYS_EMBED_SWIFT_STANDARD_LIBRARIES = YES;
				BUNDLE_LOADER = "$(TEST_HOST)";
				CODE_SIGN_STYLE = Automatic;
				CURRENT_PROJECT_VERSION = 1;
				GENERATE_INFOPLIST_FILE = YES;
				MARKETING_VERSION = 1.0;
				PRODUCT_BUNDLE_IDENTIFIER = sa.hudhud.map.HudHudTests;
				PRODUCT_NAME = "$(TARGET_NAME)";
				SWIFT_EMIT_LOC_STRINGS = NO;
				SWIFT_VERSION = 5.0;
				TARGETED_DEVICE_FAMILY = "1,2";
				TEST_HOST = "$(BUILT_PRODUCTS_DIR)/HudHud.app/$(BUNDLE_EXECUTABLE_FOLDER_PATH)/HudHud";
			};
			name = Release;
		};
		CDAE056F2B681263003E5196 /* Debug */ = {
			isa = XCBuildConfiguration;
			buildSettings = {
				ALWAYS_EMBED_SWIFT_STANDARD_LIBRARIES = YES;
				CODE_SIGN_STYLE = Automatic;
				CURRENT_PROJECT_VERSION = 1;
				GENERATE_INFOPLIST_FILE = YES;
				MARKETING_VERSION = 1.0;
				PRODUCT_BUNDLE_IDENTIFIER = sa.hudhud.map.HudHudUITests;
				PRODUCT_NAME = "$(TARGET_NAME)";
				SWIFT_EMIT_LOC_STRINGS = NO;
				SWIFT_VERSION = 5.0;
				TARGETED_DEVICE_FAMILY = "1,2";
				TEST_TARGET_NAME = HudHud;
			};
			name = Debug;
		};
		CDAE05702B681263003E5196 /* Release */ = {
			isa = XCBuildConfiguration;
			buildSettings = {
				ALWAYS_EMBED_SWIFT_STANDARD_LIBRARIES = YES;
				CODE_SIGN_STYLE = Automatic;
				CURRENT_PROJECT_VERSION = 1;
				GENERATE_INFOPLIST_FILE = YES;
				MARKETING_VERSION = 1.0;
				PRODUCT_BUNDLE_IDENTIFIER = sa.hudhud.map.HudHudUITests;
				PRODUCT_NAME = "$(TARGET_NAME)";
				SWIFT_EMIT_LOC_STRINGS = NO;
				SWIFT_VERSION = 5.0;
				TARGETED_DEVICE_FAMILY = "1,2";
				TEST_TARGET_NAME = HudHud;
			};
			name = Release;
		};
/* End XCBuildConfiguration section */

/* Begin XCConfigurationList section */
		CDAE053F2B681261003E5196 /* Build configuration list for PBXProject "HudHud" */ = {
			isa = XCConfigurationList;
			buildConfigurations = (
				CDAE05662B681263003E5196 /* Debug */,
				CDAE05672B681263003E5196 /* Release */,
			);
			defaultConfigurationIsVisible = 0;
			defaultConfigurationName = Release;
		};
		CDAE05682B681263003E5196 /* Build configuration list for PBXNativeTarget "HudHud" */ = {
			isa = XCConfigurationList;
			buildConfigurations = (
				CDAE05692B681263003E5196 /* Debug */,
				CDAE056A2B681263003E5196 /* Release */,
			);
			defaultConfigurationIsVisible = 0;
			defaultConfigurationName = Release;
		};
		CDAE056B2B681263003E5196 /* Build configuration list for PBXNativeTarget "HudHudTests" */ = {
			isa = XCConfigurationList;
			buildConfigurations = (
				CDAE056C2B681263003E5196 /* Debug */,
				CDAE056D2B681263003E5196 /* Release */,
			);
			defaultConfigurationIsVisible = 0;
			defaultConfigurationName = Release;
		};
		CDAE056E2B681263003E5196 /* Build configuration list for PBXNativeTarget "HudHudUITests" */ = {
			isa = XCConfigurationList;
			buildConfigurations = (
				CDAE056F2B681263003E5196 /* Debug */,
				CDAE05702B681263003E5196 /* Release */,
			);
			defaultConfigurationIsVisible = 0;
			defaultConfigurationName = Release;
		};
/* End XCConfigurationList section */

/* Begin XCLocalSwiftPackageReference section */
		CDAE05FE2B6BDC5A003E5196 /* XCLocalSwiftPackageReference "POIService" */ = {
			isa = XCLocalSwiftPackageReference;
			relativePath = POIService;
		};
/* End XCLocalSwiftPackageReference section */

/* Begin XCRemoteSwiftPackageReference section */
		CD04451A2B85FCDC00181210 /* XCRemoteSwiftPackageReference "maplibre-swiftui-dsl-playground" */ = {
			isa = XCRemoteSwiftPackageReference;
			repositoryURL = "https://github.com/hactar/maplibre-swiftui-dsl-playground.git";
			requirement = {
				branch = "enhancement/camera-bounding-box";
				kind = branch;
			};
		};
		CD59BD6F2B7CD967002C14F6 /* XCRemoteSwiftPackageReference "SFSafeSymbols" */ = {
			isa = XCRemoteSwiftPackageReference;
			repositoryURL = "https://github.com/SFSafeSymbols/SFSafeSymbols.git";
			requirement = {
				kind = upToNextMajorVersion;
				minimumVersion = 4.1.1;
			};
		};
		CDAE05EA2B6A87B4003E5196 /* XCRemoteSwiftPackageReference "SwiftLocation" */ = {
			isa = XCRemoteSwiftPackageReference;
			repositoryURL = "https://github.com/hactar/SwiftLocation.git";
			requirement = {
				branch = master;
				kind = branch;
			};
		};
		DD32DBA6700E3708590AB09F /* XCRemoteSwiftPackageReference "SwiftLintPlugin" */ = {
			isa = XCRemoteSwiftPackageReference;
			repositoryURL = "https://github.com/lukepistrol/SwiftLintPlugin.git";
			requirement = {
				branch = main;
				kind = branch;
			};
		};
/* End XCRemoteSwiftPackageReference section */

/* Begin XCSwiftPackageProductDependency section */
		CD04451B2B85FCDC00181210 /* MapLibreSwiftDSL */ = {
			isa = XCSwiftPackageProductDependency;
			package = CD04451A2B85FCDC00181210 /* XCRemoteSwiftPackageReference "maplibre-swiftui-dsl-playground" */;
			productName = MapLibreSwiftDSL;
		};
		CD04451D2B85FCDC00181210 /* MapLibreSwiftUI */ = {
			isa = XCSwiftPackageProductDependency;
			package = CD04451A2B85FCDC00181210 /* XCRemoteSwiftPackageReference "maplibre-swiftui-dsl-playground" */;
			productName = MapLibreSwiftUI;
		};
		CD59BD702B7CD967002C14F6 /* SFSafeSymbols */ = {
			isa = XCSwiftPackageProductDependency;
			package = CD59BD6F2B7CD967002C14F6 /* XCRemoteSwiftPackageReference "SFSafeSymbols" */;
			productName = SFSafeSymbols;
		};
		CDAE05EB2B6A87B4003E5196 /* SwiftLocation */ = {
			isa = XCSwiftPackageProductDependency;
			package = CDAE05EA2B6A87B4003E5196 /* XCRemoteSwiftPackageReference "SwiftLocation" */;
			productName = SwiftLocation;
		};
		CDAE05FF2B6BDC5A003E5196 /* ApplePOI */ = {
			isa = XCSwiftPackageProductDependency;
			productName = ApplePOI;
		};
		CDAE06012B6BDC5A003E5196 /* POIService */ = {
			isa = XCSwiftPackageProductDependency;
			productName = POIService;
		};
		CDAE06032B6BDC5A003E5196 /* ToursprungPOI */ = {
			isa = XCSwiftPackageProductDependency;
			productName = ToursprungPOI;
		};
/* End XCSwiftPackageProductDependency section */
	};
	rootObject = CDAE053C2B681261003E5196 /* Project object */;
}
